Microsoft Visual Studio Solution File, Format Version 9.00
# Visual Studio 2005
Project("{8BC9CEB8-8B4A-11D0-8D11-00A0C91BC942}") = "ALL_BUILD", ".\ALL_BUILD.vcproj", "{D4ECB02D-A4A6-44F3-BC8D-3F8DBFFC9C52}"
	ProjectSection(ProjectDependencies) = postProject
		{F62C0438-A485-4A89-95D8-2F675BD74DB9} = {F62C0438-A485-4A89-95D8-2F675BD74DB9}
		{35185CF1-021F-43E3-8628-FB6F94564052} = {35185CF1-021F-43E3-8628-FB6F94564052}
		{649B7F30-2E41-4722-9882-253C4801A0DF} = {649B7F30-2E41-4722-9882-253C4801A0DF}
		{519B5B89-7ECD-482F-B6C8-F8C8A47E9334} = {519B5B89-7ECD-482F-B6C8-F8C8A47E9334}
		{55F50104-C7D5-415A-85B6-7669477D8DC9} = {55F50104-C7D5-415A-85B6-7669477D8DC9}
		{87B7E69E-055E-461F-B756-49B7F64D700C} = {87B7E69E-055E-461F-B756-49B7F64D700C}
		{512496FB-EA16-416C-809E-BF18863DDD65} = {512496FB-EA16-416C-809E-BF18863DDD65}
		{BF987794-D82B-442A-80A4-C8E156120F50} = {BF987794-D82B-442A-80A4-C8E156120F50}
		{F3443BAA-E72A-4E69-BE0E-5FBB99AD8CCB} = {F3443BAA-E72A-4E69-BE0E-5FBB99AD8CCB}
		{62C1F602-0204-4012-B6D3-8BEF9D80791B} = {62C1F602-0204-4012-B6D3-8BEF9D80791B}
		{ADAAE40A-4577-448E-804E-27BDA743E381} = {ADAAE40A-4577-448E-804E-27BDA743E381}
		{5B12B022-D353-450C-B6E8-263F9E20AE44} = {5B12B022-D353-450C-B6E8-263F9E20AE44}
		{617A7162-B764-49E6-8D2B-7464A96227A9} = {617A7162-B764-49E6-8D2B-7464A96227A9}
		{54481227-B75E-45E9-A246-74B5013C66EC} = {54481227-B75E-45E9-A246-74B5013C66EC}
		{461E6411-97DD-418C-A5E6-DEAB35DE4240} = {461E6411-97DD-418C-A5E6-DEAB35DE4240}
		{C8D6C02A-D11B-4E28-BDC1-204381CC4C69} = {C8D6C02A-D11B-4E28-BDC1-204381CC4C69}
		{0414F96D-B6C1-4816-8D5A-17DDEF378B69} = {0414F96D-B6C1-4816-8D5A-17DDEF378B69}
		{15B58403-8AD7-43AF-9037-5F860BEB9405} = {15B58403-8AD7-43AF-9037-5F860BEB9405}
		{488EE68C-5E03-4642-AD09-7D832BA8EE43} = {488EE68C-5E03-4642-AD09-7D832BA8EE43}
		{26DBA155-8EFE-40D9-A24A-1A3D8C411857} = {26DBA155-8EFE-40D9-A24A-1A3D8C411857}
		{072984A5-DED3-42DC-B0B1-E92710AA9229} = {072984A5-DED3-42DC-B0B1-E92710AA9229}
		{BBBE9DA3-5498-43C2-83F7-399EFEBFFC3E} = {BBBE9DA3-5498-43C2-83F7-399EFEBFFC3E}
		{943C14EE-4C7B-443D-BD77-A0D0F4D6E08A} = {943C14EE-4C7B-443D-BD77-A0D0F4D6E08A}
		{1ABB2906-512C-404E-A80B-9B5160970758} = {1ABB2906-512C-404E-A80B-9B5160970758}
		{1CA284AC-448D-459A-AA38-E13CBD7BB4A7} = {1CA284AC-448D-459A-AA38-E13CBD7BB4A7}
		{34948F45-4B73-4A70-9B12-CD26AB6EA83A} = {34948F45-4B73-4A70-9B12-CD26AB6EA83A}
	EndProjectSection
EndProject
Project("{8BC9CEB8-8B4A-11D0-8D11-00A0C91BC942}") = "Demo_Colour", "Demos\Demo_Colour\Demo_Colour.vcproj", "{F62C0438-A485-4A89-95D8-2F675BD74DB9}"
	ProjectSection(ProjectDependencies) = postProject
		{0414F96D-B6C1-4816-8D5A-17DDEF378B69} = {0414F96D-B6C1-4816-8D5A-17DDEF378B69}
		{C8D6C02A-D11B-4E28-BDC1-204381CC4C69} = {C8D6C02A-D11B-4E28-BDC1-204381CC4C69}
		{C8D6C02A-D11B-4E28-BDC1-204381CC4C69} = {C8D6C02A-D11B-4E28-BDC1-204381CC4C69}
		{0414F96D-B6C1-4816-8D5A-17DDEF378B69} = {0414F96D-B6C1-4816-8D5A-17DDEF378B69}
	EndProjectSection
EndProject
Project("{8BC9CEB8-8B4A-11D0-8D11-00A0C91BC942}") = "Demo_Console", "Demos\Demo_Console\Demo_Console.vcproj", "{35185CF1-021F-43E3-8628-FB6F94564052}"
	ProjectSection(ProjectDependencies) = postProject
		{0414F96D-B6C1-4816-8D5A-17DDEF378B69} = {0414F96D-B6C1-4816-8D5A-17DDEF378B69}
		{C8D6C02A-D11B-4E28-BDC1-204381CC4C69} = {C8D6C02A-D11B-4E28-BDC1-204381CC4C69}
		{C8D6C02A-D11B-4E28-BDC1-204381CC4C69} = {C8D6C02A-D11B-4E28-BDC1-204381CC4C69}
		{0414F96D-B6C1-4816-8D5A-17DDEF378B69} = {0414F96D-B6C1-4816-8D5A-17DDEF378B69}
	EndProjectSection
EndProject
Project("{8BC9CEB8-8B4A-11D0-8D11-00A0C91BC942}") = "Demo_Controllers", "Demos\Demo_Controllers\Demo_Controllers.vcproj", "{649B7F30-2E41-4722-9882-253C4801A0DF}"
	ProjectSection(ProjectDependencies) = postProject
		{0414F96D-B6C1-4816-8D5A-17DDEF378B69} = {0414F96D-B6C1-4816-8D5A-17DDEF378B69}
		{C8D6C02A-D11B-4E28-BDC1-204381CC4C69} = {C8D6C02A-D11B-4E28-BDC1-204381CC4C69}
		{C8D6C02A-D11B-4E28-BDC1-204381CC4C69} = {C8D6C02A-D11B-4E28-BDC1-204381CC4C69}
		{0414F96D-B6C1-4816-8D5A-17DDEF378B69} = {0414F96D-B6C1-4816-8D5A-17DDEF378B69}
	EndProjectSection
EndProject
Project("{8BC9CEB8-8B4A-11D0-8D11-00A0C91BC942}") = "Demo_Gui", "Demos\Demo_Gui\Demo_Gui.vcproj", "{519B5B89-7ECD-482F-B6C8-F8C8A47E9334}"
	ProjectSection(ProjectDependencies) = postProject
		{0414F96D-B6C1-4816-8D5A-17DDEF378B69} = {0414F96D-B6C1-4816-8D5A-17DDEF378B69}
		{C8D6C02A-D11B-4E28-BDC1-204381CC4C69} = {C8D6C02A-D11B-4E28-BDC1-204381CC4C69}
		{C8D6C02A-D11B-4E28-BDC1-204381CC4C69} = {C8D6C02A-D11B-4E28-BDC1-204381CC4C69}
		{0414F96D-B6C1-4816-8D5A-17DDEF378B69} = {0414F96D-B6C1-4816-8D5A-17DDEF378B69}
	EndProjectSection
EndProject
Project("{8BC9CEB8-8B4A-11D0-8D11-00A0C91BC942}") = "Demo_ItemBox", "Demos\Demo_ItemBox\Demo_ItemBox.vcproj", "{55F50104-C7D5-415A-85B6-7669477D8DC9}"
	ProjectSection(ProjectDependencies) = postProject
		{0414F96D-B6C1-4816-8D5A-17DDEF378B69} = {0414F96D-B6C1-4816-8D5A-17DDEF378B69}
		{C8D6C02A-D11B-4E28-BDC1-204381CC4C69} = {C8D6C02A-D11B-4E28-BDC1-204381CC4C69}
		{C8D6C02A-D11B-4E28-BDC1-204381CC4C69} = {C8D6C02A-D11B-4E28-BDC1-204381CC4C69}
		{0414F96D-B6C1-4816-8D5A-17DDEF378B69} = {0414F96D-B6C1-4816-8D5A-17DDEF378B69}
	EndProjectSection
EndProject
Project("{8BC9CEB8-8B4A-11D0-8D11-00A0C91BC942}") = "Demo_PanelView", "Demos\Demo_PanelView\Demo_PanelView.vcproj", "{87B7E69E-055E-461F-B756-49B7F64D700C}"
	ProjectSection(ProjectDependencies) = postProject
		{0414F96D-B6C1-4816-8D5A-17DDEF378B69} = {0414F96D-B6C1-4816-8D5A-17DDEF378B69}
		{C8D6C02A-D11B-4E28-BDC1-204381CC4C69} = {C8D6C02A-D11B-4E28-BDC1-204381CC4C69}
		{C8D6C02A-D11B-4E28-BDC1-204381CC4C69} = {C8D6C02A-D11B-4E28-BDC1-204381CC4C69}
		{0414F96D-B6C1-4816-8D5A-17DDEF378B69} = {0414F96D-B6C1-4816-8D5A-17DDEF378B69}
	EndProjectSection
EndProject
Project("{8BC9CEB8-8B4A-11D0-8D11-00A0C91BC942}") = "Demo_Picking", "Demos\Demo_Picking\Demo_Picking.vcproj", "{512496FB-EA16-416C-809E-BF18863DDD65}"
	ProjectSection(ProjectDependencies) = postProject
		{0414F96D-B6C1-4816-8D5A-17DDEF378B69} = {0414F96D-B6C1-4816-8D5A-17DDEF378B69}
		{C8D6C02A-D11B-4E28-BDC1-204381CC4C69} = {C8D6C02A-D11B-4E28-BDC1-204381CC4C69}
		{C8D6C02A-D11B-4E28-BDC1-204381CC4C69} = {C8D6C02A-D11B-4E28-BDC1-204381CC4C69}
		{0414F96D-B6C1-4816-8D5A-17DDEF378B69} = {0414F96D-B6C1-4816-8D5A-17DDEF378B69}
	EndProjectSection
EndProject
Project("{8BC9CEB8-8B4A-11D0-8D11-00A0C91BC942}") = "Demo_PluginStrangeButton", "Demos\Demo_PluginStrangeButton\Demo_PluginStrangeButton.vcproj", "{BF987794-D82B-442A-80A4-C8E156120F50}"
	ProjectSection(ProjectDependencies) = postProject
		{0414F96D-B6C1-4816-8D5A-17DDEF378B69} = {0414F96D-B6C1-4816-8D5A-17DDEF378B69}
		{C8D6C02A-D11B-4E28-BDC1-204381CC4C69} = {C8D6C02A-D11B-4E28-BDC1-204381CC4C69}
		{C8D6C02A-D11B-4E28-BDC1-204381CC4C69} = {C8D6C02A-D11B-4E28-BDC1-204381CC4C69}
		{0414F96D-B6C1-4816-8D5A-17DDEF378B69} = {0414F96D-B6C1-4816-8D5A-17DDEF378B69}
		{15B58403-8AD7-43AF-9037-5F860BEB9405} = {15B58403-8AD7-43AF-9037-5F860BEB9405}
	EndProjectSection
EndProject
Project("{8BC9CEB8-8B4A-11D0-8D11-00A0C91BC942}") = "Demo_Pointers", "Demos\Demo_Pointers\Demo_Pointers.vcproj", "{F3443BAA-E72A-4E69-BE0E-5FBB99AD8CCB}"
	ProjectSection(ProjectDependencies) = postProject
		{0414F96D-B6C1-4816-8D5A-17DDEF378B69} = {0414F96D-B6C1-4816-8D5A-17DDEF378B69}
		{C8D6C02A-D11B-4E28-BDC1-204381CC4C69} = {C8D6C02A-D11B-4E28-BDC1-204381CC4C69}
		{C8D6C02A-D11B-4E28-BDC1-204381CC4C69} = {C8D6C02A-D11B-4E28-BDC1-204381CC4C69}
		{0414F96D-B6C1-4816-8D5A-17DDEF378B69} = {0414F96D-B6C1-4816-8D5A-17DDEF378B69}
	EndProjectSection
EndProject
Project("{8BC9CEB8-8B4A-11D0-8D11-00A0C91BC942}") = "Demo_RenderBox", "Demos\Demo_RenderBox\Demo_RenderBox.vcproj", "{62C1F602-0204-4012-B6D3-8BEF9D80791B}"
	ProjectSection(ProjectDependencies) = postProject
		{0414F96D-B6C1-4816-8D5A-17DDEF378B69} = {0414F96D-B6C1-4816-8D5A-17DDEF378B69}
		{C8D6C02A-D11B-4E28-BDC1-204381CC4C69} = {C8D6C02A-D11B-4E28-BDC1-204381CC4C69}
		{C8D6C02A-D11B-4E28-BDC1-204381CC4C69} = {C8D6C02A-D11B-4E28-BDC1-204381CC4C69}
		{0414F96D-B6C1-4816-8D5A-17DDEF378B69} = {0414F96D-B6C1-4816-8D5A-17DDEF378B69}
	EndProjectSection
EndProject
Project("{8BC9CEB8-8B4A-11D0-8D11-00A0C91BC942}") = "Demo_ScrollView", "Demos\Demo_ScrollView\Demo_ScrollView.vcproj", "{ADAAE40A-4577-448E-804E-27BDA743E381}"
	ProjectSection(ProjectDependencies) = postProject
		{0414F96D-B6C1-4816-8D5A-17DDEF378B69} = {0414F96D-B6C1-4816-8D5A-17DDEF378B69}
		{C8D6C02A-D11B-4E28-BDC1-204381CC4C69} = {C8D6C02A-D11B-4E28-BDC1-204381CC4C69}
		{C8D6C02A-D11B-4E28-BDC1-204381CC4C69} = {C8D6C02A-D11B-4E28-BDC1-204381CC4C69}
		{0414F96D-B6C1-4816-8D5A-17DDEF378B69} = {0414F96D-B6C1-4816-8D5A-17DDEF378B69}
	EndProjectSection
EndProject
Project("{8BC9CEB8-8B4A-11D0-8D11-00A0C91BC942}") = "Demo_Themes", "Demos\Demo_Themes\Demo_Themes.vcproj", "{5B12B022-D353-450C-B6E8-263F9E20AE44}"
	ProjectSection(ProjectDependencies) = postProject
		{0414F96D-B6C1-4816-8D5A-17DDEF378B69} = {0414F96D-B6C1-4816-8D5A-17DDEF378B69}
		{C8D6C02A-D11B-4E28-BDC1-204381CC4C69} = {C8D6C02A-D11B-4E28-BDC1-204381CC4C69}
		{C8D6C02A-D11B-4E28-BDC1-204381CC4C69} = {C8D6C02A-D11B-4E28-BDC1-204381CC4C69}
		{0414F96D-B6C1-4816-8D5A-17DDEF378B69} = {0414F96D-B6C1-4816-8D5A-17DDEF378B69}
	EndProjectSection
EndProject
Project("{8BC9CEB8-8B4A-11D0-8D11-00A0C91BC942}") = "FontViewer", "Tools\FontViewer\FontViewer.vcproj", "{617A7162-B764-49E6-8D2B-7464A96227A9}"
	ProjectSection(ProjectDependencies) = postProject
		{0414F96D-B6C1-4816-8D5A-17DDEF378B69} = {0414F96D-B6C1-4816-8D5A-17DDEF378B69}
		{C8D6C02A-D11B-4E28-BDC1-204381CC4C69} = {C8D6C02A-D11B-4E28-BDC1-204381CC4C69}
		{C8D6C02A-D11B-4E28-BDC1-204381CC4C69} = {C8D6C02A-D11B-4E28-BDC1-204381CC4C69}
		{0414F96D-B6C1-4816-8D5A-17DDEF378B69} = {0414F96D-B6C1-4816-8D5A-17DDEF378B69}
	EndProjectSection
EndProject
Project("{8BC9CEB8-8B4A-11D0-8D11-00A0C91BC942}") = "INSTALL", ".\INSTALL.vcproj", "{9A7A35B3-6A5D-4927-879B-C79A6CFC9E40}"
	ProjectSection(ProjectDependencies) = postProject
		{D4ECB02D-A4A6-44F3-BC8D-3F8DBFFC9C52} = {D4ECB02D-A4A6-44F3-BC8D-3F8DBFFC9C52}
	EndProjectSection
EndProject
Project("{8BC9CEB8-8B4A-11D0-8D11-00A0C91BC942}") = "ImageSetViewer", "Tools\ImageSetViewer\ImageSetViewer.vcproj", "{54481227-B75E-45E9-A246-74B5013C66EC}"
	ProjectSection(ProjectDependencies) = postProject
		{0414F96D-B6C1-4816-8D5A-17DDEF378B69} = {0414F96D-B6C1-4816-8D5A-17DDEF378B69}
		{C8D6C02A-D11B-4E28-BDC1-204381CC4C69} = {C8D6C02A-D11B-4E28-BDC1-204381CC4C69}
		{C8D6C02A-D11B-4E28-BDC1-204381CC4C69} = {C8D6C02A-D11B-4E28-BDC1-204381CC4C69}
		{0414F96D-B6C1-4816-8D5A-17DDEF378B69} = {0414F96D-B6C1-4816-8D5A-17DDEF378B69}
	EndProjectSection
EndProject
Project("{8BC9CEB8-8B4A-11D0-8D11-00A0C91BC942}") = "LayoutEditor", "Tools\LayoutEditor\LayoutEditor.vcproj", "{461E6411-97DD-418C-A5E6-DEAB35DE4240}"
	ProjectSection(ProjectDependencies) = postProject
		{0414F96D-B6C1-4816-8D5A-17DDEF378B69} = {0414F96D-B6C1-4816-8D5A-17DDEF378B69}
		{C8D6C02A-D11B-4E28-BDC1-204381CC4C69} = {C8D6C02A-D11B-4E28-BDC1-204381CC4C69}
		{C8D6C02A-D11B-4E28-BDC1-204381CC4C69} = {C8D6C02A-D11B-4E28-BDC1-204381CC4C69}
		{0414F96D-B6C1-4816-8D5A-17DDEF378B69} = {0414F96D-B6C1-4816-8D5A-17DDEF378B69}
	EndProjectSection
EndProject
Project("{8BC9CEB8-8B4A-11D0-8D11-00A0C91BC942}") = "MyGUI.DirectXPlatform", "Platforms\DirectX\DirectXPlatform\MyGUI.DirectXPlatform.vcproj", "{C8D6C02A-D11B-4E28-BDC1-204381CC4C69}"
	ProjectSection(ProjectDependencies) = postProject
		{0414F96D-B6C1-4816-8D5A-17DDEF378B69} = {0414F96D-B6C1-4816-8D5A-17DDEF378B69}
	EndProjectSection
EndProject
Project("{8BC9CEB8-8B4A-11D0-8D11-00A0C91BC942}") = "MyGUIEngine", "MyGUIEngine\MyGUIEngine.vcproj", "{0414F96D-B6C1-4816-8D5A-17DDEF378B69}"
	ProjectSection(ProjectDependencies) = postProject
	EndProjectSection
EndProject
Project("{8BC9CEB8-8B4A-11D0-8D11-00A0C91BC942}") = "Plugin_StrangeButton", "Plugins\Plugin_StrangeButton\Plugin_StrangeButton.vcproj", "{15B58403-8AD7-43AF-9037-5F860BEB9405}"
	ProjectSection(ProjectDependencies) = postProject
		{0414F96D-B6C1-4816-8D5A-17DDEF378B69} = {0414F96D-B6C1-4816-8D5A-17DDEF378B69}
		{0414F96D-B6C1-4816-8D5A-17DDEF378B69} = {0414F96D-B6C1-4816-8D5A-17DDEF378B69}
	EndProjectSection
EndProject
Project("{8BC9CEB8-8B4A-11D0-8D11-00A0C91BC942}") = "UnitTest_AttachDetach", "UnitTests\UnitTest_AttachDetach\UnitTest_AttachDetach.vcproj", "{488EE68C-5E03-4642-AD09-7D832BA8EE43}"
	ProjectSection(ProjectDependencies) = postProject
		{0414F96D-B6C1-4816-8D5A-17DDEF378B69} = {0414F96D-B6C1-4816-8D5A-17DDEF378B69}
		{C8D6C02A-D11B-4E28-BDC1-204381CC4C69} = {C8D6C02A-D11B-4E28-BDC1-204381CC4C69}
		{C8D6C02A-D11B-4E28-BDC1-204381CC4C69} = {C8D6C02A-D11B-4E28-BDC1-204381CC4C69}
		{0414F96D-B6C1-4816-8D5A-17DDEF378B69} = {0414F96D-B6C1-4816-8D5A-17DDEF378B69}
	EndProjectSection
EndProject
Project("{8BC9CEB8-8B4A-11D0-8D11-00A0C91BC942}") = "UnitTest_Containers", "UnitTests\UnitTest_Containers\UnitTest_Containers.vcproj", "{26DBA155-8EFE-40D9-A24A-1A3D8C411857}"
	ProjectSection(ProjectDependencies) = postProject
		{0414F96D-B6C1-4816-8D5A-17DDEF378B69} = {0414F96D-B6C1-4816-8D5A-17DDEF378B69}
		{C8D6C02A-D11B-4E28-BDC1-204381CC4C69} = {C8D6C02A-D11B-4E28-BDC1-204381CC4C69}
		{C8D6C02A-D11B-4E28-BDC1-204381CC4C69} = {C8D6C02A-D11B-4E28-BDC1-204381CC4C69}
		{0414F96D-B6C1-4816-8D5A-17DDEF378B69} = {0414F96D-B6C1-4816-8D5A-17DDEF378B69}
	EndProjectSection
EndProject
Project("{8BC9CEB8-8B4A-11D0-8D11-00A0C91BC942}") = "UnitTest_ItemBox_Info", "UnitTests\UnitTest_ItemBox_Info\UnitTest_ItemBox_Info.vcproj", "{072984A5-DED3-42DC-B0B1-E92710AA9229}"
	ProjectSection(ProjectDependencies) = postProject
		{0414F96D-B6C1-4816-8D5A-17DDEF378B69} = {0414F96D-B6C1-4816-8D5A-17DDEF378B69}
		{C8D6C02A-D11B-4E28-BDC1-204381CC4C69} = {C8D6C02A-D11B-4E28-BDC1-204381CC4C69}
		{C8D6C02A-D11B-4E28-BDC1-204381CC4C69} = {C8D6C02A-D11B-4E28-BDC1-204381CC4C69}
		{0414F96D-B6C1-4816-8D5A-17DDEF378B69} = {0414F96D-B6C1-4816-8D5A-17DDEF378B69}
	EndProjectSection
EndProject
Project("{8BC9CEB8-8B4A-11D0-8D11-00A0C91BC942}") = "UnitTest_Layers", "UnitTests\UnitTest_Layers\UnitTest_Layers.vcproj", "{BBBE9DA3-5498-43C2-83F7-399EFEBFFC3E}"
	ProjectSection(ProjectDependencies) = postProject
		{0414F96D-B6C1-4816-8D5A-17DDEF378B69} = {0414F96D-B6C1-4816-8D5A-17DDEF378B69}
		{C8D6C02A-D11B-4E28-BDC1-204381CC4C69} = {C8D6C02A-D11B-4E28-BDC1-204381CC4C69}
		{C8D6C02A-D11B-4E28-BDC1-204381CC4C69} = {C8D6C02A-D11B-4E28-BDC1-204381CC4C69}
		{0414F96D-B6C1-4816-8D5A-17DDEF378B69} = {0414F96D-B6C1-4816-8D5A-17DDEF378B69}
	EndProjectSection
EndProject
Project("{8BC9CEB8-8B4A-11D0-8D11-00A0C91BC942}") = "UnitTest_MultiList", "UnitTests\UnitTest_MultiList\UnitTest_MultiList.vcproj", "{943C14EE-4C7B-443D-BD77-A0D0F4D6E08A}"
	ProjectSection(ProjectDependencies) = postProject
		{0414F96D-B6C1-4816-8D5A-17DDEF378B69} = {0414F96D-B6C1-4816-8D5A-17DDEF378B69}
		{C8D6C02A-D11B-4E28-BDC1-204381CC4C69} = {C8D6C02A-D11B-4E28-BDC1-204381CC4C69}
		{C8D6C02A-D11B-4E28-BDC1-204381CC4C69} = {C8D6C02A-D11B-4E28-BDC1-204381CC4C69}
		{0414F96D-B6C1-4816-8D5A-17DDEF378B69} = {0414F96D-B6C1-4816-8D5A-17DDEF378B69}
	EndProjectSection
EndProject
Project("{8BC9CEB8-8B4A-11D0-8D11-00A0C91BC942}") = "UnitTest_RTTLayer", "UnitTests\UnitTest_RTTLayer\UnitTest_RTTLayer.vcproj", "{1ABB2906-512C-404E-A80B-9B5160970758}"
	ProjectSection(ProjectDependencies) = postProject
		{0414F96D-B6C1-4816-8D5A-17DDEF378B69} = {0414F96D-B6C1-4816-8D5A-17DDEF378B69}
		{C8D6C02A-D11B-4E28-BDC1-204381CC4C69} = {C8D6C02A-D11B-4E28-BDC1-204381CC4C69}
		{C8D6C02A-D11B-4E28-BDC1-204381CC4C69} = {C8D6C02A-D11B-4E28-BDC1-204381CC4C69}
		{0414F96D-B6C1-4816-8D5A-17DDEF378B69} = {0414F96D-B6C1-4816-8D5A-17DDEF378B69}
	EndProjectSection
EndProject
Project("{8BC9CEB8-8B4A-11D0-8D11-00A0C91BC942}") = "UnitTest_TextureAnimations", "UnitTests\UnitTest_TextureAnimations\UnitTest_TextureAnimations.vcproj", "{1CA284AC-448D-459A-AA38-E13CBD7BB4A7}"
	ProjectSection(ProjectDependencies) = postProject
		{0414F96D-B6C1-4816-8D5A-17DDEF378B69} = {0414F96D-B6C1-4816-8D5A-17DDEF378B69}
		{C8D6C02A-D11B-4E28-BDC1-204381CC4C69} = {C8D6C02A-D11B-4E28-BDC1-204381CC4C69}
		{C8D6C02A-D11B-4E28-BDC1-204381CC4C69} = {C8D6C02A-D11B-4E28-BDC1-204381CC4C69}
		{0414F96D-B6C1-4816-8D5A-17DDEF378B69} = {0414F96D-B6C1-4816-8D5A-17DDEF378B69}
	EndProjectSection
EndProject
Project("{8BC9CEB8-8B4A-11D0-8D11-00A0C91BC942}") = "UnitTest_TreeControl", "UnitTests\UnitTest_TreeControl\UnitTest_TreeControl.vcproj", "{34948F45-4B73-4A70-9B12-CD26AB6EA83A}"
	ProjectSection(ProjectDependencies) = postProject
		{0414F96D-B6C1-4816-8D5A-17DDEF378B69} = {0414F96D-B6C1-4816-8D5A-17DDEF378B69}
		{C8D6C02A-D11B-4E28-BDC1-204381CC4C69} = {C8D6C02A-D11B-4E28-BDC1-204381CC4C69}
		{C8D6C02A-D11B-4E28-BDC1-204381CC4C69} = {C8D6C02A-D11B-4E28-BDC1-204381CC4C69}
		{0414F96D-B6C1-4816-8D5A-17DDEF378B69} = {0414F96D-B6C1-4816-8D5A-17DDEF378B69}
	EndProjectSection
EndProject
Global
	GlobalSection(SolutionConfigurationPlatforms) = preSolution
		Debug|Win32 = Debug|Win32
		Release|Win32 = Release|Win32
		MinSizeRel|Win32 = MinSizeRel|Win32
		RelWithDebInfo|Win32 = RelWithDebInfo|Win32
	EndGlobalSection
	GlobalSection(ProjectConfigurationPlatforms) = postSolution
		{D4ECB02D-A4A6-44F3-BC8D-3F8DBFFC9C52}.Debug|Win32.ActiveCfg = Debug|Win32
		{D4ECB02D-A4A6-44F3-BC8D-3F8DBFFC9C52}.Debug|Win32.Build.0 = Debug|Win32
		{D4ECB02D-A4A6-44F3-BC8D-3F8DBFFC9C52}.Release|Win32.ActiveCfg = Release|Win32
		{D4ECB02D-A4A6-44F3-BC8D-3F8DBFFC9C52}.Release|Win32.Build.0 = Release|Win32
		{D4ECB02D-A4A6-44F3-BC8D-3F8DBFFC9C52}.MinSizeRel|Win32.ActiveCfg = MinSizeRel|Win32
		{D4ECB02D-A4A6-44F3-BC8D-3F8DBFFC9C52}.MinSizeRel|Win32.Build.0 = MinSizeRel|Win32
		{D4ECB02D-A4A6-44F3-BC8D-3F8DBFFC9C52}.RelWithDebInfo|Win32.ActiveCfg = RelWithDebInfo|Win32
		{D4ECB02D-A4A6-44F3-BC8D-3F8DBFFC9C52}.RelWithDebInfo|Win32.Build.0 = RelWithDebInfo|Win32
		{D4ECB02D-A4A6-44F3-BC8D-3F8DBFFC9C52}.Debug|Win32.ActiveCfg = Debug|Win32
		{D4ECB02D-A4A6-44F3-BC8D-3F8DBFFC9C52}.Debug|Win32.Build.0 = Debug|Win32
		{D4ECB02D-A4A6-44F3-BC8D-3F8DBFFC9C52}.Release|Win32.ActiveCfg = Release|Win32
		{D4ECB02D-A4A6-44F3-BC8D-3F8DBFFC9C52}.Release|Win32.Build.0 = Release|Win32
		{D4ECB02D-A4A6-44F3-BC8D-3F8DBFFC9C52}.MinSizeRel|Win32.ActiveCfg = MinSizeRel|Win32
		{D4ECB02D-A4A6-44F3-BC8D-3F8DBFFC9C52}.MinSizeRel|Win32.Build.0 = MinSizeRel|Win32
		{D4ECB02D-A4A6-44F3-BC8D-3F8DBFFC9C52}.RelWithDebInfo|Win32.ActiveCfg = RelWithDebInfo|Win32
		{D4ECB02D-A4A6-44F3-BC8D-3F8DBFFC9C52}.RelWithDebInfo|Win32.Build.0 = RelWithDebInfo|Win32
		{F62C0438-A485-4A89-95D8-2F675BD74DB9}.Debug|Win32.ActiveCfg = Debug|Win32
		{F62C0438-A485-4A89-95D8-2F675BD74DB9}.Debug|Win32.Build.0 = Debug|Win32
		{F62C0438-A485-4A89-95D8-2F675BD74DB9}.Release|Win32.ActiveCfg = Release|Win32
		{F62C0438-A485-4A89-95D8-2F675BD74DB9}.Release|Win32.Build.0 = Release|Win32
		{F62C0438-A485-4A89-95D8-2F675BD74DB9}.MinSizeRel|Win32.ActiveCfg = MinSizeRel|Win32
		{F62C0438-A485-4A89-95D8-2F675BD74DB9}.MinSizeRel|Win32.Build.0 = MinSizeRel|Win32
		{F62C0438-A485-4A89-95D8-2F675BD74DB9}.RelWithDebInfo|Win32.ActiveCfg = RelWithDebInfo|Win32
		{F62C0438-A485-4A89-95D8-2F675BD74DB9}.RelWithDebInfo|Win32.Build.0 = RelWithDebInfo|Win32
		{35185CF1-021F-43E3-8628-FB6F94564052}.Debug|Win32.ActiveCfg = Debug|Win32
		{35185CF1-021F-43E3-8628-FB6F94564052}.Debug|Win32.Build.0 = Debug|Win32
		{35185CF1-021F-43E3-8628-FB6F94564052}.Release|Win32.ActiveCfg = Release|Win32
		{35185CF1-021F-43E3-8628-FB6F94564052}.Release|Win32.Build.0 = Release|Win32
		{35185CF1-021F-43E3-8628-FB6F94564052}.MinSizeRel|Win32.ActiveCfg = MinSizeRel|Win32
		{35185CF1-021F-43E3-8628-FB6F94564052}.MinSizeRel|Win32.Build.0 = MinSizeRel|Win32
		{35185CF1-021F-43E3-8628-FB6F94564052}.RelWithDebInfo|Win32.ActiveCfg = RelWithDebInfo|Win32
		{35185CF1-021F-43E3-8628-FB6F94564052}.RelWithDebInfo|Win32.Build.0 = RelWithDebInfo|Win32
		{649B7F30-2E41-4722-9882-253C4801A0DF}.Debug|Win32.ActiveCfg = Debug|Win32
		{649B7F30-2E41-4722-9882-253C4801A0DF}.Debug|Win32.Build.0 = Debug|Win32
		{649B7F30-2E41-4722-9882-253C4801A0DF}.Release|Win32.ActiveCfg = Release|Win32
		{649B7F30-2E41-4722-9882-253C4801A0DF}.Release|Win32.Build.0 = Release|Win32
		{649B7F30-2E41-4722-9882-253C4801A0DF}.MinSizeRel|Win32.ActiveCfg = MinSizeRel|Win32
		{649B7F30-2E41-4722-9882-253C4801A0DF}.MinSizeRel|Win32.Build.0 = MinSizeRel|Win32
		{649B7F30-2E41-4722-9882-253C4801A0DF}.RelWithDebInfo|Win32.ActiveCfg = RelWithDebInfo|Win32
		{649B7F30-2E41-4722-9882-253C4801A0DF}.RelWithDebInfo|Win32.Build.0 = RelWithDebInfo|Win32
		{519B5B89-7ECD-482F-B6C8-F8C8A47E9334}.Debug|Win32.ActiveCfg = Debug|Win32
		{519B5B89-7ECD-482F-B6C8-F8C8A47E9334}.Debug|Win32.Build.0 = Debug|Win32
		{519B5B89-7ECD-482F-B6C8-F8C8A47E9334}.Release|Win32.ActiveCfg = Release|Win32
		{519B5B89-7ECD-482F-B6C8-F8C8A47E9334}.Release|Win32.Build.0 = Release|Win32
		{519B5B89-7ECD-482F-B6C8-F8C8A47E9334}.MinSizeRel|Win32.ActiveCfg = MinSizeRel|Win32
		{519B5B89-7ECD-482F-B6C8-F8C8A47E9334}.MinSizeRel|Win32.Build.0 = MinSizeRel|Win32
		{519B5B89-7ECD-482F-B6C8-F8C8A47E9334}.RelWithDebInfo|Win32.ActiveCfg = RelWithDebInfo|Win32
		{519B5B89-7ECD-482F-B6C8-F8C8A47E9334}.RelWithDebInfo|Win32.Build.0 = RelWithDebInfo|Win32
		{55F50104-C7D5-415A-85B6-7669477D8DC9}.Debug|Win32.ActiveCfg = Debug|Win32
		{55F50104-C7D5-415A-85B6-7669477D8DC9}.Debug|Win32.Build.0 = Debug|Win32
		{55F50104-C7D5-415A-85B6-7669477D8DC9}.Release|Win32.ActiveCfg = Release|Win32
		{55F50104-C7D5-415A-85B6-7669477D8DC9}.Release|Win32.Build.0 = Release|Win32
		{55F50104-C7D5-415A-85B6-7669477D8DC9}.MinSizeRel|Win32.ActiveCfg = MinSizeRel|Win32
		{55F50104-C7D5-415A-85B6-7669477D8DC9}.MinSizeRel|Win32.Build.0 = MinSizeRel|Win32
		{55F50104-C7D5-415A-85B6-7669477D8DC9}.RelWithDebInfo|Win32.ActiveCfg = RelWithDebInfo|Win32
		{55F50104-C7D5-415A-85B6-7669477D8DC9}.RelWithDebInfo|Win32.Build.0 = RelWithDebInfo|Win32
		{87B7E69E-055E-461F-B756-49B7F64D700C}.Debug|Win32.ActiveCfg = Debug|Win32
		{87B7E69E-055E-461F-B756-49B7F64D700C}.Debug|Win32.Build.0 = Debug|Win32
		{87B7E69E-055E-461F-B756-49B7F64D700C}.Release|Win32.ActiveCfg = Release|Win32
		{87B7E69E-055E-461F-B756-49B7F64D700C}.Release|Win32.Build.0 = Release|Win32
		{87B7E69E-055E-461F-B756-49B7F64D700C}.MinSizeRel|Win32.ActiveCfg = MinSizeRel|Win32
		{87B7E69E-055E-461F-B756-49B7F64D700C}.MinSizeRel|Win32.Build.0 = MinSizeRel|Win32
		{87B7E69E-055E-461F-B756-49B7F64D700C}.RelWithDebInfo|Win32.ActiveCfg = RelWithDebInfo|Win32
		{87B7E69E-055E-461F-B756-49B7F64D700C}.RelWithDebInfo|Win32.Build.0 = RelWithDebInfo|Win32
		{512496FB-EA16-416C-809E-BF18863DDD65}.Debug|Win32.ActiveCfg = Debug|Win32
		{512496FB-EA16-416C-809E-BF18863DDD65}.Debug|Win32.Build.0 = Debug|Win32
		{512496FB-EA16-416C-809E-BF18863DDD65}.Release|Win32.ActiveCfg = Release|Win32
		{512496FB-EA16-416C-809E-BF18863DDD65}.Release|Win32.Build.0 = Release|Win32
		{512496FB-EA16-416C-809E-BF18863DDD65}.MinSizeRel|Win32.ActiveCfg = MinSizeRel|Win32
		{512496FB-EA16-416C-809E-BF18863DDD65}.MinSizeRel|Win32.Build.0 = MinSizeRel|Win32
		{512496FB-EA16-416C-809E-BF18863DDD65}.RelWithDebInfo|Win32.ActiveCfg = RelWithDebInfo|Win32
		{512496FB-EA16-416C-809E-BF18863DDD65}.RelWithDebInfo|Win32.Build.0 = RelWithDebInfo|Win32
		{BF987794-D82B-442A-80A4-C8E156120F50}.Debug|Win32.ActiveCfg = Debug|Win32
		{BF987794-D82B-442A-80A4-C8E156120F50}.Debug|Win32.Build.0 = Debug|Win32
		{BF987794-D82B-442A-80A4-C8E156120F50}.Release|Win32.ActiveCfg = Release|Win32
		{BF987794-D82B-442A-80A4-C8E156120F50}.Release|Win32.Build.0 = Release|Win32
		{BF987794-D82B-442A-80A4-C8E156120F50}.MinSizeRel|Win32.ActiveCfg = MinSizeRel|Win32
		{BF987794-D82B-442A-80A4-C8E156120F50}.MinSizeRel|Win32.Build.0 = MinSizeRel|Win32
		{BF987794-D82B-442A-80A4-C8E156120F50}.RelWithDebInfo|Win32.ActiveCfg = RelWithDebInfo|Win32
		{BF987794-D82B-442A-80A4-C8E156120F50}.RelWithDebInfo|Win32.Build.0 = RelWithDebInfo|Win32
		{F3443BAA-E72A-4E69-BE0E-5FBB99AD8CCB}.Debug|Win32.ActiveCfg = Debug|Win32
		{F3443BAA-E72A-4E69-BE0E-5FBB99AD8CCB}.Debug|Win32.Build.0 = Debug|Win32
		{F3443BAA-E72A-4E69-BE0E-5FBB99AD8CCB}.Release|Win32.ActiveCfg = Release|Win32
		{F3443BAA-E72A-4E69-BE0E-5FBB99AD8CCB}.Release|Win32.Build.0 = Release|Win32
		{F3443BAA-E72A-4E69-BE0E-5FBB99AD8CCB}.MinSizeRel|Win32.ActiveCfg = MinSizeRel|Win32
		{F3443BAA-E72A-4E69-BE0E-5FBB99AD8CCB}.MinSizeRel|Win32.Build.0 = MinSizeRel|Win32
		{F3443BAA-E72A-4E69-BE0E-5FBB99AD8CCB}.RelWithDebInfo|Win32.ActiveCfg = RelWithDebInfo|Win32
		{F3443BAA-E72A-4E69-BE0E-5FBB99AD8CCB}.RelWithDebInfo|Win32.Build.0 = RelWithDebInfo|Win32
		{62C1F602-0204-4012-B6D3-8BEF9D80791B}.Debug|Win32.ActiveCfg = Debug|Win32
		{62C1F602-0204-4012-B6D3-8BEF9D80791B}.Debug|Win32.Build.0 = Debug|Win32
		{62C1F602-0204-4012-B6D3-8BEF9D80791B}.Release|Win32.ActiveCfg = Release|Win32
		{62C1F602-0204-4012-B6D3-8BEF9D80791B}.Release|Win32.Build.0 = Release|Win32
		{62C1F602-0204-4012-B6D3-8BEF9D80791B}.MinSizeRel|Win32.ActiveCfg = MinSizeRel|Win32
		{62C1F602-0204-4012-B6D3-8BEF9D80791B}.MinSizeRel|Win32.Build.0 = MinSizeRel|Win32
		{62C1F602-0204-4012-B6D3-8BEF9D80791B}.RelWithDebInfo|Win32.ActiveCfg = RelWithDebInfo|Win32
		{62C1F602-0204-4012-B6D3-8BEF9D80791B}.RelWithDebInfo|Win32.Build.0 = RelWithDebInfo|Win32
		{ADAAE40A-4577-448E-804E-27BDA743E381}.Debug|Win32.ActiveCfg = Debug|Win32
		{ADAAE40A-4577-448E-804E-27BDA743E381}.Debug|Win32.Build.0 = Debug|Win32
		{ADAAE40A-4577-448E-804E-27BDA743E381}.Release|Win32.ActiveCfg = Release|Win32
		{ADAAE40A-4577-448E-804E-27BDA743E381}.Release|Win32.Build.0 = Release|Win32
		{ADAAE40A-4577-448E-804E-27BDA743E381}.MinSizeRel|Win32.ActiveCfg = MinSizeRel|Win32
		{ADAAE40A-4577-448E-804E-27BDA743E381}.MinSizeRel|Win32.Build.0 = MinSizeRel|Win32
		{ADAAE40A-4577-448E-804E-27BDA743E381}.RelWithDebInfo|Win32.ActiveCfg = RelWithDebInfo|Win32
		{ADAAE40A-4577-448E-804E-27BDA743E381}.RelWithDebInfo|Win32.Build.0 = RelWithDebInfo|Win32
		{5B12B022-D353-450C-B6E8-263F9E20AE44}.Debug|Win32.ActiveCfg = Debug|Win32
		{5B12B022-D353-450C-B6E8-263F9E20AE44}.Debug|Win32.Build.0 = Debug|Win32
		{5B12B022-D353-450C-B6E8-263F9E20AE44}.Release|Win32.ActiveCfg = Release|Win32
		{5B12B022-D353-450C-B6E8-263F9E20AE44}.Release|Win32.Build.0 = Release|Win32
		{5B12B022-D353-450C-B6E8-263F9E20AE44}.MinSizeRel|Win32.ActiveCfg = MinSizeRel|Win32
		{5B12B022-D353-450C-B6E8-263F9E20AE44}.MinSizeRel|Win32.Build.0 = MinSizeRel|Win32
		{5B12B022-D353-450C-B6E8-263F9E20AE44}.RelWithDebInfo|Win32.ActiveCfg = RelWithDebInfo|Win32
		{5B12B022-D353-450C-B6E8-263F9E20AE44}.RelWithDebInfo|Win32.Build.0 = RelWithDebInfo|Win32
		{617A7162-B764-49E6-8D2B-7464A96227A9}.Debug|Win32.ActiveCfg = Debug|Win32
		{617A7162-B764-49E6-8D2B-7464A96227A9}.Debug|Win32.Build.0 = Debug|Win32
		{617A7162-B764-49E6-8D2B-7464A96227A9}.Release|Win32.ActiveCfg = Release|Win32
		{617A7162-B764-49E6-8D2B-7464A96227A9}.Release|Win32.Build.0 = Release|Win32
		{617A7162-B764-49E6-8D2B-7464A96227A9}.MinSizeRel|Win32.ActiveCfg = MinSizeRel|Win32
		{617A7162-B764-49E6-8D2B-7464A96227A9}.MinSizeRel|Win32.Build.0 = MinSizeRel|Win32
		{617A7162-B764-49E6-8D2B-7464A96227A9}.RelWithDebInfo|Win32.ActiveCfg = RelWithDebInfo|Win32
		{617A7162-B764-49E6-8D2B-7464A96227A9}.RelWithDebInfo|Win32.Build.0 = RelWithDebInfo|Win32
		{9A7A35B3-6A5D-4927-879B-C79A6CFC9E40}.Debug|Win32.ActiveCfg = Debug|Win32
		{9A7A35B3-6A5D-4927-879B-C79A6CFC9E40}.Release|Win32.ActiveCfg = Release|Win32
		{9A7A35B3-6A5D-4927-879B-C79A6CFC9E40}.MinSizeRel|Win32.ActiveCfg = MinSizeRel|Win32
		{9A7A35B3-6A5D-4927-879B-C79A6CFC9E40}.RelWithDebInfo|Win32.ActiveCfg = RelWithDebInfo|Win32
		{9A7A35B3-6A5D-4927-879B-C79A6CFC9E40}.Debug|Win32.ActiveCfg = Debug|Win32
		{9A7A35B3-6A5D-4927-879B-C79A6CFC9E40}.Release|Win32.ActiveCfg = Release|Win32
		{9A7A35B3-6A5D-4927-879B-C79A6CFC9E40}.MinSizeRel|Win32.ActiveCfg = MinSizeRel|Win32
		{9A7A35B3-6A5D-4927-879B-C79A6CFC9E40}.RelWithDebInfo|Win32.ActiveCfg = RelWithDebInfo|Win32
		{9A7A35B3-6A5D-4927-879B-C79A6CFC9E40}.Debug|Win32.ActiveCfg = Debug|Win32
		{9A7A35B3-6A5D-4927-879B-C79A6CFC9E40}.Release|Win32.ActiveCfg = Release|Win32
		{9A7A35B3-6A5D-4927-879B-C79A6CFC9E40}.MinSizeRel|Win32.ActiveCfg = MinSizeRel|Win32
		{9A7A35B3-6A5D-4927-879B-C79A6CFC9E40}.RelWithDebInfo|Win32.ActiveCfg = RelWithDebInfo|Win32
		{9A7A35B3-6A5D-4927-879B-C79A6CFC9E40}.Debug|Win32.ActiveCfg = Debug|Win32
		{9A7A35B3-6A5D-4927-879B-C79A6CFC9E40}.Release|Win32.ActiveCfg = Release|Win32
		{9A7A35B3-6A5D-4927-879B-C79A6CFC9E40}.MinSizeRel|Win32.ActiveCfg = MinSizeRel|Win32
		{9A7A35B3-6A5D-4927-879B-C79A6CFC9E40}.RelWithDebInfo|Win32.ActiveCfg = RelWithDebInfo|Win32
		{9A7A35B3-6A5D-4927-879B-C79A6CFC9E40}.Debug|Win32.ActiveCfg = Debug|Win32
		{9A7A35B3-6A5D-4927-879B-C79A6CFC9E40}.Release|Win32.ActiveCfg = Release|Win32
		{9A7A35B3-6A5D-4927-879B-C79A6CFC9E40}.MinSizeRel|Win32.ActiveCfg = MinSizeRel|Win32
		{9A7A35B3-6A5D-4927-879B-C79A6CFC9E40}.RelWithDebInfo|Win32.ActiveCfg = RelWithDebInfo|Win32
		{9A7A35B3-6A5D-4927-879B-C79A6CFC9E40}.Debug|Win32.ActiveCfg = Debug|Win32
		{9A7A35B3-6A5D-4927-879B-C79A6CFC9E40}.Release|Win32.ActiveCfg = Release|Win32
		{9A7A35B3-6A5D-4927-879B-C79A6CFC9E40}.MinSizeRel|Win32.ActiveCfg = MinSizeRel|Win32
		{9A7A35B3-6A5D-4927-879B-C79A6CFC9E40}.RelWithDebInfo|Win32.ActiveCfg = RelWithDebInfo|Win32
		{9A7A35B3-6A5D-4927-879B-C79A6CFC9E40}.Debug|Win32.ActiveCfg = Debug|Win32
		{9A7A35B3-6A5D-4927-879B-C79A6CFC9E40}.Release|Win32.ActiveCfg = Release|Win32
		{9A7A35B3-6A5D-4927-879B-C79A6CFC9E40}.MinSizeRel|Win32.ActiveCfg = MinSizeRel|Win32
		{9A7A35B3-6A5D-4927-879B-C79A6CFC9E40}.RelWithDebInfo|Win32.ActiveCfg = RelWithDebInfo|Win32
		{9A7A35B3-6A5D-4927-879B-C79A6CFC9E40}.Debug|Win32.ActiveCfg = Debug|Win32
		{9A7A35B3-6A5D-4927-879B-C79A6CFC9E40}.Release|Win32.ActiveCfg = Release|Win32
		{9A7A35B3-6A5D-4927-879B-C79A6CFC9E40}.MinSizeRel|Win32.ActiveCfg = MinSizeRel|Win32
		{9A7A35B3-6A5D-4927-879B-C79A6CFC9E40}.RelWithDebInfo|Win32.ActiveCfg = RelWithDebInfo|Win32
		{9A7A35B3-6A5D-4927-879B-C79A6CFC9E40}.Debug|Win32.ActiveCfg = Debug|Win32
		{9A7A35B3-6A5D-4927-879B-C79A6CFC9E40}.Release|Win32.ActiveCfg = Release|Win32
		{9A7A35B3-6A5D-4927-879B-C79A6CFC9E40}.MinSizeRel|Win32.ActiveCfg = MinSizeRel|Win32
		{9A7A35B3-6A5D-4927-879B-C79A6CFC9E40}.RelWithDebInfo|Win32.ActiveCfg = RelWithDebInfo|Win32
		{9A7A35B3-6A5D-4927-879B-C79A6CFC9E40}.Debug|Win32.ActiveCfg = Debug|Win32
		{9A7A35B3-6A5D-4927-879B-C79A6CFC9E40}.Release|Win32.ActiveCfg = Release|Win32
		{9A7A35B3-6A5D-4927-879B-C79A6CFC9E40}.MinSizeRel|Win32.ActiveCfg = MinSizeRel|Win32
		{9A7A35B3-6A5D-4927-879B-C79A6CFC9E40}.RelWithDebInfo|Win32.ActiveCfg = RelWithDebInfo|Win32
		{9A7A35B3-6A5D-4927-879B-C79A6CFC9E40}.Debug|Win32.ActiveCfg = Debug|Win32
		{9A7A35B3-6A5D-4927-879B-C79A6CFC9E40}.Release|Win32.ActiveCfg = Release|Win32
		{9A7A35B3-6A5D-4927-879B-C79A6CFC9E40}.MinSizeRel|Win32.ActiveCfg = MinSizeRel|Win32
		{9A7A35B3-6A5D-4927-879B-C79A6CFC9E40}.RelWithDebInfo|Win32.ActiveCfg = RelWithDebInfo|Win32
		{9A7A35B3-6A5D-4927-879B-C79A6CFC9E40}.Debug|Win32.ActiveCfg = Debug|Win32
		{9A7A35B3-6A5D-4927-879B-C79A6CFC9E40}.Release|Win32.ActiveCfg = Release|Win32
		{9A7A35B3-6A5D-4927-879B-C79A6CFC9E40}.MinSizeRel|Win32.ActiveCfg = MinSizeRel|Win32
		{9A7A35B3-6A5D-4927-879B-C79A6CFC9E40}.RelWithDebInfo|Win32.ActiveCfg = RelWithDebInfo|Win32
		{9A7A35B3-6A5D-4927-879B-C79A6CFC9E40}.Debug|Win32.ActiveCfg = Debug|Win32
		{9A7A35B3-6A5D-4927-879B-C79A6CFC9E40}.Release|Win32.ActiveCfg = Release|Win32
		{9A7A35B3-6A5D-4927-879B-C79A6CFC9E40}.MinSizeRel|Win32.ActiveCfg = MinSizeRel|Win32
		{9A7A35B3-6A5D-4927-879B-C79A6CFC9E40}.RelWithDebInfo|Win32.ActiveCfg = RelWithDebInfo|Win32
		{9A7A35B3-6A5D-4927-879B-C79A6CFC9E40}.Debug|Win32.ActiveCfg = Debug|Win32
		{9A7A35B3-6A5D-4927-879B-C79A6CFC9E40}.Release|Win32.ActiveCfg = Release|Win32
		{9A7A35B3-6A5D-4927-879B-C79A6CFC9E40}.MinSizeRel|Win32.ActiveCfg = MinSizeRel|Win32
		{9A7A35B3-6A5D-4927-879B-C79A6CFC9E40}.RelWithDebInfo|Win32.ActiveCfg = RelWithDebInfo|Win32
		{9A7A35B3-6A5D-4927-879B-C79A6CFC9E40}.Debug|Win32.ActiveCfg = Debug|Win32
		{9A7A35B3-6A5D-4927-879B-C79A6CFC9E40}.Release|Win32.ActiveCfg = Release|Win32
		{9A7A35B3-6A5D-4927-879B-C79A6CFC9E40}.MinSizeRel|Win32.ActiveCfg = MinSizeRel|Win32
		{9A7A35B3-6A5D-4927-879B-C79A6CFC9E40}.RelWithDebInfo|Win32.ActiveCfg = RelWithDebInfo|Win32
		{9A7A35B3-6A5D-4927-879B-C79A6CFC9E40}.Debug|Win32.ActiveCfg = Debug|Win32
		{9A7A35B3-6A5D-4927-879B-C79A6CFC9E40}.Release|Win32.ActiveCfg = Release|Win32
		{9A7A35B3-6A5D-4927-879B-C79A6CFC9E40}.MinSizeRel|Win32.ActiveCfg = MinSizeRel|Win32
		{9A7A35B3-6A5D-4927-879B-C79A6CFC9E40}.RelWithDebInfo|Win32.ActiveCfg = RelWithDebInfo|Win32
		{9A7A35B3-6A5D-4927-879B-C79A6CFC9E40}.Debug|Win32.ActiveCfg = Debug|Win32
		{9A7A35B3-6A5D-4927-879B-C79A6CFC9E40}.Release|Win32.ActiveCfg = Release|Win32
		{9A7A35B3-6A5D-4927-879B-C79A6CFC9E40}.MinSizeRel|Win32.ActiveCfg = MinSizeRel|Win32
		{9A7A35B3-6A5D-4927-879B-C79A6CFC9E40}.RelWithDebInfo|Win32.ActiveCfg = RelWithDebInfo|Win32
		{9A7A35B3-6A5D-4927-879B-C79A6CFC9E40}.Debug|Win32.ActiveCfg = Debug|Win32
		{9A7A35B3-6A5D-4927-879B-C79A6CFC9E40}.Release|Win32.ActiveCfg = Release|Win32
		{9A7A35B3-6A5D-4927-879B-C79A6CFC9E40}.MinSizeRel|Win32.ActiveCfg = MinSizeRel|Win32
		{9A7A35B3-6A5D-4927-879B-C79A6CFC9E40}.RelWithDebInfo|Win32.ActiveCfg = RelWithDebInfo|Win32
		{9A7A35B3-6A5D-4927-879B-C79A6CFC9E40}.Debug|Win32.ActiveCfg = Debug|Win32
		{9A7A35B3-6A5D-4927-879B-C79A6CFC9E40}.Release|Win32.ActiveCfg = Release|Win32
		{9A7A35B3-6A5D-4927-879B-C79A6CFC9E40}.MinSizeRel|Win32.ActiveCfg = MinSizeRel|Win32
		{9A7A35B3-6A5D-4927-879B-C79A6CFC9E40}.RelWithDebInfo|Win32.ActiveCfg = RelWithDebInfo|Win32
		{9A7A35B3-6A5D-4927-879B-C79A6CFC9E40}.Debug|Win32.ActiveCfg = Debug|Win32
		{9A7A35B3-6A5D-4927-879B-C79A6CFC9E40}.Release|Win32.ActiveCfg = Release|Win32
		{9A7A35B3-6A5D-4927-879B-C79A6CFC9E40}.MinSizeRel|Win32.ActiveCfg = MinSizeRel|Win32
		{9A7A35B3-6A5D-4927-879B-C79A6CFC9E40}.RelWithDebInfo|Win32.ActiveCfg = RelWithDebInfo|Win32
		{9A7A35B3-6A5D-4927-879B-C79A6CFC9E40}.Debug|Win32.ActiveCfg = Debug|Win32
		{9A7A35B3-6A5D-4927-879B-C79A6CFC9E40}.Release|Win32.ActiveCfg = Release|Win32
		{9A7A35B3-6A5D-4927-879B-C79A6CFC9E40}.MinSizeRel|Win32.ActiveCfg = MinSizeRel|Win32
		{9A7A35B3-6A5D-4927-879B-C79A6CFC9E40}.RelWithDebInfo|Win32.ActiveCfg = RelWithDebInfo|Win32
		{9A7A35B3-6A5D-4927-879B-C79A6CFC9E40}.Debug|Win32.ActiveCfg = Debug|Win32
		{9A7A35B3-6A5D-4927-879B-C79A6CFC9E40}.Release|Win32.ActiveCfg = Release|Win32
		{9A7A35B3-6A5D-4927-879B-C79A6CFC9E40}.MinSizeRel|Win32.ActiveCfg = MinSizeRel|Win32
		{9A7A35B3-6A5D-4927-879B-C79A6CFC9E40}.RelWithDebInfo|Win32.ActiveCfg = RelWithDebInfo|Win32
		{9A7A35B3-6A5D-4927-879B-C79A6CFC9E40}.Debug|Win32.ActiveCfg = Debug|Win32
		{9A7A35B3-6A5D-4927-879B-C79A6CFC9E40}.Release|Win32.ActiveCfg = Release|Win32
		{9A7A35B3-6A5D-4927-879B-C79A6CFC9E40}.MinSizeRel|Win32.ActiveCfg = MinSizeRel|Win32
		{9A7A35B3-6A5D-4927-879B-C79A6CFC9E40}.RelWithDebInfo|Win32.ActiveCfg = RelWithDebInfo|Win32
		{9A7A35B3-6A5D-4927-879B-C79A6CFC9E40}.Debug|Win32.ActiveCfg = Debug|Win32
		{9A7A35B3-6A5D-4927-879B-C79A6CFC9E40}.Release|Win32.ActiveCfg = Release|Win32
		{9A7A35B3-6A5D-4927-879B-C79A6CFC9E40}.MinSizeRel|Win32.ActiveCfg = MinSizeRel|Win32
		{9A7A35B3-6A5D-4927-879B-C79A6CFC9E40}.RelWithDebInfo|Win32.ActiveCfg = RelWithDebInfo|Win32
		{9A7A35B3-6A5D-4927-879B-C79A6CFC9E40}.Debug|Win32.ActiveCfg = Debug|Win32
		{9A7A35B3-6A5D-4927-879B-C79A6CFC9E40}.Release|Win32.ActiveCfg = Release|Win32
		{9A7A35B3-6A5D-4927-879B-C79A6CFC9E40}.MinSizeRel|Win32.ActiveCfg = MinSizeRel|Win32
		{9A7A35B3-6A5D-4927-879B-C79A6CFC9E40}.RelWithDebInfo|Win32.ActiveCfg = RelWithDebInfo|Win32
		{9A7A35B3-6A5D-4927-879B-C79A6CFC9E40}.Debug|Win32.ActiveCfg = Debug|Win32
		{9A7A35B3-6A5D-4927-879B-C79A6CFC9E40}.Release|Win32.ActiveCfg = Release|Win32
		{9A7A35B3-6A5D-4927-879B-C79A6CFC9E40}.MinSizeRel|Win32.ActiveCfg = MinSizeRel|Win32
		{9A7A35B3-6A5D-4927-879B-C79A6CFC9E40}.RelWithDebInfo|Win32.ActiveCfg = RelWithDebInfo|Win32
		{9A7A35B3-6A5D-4927-879B-C79A6CFC9E40}.Debug|Win32.ActiveCfg = Debug|Win32
		{9A7A35B3-6A5D-4927-879B-C79A6CFC9E40}.Release|Win32.ActiveCfg = Release|Win32
		{9A7A35B3-6A5D-4927-879B-C79A6CFC9E40}.MinSizeRel|Win32.ActiveCfg = MinSizeRel|Win32
		{9A7A35B3-6A5D-4927-879B-C79A6CFC9E40}.RelWithDebInfo|Win32.ActiveCfg = RelWithDebInfo|Win32
		{9A7A35B3-6A5D-4927-879B-C79A6CFC9E40}.Debug|Win32.ActiveCfg = Debug|Win32
		{9A7A35B3-6A5D-4927-879B-C79A6CFC9E40}.Release|Win32.ActiveCfg = Release|Win32
		{9A7A35B3-6A5D-4927-879B-C79A6CFC9E40}.MinSizeRel|Win32.ActiveCfg = MinSizeRel|Win32
		{9A7A35B3-6A5D-4927-879B-C79A6CFC9E40}.RelWithDebInfo|Win32.ActiveCfg = RelWithDebInfo|Win32
		{9A7A35B3-6A5D-4927-879B-C79A6CFC9E40}.Debug|Win32.ActiveCfg = Debug|Win32
		{9A7A35B3-6A5D-4927-879B-C79A6CFC9E40}.Release|Win32.ActiveCfg = Release|Win32
		{9A7A35B3-6A5D-4927-879B-C79A6CFC9E40}.MinSizeRel|Win32.ActiveCfg = MinSizeRel|Win32
		{9A7A35B3-6A5D-4927-879B-C79A6CFC9E40}.RelWithDebInfo|Win32.ActiveCfg = RelWithDebInfo|Win32
		{9A7A35B3-6A5D-4927-879B-C79A6CFC9E40}.Debug|Win32.ActiveCfg = Debug|Win32
		{9A7A35B3-6A5D-4927-879B-C79A6CFC9E40}.Release|Win32.ActiveCfg = Release|Win32
		{9A7A35B3-6A5D-4927-879B-C79A6CFC9E40}.MinSizeRel|Win32.ActiveCfg = MinSizeRel|Win32
		{9A7A35B3-6A5D-4927-879B-C79A6CFC9E40}.RelWithDebInfo|Win32.ActiveCfg = RelWithDebInfo|Win32
		{9A7A35B3-6A5D-4927-879B-C79A6CFC9E40}.Debug|Win32.ActiveCfg = Debug|Win32
		{9A7A35B3-6A5D-4927-879B-C79A6CFC9E40}.Release|Win32.ActiveCfg = Release|Win32
		{9A7A35B3-6A5D-4927-879B-C79A6CFC9E40}.MinSizeRel|Win32.ActiveCfg = MinSizeRel|Win32
		{9A7A35B3-6A5D-4927-879B-C79A6CFC9E40}.RelWithDebInfo|Win32.ActiveCfg = RelWithDebInfo|Win32
		{9A7A35B3-6A5D-4927-879B-C79A6CFC9E40}.Debug|Win32.ActiveCfg = Debug|Win32
		{9A7A35B3-6A5D-4927-879B-C79A6CFC9E40}.Release|Win32.ActiveCfg = Release|Win32
		{9A7A35B3-6A5D-4927-879B-C79A6CFC9E40}.MinSizeRel|Win32.ActiveCfg = MinSizeRel|Win32
		{9A7A35B3-6A5D-4927-879B-C79A6CFC9E40}.RelWithDebInfo|Win32.ActiveCfg = RelWithDebInfo|Win32
		{9A7A35B3-6A5D-4927-879B-C79A6CFC9E40}.Debug|Win32.ActiveCfg = Debug|Win32
		{9A7A35B3-6A5D-4927-879B-C79A6CFC9E40}.Release|Win32.ActiveCfg = Release|Win32
		{9A7A35B3-6A5D-4927-879B-C79A6CFC9E40}.MinSizeRel|Win32.ActiveCfg = MinSizeRel|Win32
		{9A7A35B3-6A5D-4927-879B-C79A6CFC9E40}.RelWithDebInfo|Win32.ActiveCfg = RelWithDebInfo|Win32
		{54481227-B75E-45E9-A246-74B5013C66EC}.Debug|Win32.ActiveCfg = Debug|Win32
		{54481227-B75E-45E9-A246-74B5013C66EC}.Debug|Win32.Build.0 = Debug|Win32
		{54481227-B75E-45E9-A246-74B5013C66EC}.Release|Win32.ActiveCfg = Release|Win32
		{54481227-B75E-45E9-A246-74B5013C66EC}.Release|Win32.Build.0 = Release|Win32
		{54481227-B75E-45E9-A246-74B5013C66EC}.MinSizeRel|Win32.ActiveCfg = MinSizeRel|Win32
		{54481227-B75E-45E9-A246-74B5013C66EC}.MinSizeRel|Win32.Build.0 = MinSizeRel|Win32
		{54481227-B75E-45E9-A246-74B5013C66EC}.RelWithDebInfo|Win32.ActiveCfg = RelWithDebInfo|Win32
		{54481227-B75E-45E9-A246-74B5013C66EC}.RelWithDebInfo|Win32.Build.0 = RelWithDebInfo|Win32
		{461E6411-97DD-418C-A5E6-DEAB35DE4240}.Debug|Win32.ActiveCfg = Debug|Win32
		{461E6411-97DD-418C-A5E6-DEAB35DE4240}.Debug|Win32.Build.0 = Debug|Win32
		{461E6411-97DD-418C-A5E6-DEAB35DE4240}.Release|Win32.ActiveCfg = Release|Win32
		{461E6411-97DD-418C-A5E6-DEAB35DE4240}.Release|Win32.Build.0 = Release|Win32
		{461E6411-97DD-418C-A5E6-DEAB35DE4240}.MinSizeRel|Win32.ActiveCfg = MinSizeRel|Win32
		{461E6411-97DD-418C-A5E6-DEAB35DE4240}.MinSizeRel|Win32.Build.0 = MinSizeRel|Win32
		{461E6411-97DD-418C-A5E6-DEAB35DE4240}.RelWithDebInfo|Win32.ActiveCfg = RelWithDebInfo|Win32
		{461E6411-97DD-418C-A5E6-DEAB35DE4240}.RelWithDebInfo|Win32.Build.0 = RelWithDebInfo|Win32
		{C8D6C02A-D11B-4E28-BDC1-204381CC4C69}.Debug|Win32.ActiveCfg = Debug|Win32
		{C8D6C02A-D11B-4E28-BDC1-204381CC4C69}.Debug|Win32.Build.0 = Debug|Win32
		{C8D6C02A-D11B-4E28-BDC1-204381CC4C69}.Release|Win32.ActiveCfg = Release|Win32
		{C8D6C02A-D11B-4E28-BDC1-204381CC4C69}.Release|Win32.Build.0 = Release|Win32
		{C8D6C02A-D11B-4E28-BDC1-204381CC4C69}.MinSizeRel|Win32.ActiveCfg = MinSizeRel|Win32
		{C8D6C02A-D11B-4E28-BDC1-204381CC4C69}.MinSizeRel|Win32.Build.0 = MinSizeRel|Win32
		{C8D6C02A-D11B-4E28-BDC1-204381CC4C69}.RelWithDebInfo|Win32.ActiveCfg = RelWithDebInfo|Win32
		{C8D6C02A-D11B-4E28-BDC1-204381CC4C69}.RelWithDebInfo|Win32.Build.0 = RelWithDebInfo|Win32
		{0414F96D-B6C1-4816-8D5A-17DDEF378B69}.Debug|Win32.ActiveCfg = Debug|Win32
		{0414F96D-B6C1-4816-8D5A-17DDEF378B69}.Debug|Win32.Build.0 = Debug|Win32
		{0414F96D-B6C1-4816-8D5A-17DDEF378B69}.Release|Win32.ActiveCfg = Release|Win32
		{0414F96D-B6C1-4816-8D5A-17DDEF378B69}.Release|Win32.Build.0 = Release|Win32
		{0414F96D-B6C1-4816-8D5A-17DDEF378B69}.MinSizeRel|Win32.ActiveCfg = MinSizeRel|Win32
		{0414F96D-B6C1-4816-8D5A-17DDEF378B69}.MinSizeRel|Win32.Build.0 = MinSizeRel|Win32
		{0414F96D-B6C1-4816-8D5A-17DDEF378B69}.RelWithDebInfo|Win32.ActiveCfg = RelWithDebInfo|Win32
		{0414F96D-B6C1-4816-8D5A-17DDEF378B69}.RelWithDebInfo|Win32.Build.0 = RelWithDebInfo|Win32
		{15B58403-8AD7-43AF-9037-5F860BEB9405}.Debug|Win32.ActiveCfg = Debug|Win32
		{15B58403-8AD7-43AF-9037-5F860BEB9405}.Debug|Win32.Build.0 = Debug|Win32
		{15B58403-8AD7-43AF-9037-5F860BEB9405}.Release|Win32.ActiveCfg = Release|Win32
		{15B58403-8AD7-43AF-9037-5F860BEB9405}.Release|Win32.Build.0 = Release|Win32
		{15B58403-8AD7-43AF-9037-5F860BEB9405}.MinSizeRel|Win32.ActiveCfg = MinSizeRel|Win32
		{15B58403-8AD7-43AF-9037-5F860BEB9405}.MinSizeRel|Win32.Build.0 = MinSizeRel|Win32
		{15B58403-8AD7-43AF-9037-5F860BEB9405}.RelWithDebInfo|Win32.ActiveCfg = RelWithDebInfo|Win32
		{15B58403-8AD7-43AF-9037-5F860BEB9405}.RelWithDebInfo|Win32.Build.0 = RelWithDebInfo|Win32
		{488EE68C-5E03-4642-AD09-7D832BA8EE43}.Debug|Win32.ActiveCfg = Debug|Win32
		{488EE68C-5E03-4642-AD09-7D832BA8EE43}.Debug|Win32.Build.0 = Debug|Win32
		{488EE68C-5E03-4642-AD09-7D832BA8EE43}.Release|Win32.ActiveCfg = Release|Win32
		{488EE68C-5E03-4642-AD09-7D832BA8EE43}.Release|Win32.Build.0 = Release|Win32
		{488EE68C-5E03-4642-AD09-7D832BA8EE43}.MinSizeRel|Win32.ActiveCfg = MinSizeRel|Win32
		{488EE68C-5E03-4642-AD09-7D832BA8EE43}.MinSizeRel|Win32.Build.0 = MinSizeRel|Win32
		{488EE68C-5E03-4642-AD09-7D832BA8EE43}.RelWithDebInfo|Win32.ActiveCfg = RelWithDebInfo|Win32
		{488EE68C-5E03-4642-AD09-7D832BA8EE43}.RelWithDebInfo|Win32.Build.0 = RelWithDebInfo|Win32
		{26DBA155-8EFE-40D9-A24A-1A3D8C411857}.Debug|Win32.ActiveCfg = Debug|Win32
		{26DBA155-8EFE-40D9-A24A-1A3D8C411857}.Debug|Win32.Build.0 = Debug|Win32
		{26DBA155-8EFE-40D9-A24A-1A3D8C411857}.Release|Win32.ActiveCfg = Release|Win32
		{26DBA155-8EFE-40D9-A24A-1A3D8C411857}.Release|Win32.Build.0 = Release|Win32
		{26DBA155-8EFE-40D9-A24A-1A3D8C411857}.MinSizeRel|Win32.ActiveCfg = MinSizeRel|Win32
		{26DBA155-8EFE-40D9-A24A-1A3D8C411857}.MinSizeRel|Win32.Build.0 = MinSizeRel|Win32
		{26DBA155-8EFE-40D9-A24A-1A3D8C411857}.RelWithDebInfo|Win32.ActiveCfg = RelWithDebInfo|Win32
		{26DBA155-8EFE-40D9-A24A-1A3D8C411857}.RelWithDebInfo|Win32.Build.0 = RelWithDebInfo|Win32
		{072984A5-DED3-42DC-B0B1-E92710AA9229}.Debug|Win32.ActiveCfg = Debug|Win32
		{072984A5-DED3-42DC-B0B1-E92710AA9229}.Debug|Win32.Build.0 = Debug|Win32
		{072984A5-DED3-42DC-B0B1-E92710AA9229}.Release|Win32.ActiveCfg = Release|Win32
		{072984A5-DED3-42DC-B0B1-E92710AA9229}.Release|Win32.Build.0 = Release|Win32
		{072984A5-DED3-42DC-B0B1-E92710AA9229}.MinSizeRel|Win32.ActiveCfg = MinSizeRel|Win32
		{072984A5-DED3-42DC-B0B1-E92710AA9229}.MinSizeRel|Win32.Build.0 = MinSizeRel|Win32
		{072984A5-DED3-42DC-B0B1-E92710AA9229}.RelWithDebInfo|Win32.ActiveCfg = RelWithDebInfo|Win32
		{072984A5-DED3-42DC-B0B1-E92710AA9229}.RelWithDebInfo|Win32.Build.0 = RelWithDebInfo|Win32
		{BBBE9DA3-5498-43C2-83F7-399EFEBFFC3E}.Debug|Win32.ActiveCfg = Debug|Win32
		{BBBE9DA3-5498-43C2-83F7-399EFEBFFC3E}.Debug|Win32.Build.0 = Debug|Win32
		{BBBE9DA3-5498-43C2-83F7-399EFEBFFC3E}.Release|Win32.ActiveCfg = Release|Win32
		{BBBE9DA3-5498-43C2-83F7-399EFEBFFC3E}.Release|Win32.Build.0 = Release|Win32
		{BBBE9DA3-5498-43C2-83F7-399EFEBFFC3E}.MinSizeRel|Win32.ActiveCfg = MinSizeRel|Win32
		{BBBE9DA3-5498-43C2-83F7-399EFEBFFC3E}.MinSizeRel|Win32.Build.0 = MinSizeRel|Win32
		{BBBE9DA3-5498-43C2-83F7-399EFEBFFC3E}.RelWithDebInfo|Win32.ActiveCfg = RelWithDebInfo|Win32
		{BBBE9DA3-5498-43C2-83F7-399EFEBFFC3E}.RelWithDebInfo|Win32.Build.0 = RelWithDebInfo|Win32
		{943C14EE-4C7B-443D-BD77-A0D0F4D6E08A}.Debug|Win32.ActiveCfg = Debug|Win32
		{943C14EE-4C7B-443D-BD77-A0D0F4D6E08A}.Debug|Win32.Build.0 = Debug|Win32
		{943C14EE-4C7B-443D-BD77-A0D0F4D6E08A}.Release|Win32.ActiveCfg = Release|Win32
		{943C14EE-4C7B-443D-BD77-A0D0F4D6E08A}.Release|Win32.Build.0 = Release|Win32
		{943C14EE-4C7B-443D-BD77-A0D0F4D6E08A}.MinSizeRel|Win32.ActiveCfg = MinSizeRel|Win32
		{943C14EE-4C7B-443D-BD77-A0D0F4D6E08A}.MinSizeRel|Win32.Build.0 = MinSizeRel|Win32
		{943C14EE-4C7B-443D-BD77-A0D0F4D6E08A}.RelWithDebInfo|Win32.ActiveCfg = RelWithDebInfo|Win32
		{943C14EE-4C7B-443D-BD77-A0D0F4D6E08A}.RelWithDebInfo|Win32.Build.0 = RelWithDebInfo|Win32
		{1ABB2906-512C-404E-A80B-9B5160970758}.Debug|Win32.ActiveCfg = Debug|Win32
		{1ABB2906-512C-404E-A80B-9B5160970758}.Debug|Win32.Build.0 = Debug|Win32
		{1ABB2906-512C-404E-A80B-9B5160970758}.Release|Win32.ActiveCfg = Release|Win32
		{1ABB2906-512C-404E-A80B-9B5160970758}.Release|Win32.Build.0 = Release|Win32
		{1ABB2906-512C-404E-A80B-9B5160970758}.MinSizeRel|Win32.ActiveCfg = MinSizeRel|Win32
		{1ABB2906-512C-404E-A80B-9B5160970758}.MinSizeRel|Win32.Build.0 = MinSizeRel|Win32
		{1ABB2906-512C-404E-A80B-9B5160970758}.RelWithDebInfo|Win32.ActiveCfg = RelWithDebInfo|Win32
		{1ABB2906-512C-404E-A80B-9B5160970758}.RelWithDebInfo|Win32.Build.0 = RelWithDebInfo|Win32
		{1CA284AC-448D-459A-AA38-E13CBD7BB4A7}.Debug|Win32.ActiveCfg = Debug|Win32
		{1CA284AC-448D-459A-AA38-E13CBD7BB4A7}.Debug|Win32.Build.0 = Debug|Win32
		{1CA284AC-448D-459A-AA38-E13CBD7BB4A7}.Release|Win32.ActiveCfg = Release|Win32
		{1CA284AC-448D-459A-AA38-E13CBD7BB4A7}.Release|Win32.Build.0 = Release|Win32
		{1CA284AC-448D-459A-AA38-E13CBD7BB4A7}.MinSizeRel|Win32.ActiveCfg = MinSizeRel|Win32
		{1CA284AC-448D-459A-AA38-E13CBD7BB4A7}.MinSizeRel|Win32.Build.0 = MinSizeRel|Win32
		{1CA284AC-448D-459A-AA38-E13CBD7BB4A7}.RelWithDebInfo|Win32.ActiveCfg = RelWithDebInfo|Win32
		{1CA284AC-448D-459A-AA38-E13CBD7BB4A7}.RelWithDebInfo|Win32.Build.0 = RelWithDebInfo|Win32
		{34948F45-4B73-4A70-9B12-CD26AB6EA83A}.Debug|Win32.ActiveCfg = Debug|Win32
		{34948F45-4B73-4A70-9B12-CD26AB6EA83A}.Debug|Win32.Build.0 = Debug|Win32
		{34948F45-4B73-4A70-9B12-CD26AB6EA83A}.Release|Win32.ActiveCfg = Release|Win32
		{34948F45-4B73-4A70-9B12-CD26AB6EA83A}.Release|Win32.Build.0 = Release|Win32
		{34948F45-4B73-4A70-9B12-CD26AB6EA83A}.MinSizeRel|Win32.ActiveCfg = MinSizeRel|Win32
		{34948F45-4B73-4A70-9B12-CD26AB6EA83A}.MinSizeRel|Win32.Build.0 = MinSizeRel|Win32
		{34948F45-4B73-4A70-9B12-CD26AB6EA83A}.RelWithDebInfo|Win32.ActiveCfg = RelWithDebInfo|Win32
		{34948F45-4B73-4A70-9B12-CD26AB6EA83A}.RelWithDebInfo|Win32.Build.0 = RelWithDebInfo|Win32
	EndGlobalSection
	GlobalSection(ExtensibilityGlobals) = postSolution
	EndGlobalSection
	GlobalSection(ExtensibilityAddIns) = postSolution
	EndGlobalSection
EndGlobal
