Microsoft Visual Studio Solution File, Format Version 9.00
# Visual Studio 2005
Project("{8BC9CEB8-8B4A-11D0-8D11-00A0C91BC942}") = "ALL_BUILD", ".\ALL_BUILD.vcproj", "{78AFCDA1-A838-463E-8F34-B586CD406763}"
	ProjectSection(ProjectDependencies) = postProject
		{1EDBA690-D2C2-4E03-9B27-9EB19D12DDCC} = {1EDBA690-D2C2-4E03-9B27-9EB19D12DDCC}
	EndProjectSection
EndProject
Project("{8BC9CEB8-8B4A-11D0-8D11-00A0C91BC942}") = "INSTALL", ".\INSTALL.vcproj", "{9418FCDF-A751-485F-8E94-A288F9FF43B6}"
	ProjectSection(ProjectDependencies) = postProject
		{78AFCDA1-A838-463E-8F34-B586CD406763} = {78AFCDA1-A838-463E-8F34-B586CD406763}
	EndProjectSection
EndProject
Project("{8BC9CEB8-8B4A-11D0-8D11-00A0C91BC942}") = "MyGUIEngine", ".\MyGUIEngine.vcproj", "{1EDBA690-D2C2-4E03-9B27-9EB19D12DDCC}"
	ProjectSection(ProjectDependencies) = postProject
	EndProjectSection
EndProject
Global
	GlobalSection(SolutionConfigurationPlatforms) = preSolution
		Debug|Win32 = Debug|Win32
		Release|Win32 = Release|Win32
		MinSizeRel|Win32 = MinSizeRel|Win32
		RelWithDebInfo|Win32 = RelWithDebInfo|Win32
	EndGlobalSection
	GlobalSection(ProjectConfigurationPlatforms) = postSolution
		{78AFCDA1-A838-463E-8F34-B586CD406763}.Debug|Win32.ActiveCfg = Debug|Win32
		{78AFCDA1-A838-463E-8F34-B586CD406763}.Debug|Win32.Build.0 = Debug|Win32
		{78AFCDA1-A838-463E-8F34-B586CD406763}.Release|Win32.ActiveCfg = Release|Win32
		{78AFCDA1-A838-463E-8F34-B586CD406763}.Release|Win32.Build.0 = Release|Win32
		{78AFCDA1-A838-463E-8F34-B586CD406763}.MinSizeRel|Win32.ActiveCfg = MinSizeRel|Win32
		{78AFCDA1-A838-463E-8F34-B586CD406763}.MinSizeRel|Win32.Build.0 = MinSizeRel|Win32
		{78AFCDA1-A838-463E-8F34-B586CD406763}.RelWithDebInfo|Win32.ActiveCfg = RelWithDebInfo|Win32
		{78AFCDA1-A838-463E-8F34-B586CD406763}.RelWithDebInfo|Win32.Build.0 = RelWithDebInfo|Win32
		{9418FCDF-A751-485F-8E94-A288F9FF43B6}.Debug|Win32.ActiveCfg = Debug|Win32
		{9418FCDF-A751-485F-8E94-A288F9FF43B6}.Release|Win32.ActiveCfg = Release|Win32
		{9418FCDF-A751-485F-8E94-A288F9FF43B6}.MinSizeRel|Win32.ActiveCfg = MinSizeRel|Win32
		{9418FCDF-A751-485F-8E94-A288F9FF43B6}.RelWithDebInfo|Win32.ActiveCfg = RelWithDebInfo|Win32
		{1EDBA690-D2C2-4E03-9B27-9EB19D12DDCC}.Debug|Win32.ActiveCfg = Debug|Win32
		{1EDBA690-D2C2-4E03-9B27-9EB19D12DDCC}.Debug|Win32.Build.0 = Debug|Win32
		{1EDBA690-D2C2-4E03-9B27-9EB19D12DDCC}.Release|Win32.ActiveCfg = Release|Win32
		{1EDBA690-D2C2-4E03-9B27-9EB19D12DDCC}.Release|Win32.Build.0 = Release|Win32
		{1EDBA690-D2C2-4E03-9B27-9EB19D12DDCC}.MinSizeRel|Win32.ActiveCfg = MinSizeRel|Win32
		{1EDBA690-D2C2-4E03-9B27-9EB19D12DDCC}.MinSizeRel|Win32.Build.0 = MinSizeRel|Win32
		{1EDBA690-D2C2-4E03-9B27-9EB19D12DDCC}.RelWithDebInfo|Win32.ActiveCfg = RelWithDebInfo|Win32
		{1EDBA690-D2C2-4E03-9B27-9EB19D12DDCC}.RelWithDebInfo|Win32.Build.0 = RelWithDebInfo|Win32
	EndGlobalSection
	GlobalSection(ExtensibilityGlobals) = postSolution
	EndGlobalSection
	GlobalSection(ExtensibilityAddIns) = postSolution
	EndGlobalSection
EndGlobal
