
Microsoft Visual Studio Solution File, Format Version 10.00
# Visual Studio 2008
Project("{2150E333-8FDC-42A3-9474-1A3956D46DE8}") = "GUCE", "GUCE", "{012E62E2-6279-46F1-8647-F56CB6D100C9}"
EndProject
Project("{2150E333-8FDC-42A3-9474-1A3956D46DE8}") = "Samples", "Samples", "{51D84E66-C29A-4D98-BE69-7F2800888E2D}"
EndProject
Project("{2150E333-8FDC-42A3-9474-1A3956D46DE8}") = "plugins", "plugins", "{A3E27773-FF5B-4FBE-83E6-09E1E8E8B114}"
EndProject
Project("{8BC9CEB8-8B4A-11D0-8D11-00A0C91BC942}") = "guceCORE", "..\..\guceCORE\projects\MVC9\guceCORE_MVC9.vcproj", "{BC8C9BCD-7359-42D4-8797-29B2E8841F20}"
	ProjectSection(ProjectDependencies) = postProject
		{A6830BB5-9993-4F6D-8D4E-930F36A1B88F} = {A6830BB5-9993-4F6D-8D4E-930F36A1B88F}
		{35AFBABB-DF05-43DE-91A7-BB828A874015} = {35AFBABB-DF05-43DE-91A7-BB828A874015}
		{7D0A20FE-40A6-4E64-AD26-5E34AE391DF4} = {7D0A20FE-40A6-4E64-AD26-5E34AE391DF4}
	EndProjectSection
EndProject
Project("{8BC9CEB8-8B4A-11D0-8D11-00A0C91BC942}") = "guceGUI", "..\..\guceGUI\projects\MVC9\guceGUI_MVC9.vcproj", "{F89894C6-C46C-4A13-A1F2-1E02FAAEDBA0}"
	ProjectSection(ProjectDependencies) = postProject
		{BC8C9BCD-7359-42D4-8797-29B2E8841F20} = {BC8C9BCD-7359-42D4-8797-29B2E8841F20}
	EndProjectSection
EndProject
Project("{2150E333-8FDC-42A3-9474-1A3956D46DE8}") = "Dependencies", "Dependencies", "{8DE4B09A-84D8-47E4-82B5-27605E521339}"
EndProject
Project("{8BC9CEB8-8B4A-11D0-8D11-00A0C91BC942}") = "guidriverCEGUIOgre", "..\..\guidriverCEGUIOgre\projects\MVC9\guceCEGUIOgre_MVC9.vcproj", "{24689FDD-23C0-4E36-9F2E-DDB0B4CF344C}"
	ProjectSection(ProjectDependencies) = postProject
		{4C7F1AAD-2EBF-4D4B-B7F2-0B2CD0586F0E} = {4C7F1AAD-2EBF-4D4B-B7F2-0B2CD0586F0E}
		{F89894C6-C46C-4A13-A1F2-1E02FAAEDBA0} = {F89894C6-C46C-4A13-A1F2-1E02FAAEDBA0}
		{BC8C9BCD-7359-42D4-8797-29B2E8841F20} = {BC8C9BCD-7359-42D4-8797-29B2E8841F20}
	EndProjectSection
EndProject
Project("{8BC9CEB8-8B4A-11D0-8D11-00A0C91BC942}") = "guidriverMyGuiOgre", "..\..\guidriverMyGUIOgre\projects\MVC9\guceMyGUIOgre_MVC9.vcproj", "{981C17B6-7A4C-40BE-9237-00841E085005}"
	ProjectSection(ProjectDependencies) = postProject
		{F89894C6-C46C-4A13-A1F2-1E02FAAEDBA0} = {F89894C6-C46C-4A13-A1F2-1E02FAAEDBA0}
		{405A03C7-B201-4D0B-BCC6-9DB8B707A62A} = {405A03C7-B201-4D0B-BCC6-9DB8B707A62A}
		{BC8C9BCD-7359-42D4-8797-29B2E8841F20} = {BC8C9BCD-7359-42D4-8797-29B2E8841F20}
	EndProjectSection
EndProject
Project("{2150E333-8FDC-42A3-9474-1A3956D46DE8}") = "guidriver-CEGUIOgre", "guidriver-CEGUIOgre", "{9B3F9C37-6AFE-4F72-A287-DC2821A3E2FD}"
EndProject
Project("{2150E333-8FDC-42A3-9474-1A3956D46DE8}") = "Dependencies", "Dependencies", "{C546BA71-4221-4D7C-9A4F-94B4B9887766}"
EndProject
Project("{2150E333-8FDC-42A3-9474-1A3956D46DE8}") = "guidriver-MyGuiOgre", "guidriver-MyGuiOgre", "{72659305-E79D-461F-8868-44BA0F26A9AB}"
EndProject
Project("{2150E333-8FDC-42A3-9474-1A3956D46DE8}") = "Dependencies", "Dependencies", "{C310A9C5-67C0-448B-B1B5-E1544DF7A151}"
EndProject
Project("{8BC9CEB8-8B4A-11D0-8D11-00A0C91BC942}") = "RefApp", "..\..\samples\refapp\projects\MVC9\RefApp_MVC9.vcproj", "{52BC8913-2E38-49C0-9B05-08928158771F}"
	ProjectSection(ProjectDependencies) = postProject
		{981C17B6-7A4C-40BE-9237-00841E085005} = {981C17B6-7A4C-40BE-9237-00841E085005}
		{F89894C6-C46C-4A13-A1F2-1E02FAAEDBA0} = {F89894C6-C46C-4A13-A1F2-1E02FAAEDBA0}
		{BC8C9BCD-7359-42D4-8797-29B2E8841F20} = {BC8C9BCD-7359-42D4-8797-29B2E8841F20}
		{24689FDD-23C0-4E36-9F2E-DDB0B4CF344C} = {24689FDD-23C0-4E36-9F2E-DDB0B4CF344C}
	EndProjectSection
EndProject
Project("{8BC9CEB8-8B4A-11D0-8D11-00A0C91BC942}") = "CEGUIBase", "..\..\guidriverCEGUIOgre\dependency\CEGUI\makefiles\premake\BaseSystem\CEGUIBase_MVC9.vcproj", "{4C7F1AAD-2EBF-4D4B-B7F2-0B2CD0586F0E}"
	ProjectSection(ProjectDependencies) = postProject
		{78B079BD-9FC7-4B9E-B4A6-96DA0F00248B} = {78B079BD-9FC7-4B9E-B4A6-96DA0F00248B}
	EndProjectSection
EndProject
Project("{8BC9CEB8-8B4A-11D0-8D11-00A0C91BC942}") = "MyGUIEngine_v9", "..\..\guidriverMyGUIOgre\dependencies\MyGUI\MyGUIEngine\MyGUIEngine_v9.vcproj", "{405A03C7-B201-4D0B-BCC6-9DB8B707A62A}"
	ProjectSection(ProjectDependencies) = postProject
		{78B079BD-9FC7-4B9E-B4A6-96DA0F00248B} = {78B079BD-9FC7-4B9E-B4A6-96DA0F00248B}
	EndProjectSection
EndProject
Project("{8BC9CEB8-8B4A-11D0-8D11-00A0C91BC942}") = "freetype", "..\..\dependencies\freetype\builds\win32\visualc\freetype_MVC9.vcproj", "{78B079BD-9FC7-4B9E-B4A6-96DA0F00248B}"
EndProject
Project("{8BC9CEB8-8B4A-11D0-8D11-00A0C91BC942}") = "OgreMain", "..\..\dependencies\Ogre\OgreMain\scripts\OgreMain_vc9.vcproj", "{35AFBABB-DF05-43DE-91A7-BB828A874015}"
EndProject
Project("{8BC9CEB8-8B4A-11D0-8D11-00A0C91BC942}") = "RenderSystem_GL", "..\..\dependencies\Ogre\RenderSystems\GL\scripts\RenderSystem_GL_vc9.vcproj", "{7D0A20FE-40A6-4E64-AD26-5E34AE391DF4}"
EndProject
Project("{8BC9CEB8-8B4A-11D0-8D11-00A0C91BC942}") = "Plugin_OctreeSceneManager", "..\..\dependencies\Ogre\PlugIns\OctreeSceneManager\scripts\Plugin_OctreeSceneManager_vc9.vcproj", "{A6830BB5-9993-4F6D-8D4E-930F36A1B88F}"
	ProjectSection(ProjectDependencies) = postProject
		{35AFBABB-DF05-43DE-91A7-BB828A874015} = {35AFBABB-DF05-43DE-91A7-BB828A874015}
	EndProjectSection
EndProject
Project("{8BC9CEB8-8B4A-11D0-8D11-00A0C91BC942}") = "zziplib", "..\..\dependencies\zziplib\msvc9\zziplib.vcproj", "{CB440073-2ED3-48CE-A1A1-B6EACB3A44BD}"
EndProject
Project("{8BC9CEB8-8B4A-11D0-8D11-00A0C91BC942}") = "zlib", "..\..\dependencies\zlib\projects\visualc6\zlib_MVC9.vcproj", "{2C83B2C4-5F72-461F-B879-E4ECF3AAE198}"
EndProject
Global
	GlobalSection(SolutionConfigurationPlatforms) = preSolution
		Debug Multithreaded|Win32 = Debug Multithreaded|Win32
		Debug Singlethreaded|Win32 = Debug Singlethreaded|Win32
		Debug_Static|Win32 = Debug_Static|Win32
		Debug|Win32 = Debug|Win32
		DebugStaticLib|Win32 = DebugStaticLib|Win32
		DLL ASM Debug|Win32 = DLL ASM Debug|Win32
		DLL ASM Release|Win32 = DLL ASM Release|Win32
		DLL Debug|Win32 = DLL Debug|Win32
		DLL Release|Win32 = DLL Release|Win32
		LIB ASM Debug|Win32 = LIB ASM Debug|Win32
		LIB ASM Release|Win32 = LIB ASM Release|Win32
		LIB Debug|Win32 = LIB Debug|Win32
		LIB Release|Win32 = LIB Release|Win32
		Release Multithreaded|Win32 = Release Multithreaded|Win32
		Release Singlethreaded|Win32 = Release Singlethreaded|Win32
		Release_Static|Win32 = Release_Static|Win32
		Release|Win32 = Release|Win32
		ReleaseStaticLib|Win32 = ReleaseStaticLib|Win32
		ReleaseWithSymbols|Win32 = ReleaseWithSymbols|Win32
	EndGlobalSection
	GlobalSection(ProjectConfigurationPlatforms) = postSolution
		{BC8C9BCD-7359-42D4-8797-29B2E8841F20}.Debug Multithreaded|Win32.ActiveCfg = Debug|Win32
		{BC8C9BCD-7359-42D4-8797-29B2E8841F20}.Debug Multithreaded|Win32.Build.0 = Debug|Win32
		{BC8C9BCD-7359-42D4-8797-29B2E8841F20}.Debug Singlethreaded|Win32.ActiveCfg = Debug|Win32
		{BC8C9BCD-7359-42D4-8797-29B2E8841F20}.Debug Singlethreaded|Win32.Build.0 = Debug|Win32
		{BC8C9BCD-7359-42D4-8797-29B2E8841F20}.Debug_Static|Win32.ActiveCfg = Debug|Win32
		{BC8C9BCD-7359-42D4-8797-29B2E8841F20}.Debug_Static|Win32.Build.0 = Debug|Win32
		{BC8C9BCD-7359-42D4-8797-29B2E8841F20}.Debug|Win32.ActiveCfg = Debug|Win32
		{BC8C9BCD-7359-42D4-8797-29B2E8841F20}.Debug|Win32.Build.0 = Debug|Win32
		{BC8C9BCD-7359-42D4-8797-29B2E8841F20}.DebugStaticLib|Win32.ActiveCfg = Debug|Win32
		{BC8C9BCD-7359-42D4-8797-29B2E8841F20}.DebugStaticLib|Win32.Build.0 = Debug|Win32
		{BC8C9BCD-7359-42D4-8797-29B2E8841F20}.DLL ASM Debug|Win32.ActiveCfg = Debug|Win32
		{BC8C9BCD-7359-42D4-8797-29B2E8841F20}.DLL ASM Debug|Win32.Build.0 = Debug|Win32
		{BC8C9BCD-7359-42D4-8797-29B2E8841F20}.DLL ASM Release|Win32.ActiveCfg = Release|Win32
		{BC8C9BCD-7359-42D4-8797-29B2E8841F20}.DLL ASM Release|Win32.Build.0 = Release|Win32
		{BC8C9BCD-7359-42D4-8797-29B2E8841F20}.DLL Debug|Win32.ActiveCfg = Debug|Win32
		{BC8C9BCD-7359-42D4-8797-29B2E8841F20}.DLL Debug|Win32.Build.0 = Debug|Win32
		{BC8C9BCD-7359-42D4-8797-29B2E8841F20}.DLL Release|Win32.ActiveCfg = Release|Win32
		{BC8C9BCD-7359-42D4-8797-29B2E8841F20}.DLL Release|Win32.Build.0 = Release|Win32
		{BC8C9BCD-7359-42D4-8797-29B2E8841F20}.LIB ASM Debug|Win32.ActiveCfg = Debug|Win32
		{BC8C9BCD-7359-42D4-8797-29B2E8841F20}.LIB ASM Debug|Win32.Build.0 = Debug|Win32
		{BC8C9BCD-7359-42D4-8797-29B2E8841F20}.LIB ASM Release|Win32.ActiveCfg = Release|Win32
		{BC8C9BCD-7359-42D4-8797-29B2E8841F20}.LIB ASM Release|Win32.Build.0 = Release|Win32
		{BC8C9BCD-7359-42D4-8797-29B2E8841F20}.LIB Debug|Win32.ActiveCfg = Debug|Win32
		{BC8C9BCD-7359-42D4-8797-29B2E8841F20}.LIB Debug|Win32.Build.0 = Debug|Win32
		{BC8C9BCD-7359-42D4-8797-29B2E8841F20}.LIB Release|Win32.ActiveCfg = Release|Win32
		{BC8C9BCD-7359-42D4-8797-29B2E8841F20}.LIB Release|Win32.Build.0 = Release|Win32
		{BC8C9BCD-7359-42D4-8797-29B2E8841F20}.Release Multithreaded|Win32.ActiveCfg = Release|Win32
		{BC8C9BCD-7359-42D4-8797-29B2E8841F20}.Release Multithreaded|Win32.Build.0 = Release|Win32
		{BC8C9BCD-7359-42D4-8797-29B2E8841F20}.Release Singlethreaded|Win32.ActiveCfg = Release|Win32
		{BC8C9BCD-7359-42D4-8797-29B2E8841F20}.Release Singlethreaded|Win32.Build.0 = Release|Win32
		{BC8C9BCD-7359-42D4-8797-29B2E8841F20}.Release_Static|Win32.ActiveCfg = Release|Win32
		{BC8C9BCD-7359-42D4-8797-29B2E8841F20}.Release_Static|Win32.Build.0 = Release|Win32
		{BC8C9BCD-7359-42D4-8797-29B2E8841F20}.Release|Win32.ActiveCfg = Release|Win32
		{BC8C9BCD-7359-42D4-8797-29B2E8841F20}.Release|Win32.Build.0 = Release|Win32
		{BC8C9BCD-7359-42D4-8797-29B2E8841F20}.ReleaseStaticLib|Win32.ActiveCfg = Release|Win32
		{BC8C9BCD-7359-42D4-8797-29B2E8841F20}.ReleaseStaticLib|Win32.Build.0 = Release|Win32
		{BC8C9BCD-7359-42D4-8797-29B2E8841F20}.ReleaseWithSymbols|Win32.ActiveCfg = Release|Win32
		{BC8C9BCD-7359-42D4-8797-29B2E8841F20}.ReleaseWithSymbols|Win32.Build.0 = Release|Win32
		{F89894C6-C46C-4A13-A1F2-1E02FAAEDBA0}.Debug Multithreaded|Win32.ActiveCfg = Debug|Win32
		{F89894C6-C46C-4A13-A1F2-1E02FAAEDBA0}.Debug Multithreaded|Win32.Build.0 = Debug|Win32
		{F89894C6-C46C-4A13-A1F2-1E02FAAEDBA0}.Debug Singlethreaded|Win32.ActiveCfg = Debug|Win32
		{F89894C6-C46C-4A13-A1F2-1E02FAAEDBA0}.Debug Singlethreaded|Win32.Build.0 = Debug|Win32
		{F89894C6-C46C-4A13-A1F2-1E02FAAEDBA0}.Debug_Static|Win32.ActiveCfg = Debug|Win32
		{F89894C6-C46C-4A13-A1F2-1E02FAAEDBA0}.Debug_Static|Win32.Build.0 = Debug|Win32
		{F89894C6-C46C-4A13-A1F2-1E02FAAEDBA0}.Debug|Win32.ActiveCfg = Debug|Win32
		{F89894C6-C46C-4A13-A1F2-1E02FAAEDBA0}.Debug|Win32.Build.0 = Debug|Win32
		{F89894C6-C46C-4A13-A1F2-1E02FAAEDBA0}.DebugStaticLib|Win32.ActiveCfg = Debug|Win32
		{F89894C6-C46C-4A13-A1F2-1E02FAAEDBA0}.DebugStaticLib|Win32.Build.0 = Debug|Win32
		{F89894C6-C46C-4A13-A1F2-1E02FAAEDBA0}.DLL ASM Debug|Win32.ActiveCfg = Debug|Win32
		{F89894C6-C46C-4A13-A1F2-1E02FAAEDBA0}.DLL ASM Debug|Win32.Build.0 = Debug|Win32
		{F89894C6-C46C-4A13-A1F2-1E02FAAEDBA0}.DLL ASM Release|Win32.ActiveCfg = Release|Win32
		{F89894C6-C46C-4A13-A1F2-1E02FAAEDBA0}.DLL ASM Release|Win32.Build.0 = Release|Win32
		{F89894C6-C46C-4A13-A1F2-1E02FAAEDBA0}.DLL Debug|Win32.ActiveCfg = Debug|Win32
		{F89894C6-C46C-4A13-A1F2-1E02FAAEDBA0}.DLL Debug|Win32.Build.0 = Debug|Win32
		{F89894C6-C46C-4A13-A1F2-1E02FAAEDBA0}.DLL Release|Win32.ActiveCfg = Release|Win32
		{F89894C6-C46C-4A13-A1F2-1E02FAAEDBA0}.DLL Release|Win32.Build.0 = Release|Win32
		{F89894C6-C46C-4A13-A1F2-1E02FAAEDBA0}.LIB ASM Debug|Win32.ActiveCfg = Debug|Win32
		{F89894C6-C46C-4A13-A1F2-1E02FAAEDBA0}.LIB ASM Debug|Win32.Build.0 = Debug|Win32
		{F89894C6-C46C-4A13-A1F2-1E02FAAEDBA0}.LIB ASM Release|Win32.ActiveCfg = Release|Win32
		{F89894C6-C46C-4A13-A1F2-1E02FAAEDBA0}.LIB ASM Release|Win32.Build.0 = Release|Win32
		{F89894C6-C46C-4A13-A1F2-1E02FAAEDBA0}.LIB Debug|Win32.ActiveCfg = Debug|Win32
		{F89894C6-C46C-4A13-A1F2-1E02FAAEDBA0}.LIB Debug|Win32.Build.0 = Debug|Win32
		{F89894C6-C46C-4A13-A1F2-1E02FAAEDBA0}.LIB Release|Win32.ActiveCfg = Release|Win32
		{F89894C6-C46C-4A13-A1F2-1E02FAAEDBA0}.LIB Release|Win32.Build.0 = Release|Win32
		{F89894C6-C46C-4A13-A1F2-1E02FAAEDBA0}.Release Multithreaded|Win32.ActiveCfg = Release|Win32
		{F89894C6-C46C-4A13-A1F2-1E02FAAEDBA0}.Release Multithreaded|Win32.Build.0 = Release|Win32
		{F89894C6-C46C-4A13-A1F2-1E02FAAEDBA0}.Release Singlethreaded|Win32.ActiveCfg = Release|Win32
		{F89894C6-C46C-4A13-A1F2-1E02FAAEDBA0}.Release Singlethreaded|Win32.Build.0 = Release|Win32
		{F89894C6-C46C-4A13-A1F2-1E02FAAEDBA0}.Release_Static|Win32.ActiveCfg = Release|Win32
		{F89894C6-C46C-4A13-A1F2-1E02FAAEDBA0}.Release_Static|Win32.Build.0 = Release|Win32
		{F89894C6-C46C-4A13-A1F2-1E02FAAEDBA0}.Release|Win32.ActiveCfg = Release|Win32
		{F89894C6-C46C-4A13-A1F2-1E02FAAEDBA0}.Release|Win32.Build.0 = Release|Win32
		{F89894C6-C46C-4A13-A1F2-1E02FAAEDBA0}.ReleaseStaticLib|Win32.ActiveCfg = Release|Win32
		{F89894C6-C46C-4A13-A1F2-1E02FAAEDBA0}.ReleaseStaticLib|Win32.Build.0 = Release|Win32
		{F89894C6-C46C-4A13-A1F2-1E02FAAEDBA0}.ReleaseWithSymbols|Win32.ActiveCfg = Release|Win32
		{F89894C6-C46C-4A13-A1F2-1E02FAAEDBA0}.ReleaseWithSymbols|Win32.Build.0 = Release|Win32
		{24689FDD-23C0-4E36-9F2E-DDB0B4CF344C}.Debug Multithreaded|Win32.ActiveCfg = Debug|Win32
		{24689FDD-23C0-4E36-9F2E-DDB0B4CF344C}.Debug Multithreaded|Win32.Build.0 = Debug|Win32
		{24689FDD-23C0-4E36-9F2E-DDB0B4CF344C}.Debug Singlethreaded|Win32.ActiveCfg = Debug|Win32
		{24689FDD-23C0-4E36-9F2E-DDB0B4CF344C}.Debug Singlethreaded|Win32.Build.0 = Debug|Win32
		{24689FDD-23C0-4E36-9F2E-DDB0B4CF344C}.Debug_Static|Win32.ActiveCfg = Debug|Win32
		{24689FDD-23C0-4E36-9F2E-DDB0B4CF344C}.Debug_Static|Win32.Build.0 = Debug|Win32
		{24689FDD-23C0-4E36-9F2E-DDB0B4CF344C}.Debug|Win32.ActiveCfg = Debug|Win32
		{24689FDD-23C0-4E36-9F2E-DDB0B4CF344C}.Debug|Win32.Build.0 = Debug|Win32
		{24689FDD-23C0-4E36-9F2E-DDB0B4CF344C}.DebugStaticLib|Win32.ActiveCfg = Debug|Win32
		{24689FDD-23C0-4E36-9F2E-DDB0B4CF344C}.DebugStaticLib|Win32.Build.0 = Debug|Win32
		{24689FDD-23C0-4E36-9F2E-DDB0B4CF344C}.DLL ASM Debug|Win32.ActiveCfg = Debug|Win32
		{24689FDD-23C0-4E36-9F2E-DDB0B4CF344C}.DLL ASM Debug|Win32.Build.0 = Debug|Win32
		{24689FDD-23C0-4E36-9F2E-DDB0B4CF344C}.DLL ASM Release|Win32.ActiveCfg = Release|Win32
		{24689FDD-23C0-4E36-9F2E-DDB0B4CF344C}.DLL ASM Release|Win32.Build.0 = Release|Win32
		{24689FDD-23C0-4E36-9F2E-DDB0B4CF344C}.DLL Debug|Win32.ActiveCfg = Debug|Win32
		{24689FDD-23C0-4E36-9F2E-DDB0B4CF344C}.DLL Debug|Win32.Build.0 = Debug|Win32
		{24689FDD-23C0-4E36-9F2E-DDB0B4CF344C}.DLL Release|Win32.ActiveCfg = Release|Win32
		{24689FDD-23C0-4E36-9F2E-DDB0B4CF344C}.DLL Release|Win32.Build.0 = Release|Win32
		{24689FDD-23C0-4E36-9F2E-DDB0B4CF344C}.LIB ASM Debug|Win32.ActiveCfg = Debug|Win32
		{24689FDD-23C0-4E36-9F2E-DDB0B4CF344C}.LIB ASM Debug|Win32.Build.0 = Debug|Win32
		{24689FDD-23C0-4E36-9F2E-DDB0B4CF344C}.LIB ASM Release|Win32.ActiveCfg = Release|Win32
		{24689FDD-23C0-4E36-9F2E-DDB0B4CF344C}.LIB ASM Release|Win32.Build.0 = Release|Win32
		{24689FDD-23C0-4E36-9F2E-DDB0B4CF344C}.LIB Debug|Win32.ActiveCfg = Debug|Win32
		{24689FDD-23C0-4E36-9F2E-DDB0B4CF344C}.LIB Debug|Win32.Build.0 = Debug|Win32
		{24689FDD-23C0-4E36-9F2E-DDB0B4CF344C}.LIB Release|Win32.ActiveCfg = Release|Win32
		{24689FDD-23C0-4E36-9F2E-DDB0B4CF344C}.LIB Release|Win32.Build.0 = Release|Win32
		{24689FDD-23C0-4E36-9F2E-DDB0B4CF344C}.Release Multithreaded|Win32.ActiveCfg = Release|Win32
		{24689FDD-23C0-4E36-9F2E-DDB0B4CF344C}.Release Multithreaded|Win32.Build.0 = Release|Win32
		{24689FDD-23C0-4E36-9F2E-DDB0B4CF344C}.Release Singlethreaded|Win32.ActiveCfg = Release|Win32
		{24689FDD-23C0-4E36-9F2E-DDB0B4CF344C}.Release Singlethreaded|Win32.Build.0 = Release|Win32
		{24689FDD-23C0-4E36-9F2E-DDB0B4CF344C}.Release_Static|Win32.ActiveCfg = Release|Win32
		{24689FDD-23C0-4E36-9F2E-DDB0B4CF344C}.Release_Static|Win32.Build.0 = Release|Win32
		{24689FDD-23C0-4E36-9F2E-DDB0B4CF344C}.Release|Win32.ActiveCfg = Release|Win32
		{24689FDD-23C0-4E36-9F2E-DDB0B4CF344C}.Release|Win32.Build.0 = Release|Win32
		{24689FDD-23C0-4E36-9F2E-DDB0B4CF344C}.ReleaseStaticLib|Win32.ActiveCfg = Release|Win32
		{24689FDD-23C0-4E36-9F2E-DDB0B4CF344C}.ReleaseStaticLib|Win32.Build.0 = Release|Win32
		{24689FDD-23C0-4E36-9F2E-DDB0B4CF344C}.ReleaseWithSymbols|Win32.ActiveCfg = Release|Win32
		{24689FDD-23C0-4E36-9F2E-DDB0B4CF344C}.ReleaseWithSymbols|Win32.Build.0 = Release|Win32
		{981C17B6-7A4C-40BE-9237-00841E085005}.Debug Multithreaded|Win32.ActiveCfg = Debug|Win32
		{981C17B6-7A4C-40BE-9237-00841E085005}.Debug Multithreaded|Win32.Build.0 = Debug|Win32
		{981C17B6-7A4C-40BE-9237-00841E085005}.Debug Singlethreaded|Win32.ActiveCfg = Debug|Win32
		{981C17B6-7A4C-40BE-9237-00841E085005}.Debug Singlethreaded|Win32.Build.0 = Debug|Win32
		{981C17B6-7A4C-40BE-9237-00841E085005}.Debug_Static|Win32.ActiveCfg = Debug|Win32
		{981C17B6-7A4C-40BE-9237-00841E085005}.Debug_Static|Win32.Build.0 = Debug|Win32
		{981C17B6-7A4C-40BE-9237-00841E085005}.Debug|Win32.ActiveCfg = Debug|Win32
		{981C17B6-7A4C-40BE-9237-00841E085005}.Debug|Win32.Build.0 = Debug|Win32
		{981C17B6-7A4C-40BE-9237-00841E085005}.DebugStaticLib|Win32.ActiveCfg = Debug|Win32
		{981C17B6-7A4C-40BE-9237-00841E085005}.DebugStaticLib|Win32.Build.0 = Debug|Win32
		{981C17B6-7A4C-40BE-9237-00841E085005}.DLL ASM Debug|Win32.ActiveCfg = Debug|Win32
		{981C17B6-7A4C-40BE-9237-00841E085005}.DLL ASM Debug|Win32.Build.0 = Debug|Win32
		{981C17B6-7A4C-40BE-9237-00841E085005}.DLL ASM Release|Win32.ActiveCfg = Release|Win32
		{981C17B6-7A4C-40BE-9237-00841E085005}.DLL ASM Release|Win32.Build.0 = Release|Win32
		{981C17B6-7A4C-40BE-9237-00841E085005}.DLL Debug|Win32.ActiveCfg = Debug|Win32
		{981C17B6-7A4C-40BE-9237-00841E085005}.DLL Debug|Win32.Build.0 = Debug|Win32
		{981C17B6-7A4C-40BE-9237-00841E085005}.DLL Release|Win32.ActiveCfg = Release|Win32
		{981C17B6-7A4C-40BE-9237-00841E085005}.DLL Release|Win32.Build.0 = Release|Win32
		{981C17B6-7A4C-40BE-9237-00841E085005}.LIB ASM Debug|Win32.ActiveCfg = Debug|Win32
		{981C17B6-7A4C-40BE-9237-00841E085005}.LIB ASM Debug|Win32.Build.0 = Debug|Win32
		{981C17B6-7A4C-40BE-9237-00841E085005}.LIB ASM Release|Win32.ActiveCfg = Release|Win32
		{981C17B6-7A4C-40BE-9237-00841E085005}.LIB ASM Release|Win32.Build.0 = Release|Win32
		{981C17B6-7A4C-40BE-9237-00841E085005}.LIB Debug|Win32.ActiveCfg = Debug|Win32
		{981C17B6-7A4C-40BE-9237-00841E085005}.LIB Debug|Win32.Build.0 = Debug|Win32
		{981C17B6-7A4C-40BE-9237-00841E085005}.LIB Release|Win32.ActiveCfg = Release|Win32
		{981C17B6-7A4C-40BE-9237-00841E085005}.LIB Release|Win32.Build.0 = Release|Win32
		{981C17B6-7A4C-40BE-9237-00841E085005}.Release Multithreaded|Win32.ActiveCfg = Release|Win32
		{981C17B6-7A4C-40BE-9237-00841E085005}.Release Multithreaded|Win32.Build.0 = Release|Win32
		{981C17B6-7A4C-40BE-9237-00841E085005}.Release Singlethreaded|Win32.ActiveCfg = Release|Win32
		{981C17B6-7A4C-40BE-9237-00841E085005}.Release Singlethreaded|Win32.Build.0 = Release|Win32
		{981C17B6-7A4C-40BE-9237-00841E085005}.Release_Static|Win32.ActiveCfg = Release|Win32
		{981C17B6-7A4C-40BE-9237-00841E085005}.Release_Static|Win32.Build.0 = Release|Win32
		{981C17B6-7A4C-40BE-9237-00841E085005}.Release|Win32.ActiveCfg = Release|Win32
		{981C17B6-7A4C-40BE-9237-00841E085005}.Release|Win32.Build.0 = Release|Win32
		{981C17B6-7A4C-40BE-9237-00841E085005}.ReleaseStaticLib|Win32.ActiveCfg = Release|Win32
		{981C17B6-7A4C-40BE-9237-00841E085005}.ReleaseStaticLib|Win32.Build.0 = Release|Win32
		{981C17B6-7A4C-40BE-9237-00841E085005}.ReleaseWithSymbols|Win32.ActiveCfg = Release|Win32
		{981C17B6-7A4C-40BE-9237-00841E085005}.ReleaseWithSymbols|Win32.Build.0 = Release|Win32
		{52BC8913-2E38-49C0-9B05-08928158771F}.Debug Multithreaded|Win32.ActiveCfg = Debug|Win32
		{52BC8913-2E38-49C0-9B05-08928158771F}.Debug Multithreaded|Win32.Build.0 = Debug|Win32
		{52BC8913-2E38-49C0-9B05-08928158771F}.Debug Singlethreaded|Win32.ActiveCfg = Debug|Win32
		{52BC8913-2E38-49C0-9B05-08928158771F}.Debug Singlethreaded|Win32.Build.0 = Debug|Win32
		{52BC8913-2E38-49C0-9B05-08928158771F}.Debug_Static|Win32.ActiveCfg = Debug|Win32
		{52BC8913-2E38-49C0-9B05-08928158771F}.Debug_Static|Win32.Build.0 = Debug|Win32
		{52BC8913-2E38-49C0-9B05-08928158771F}.Debug|Win32.ActiveCfg = Debug|Win32
		{52BC8913-2E38-49C0-9B05-08928158771F}.Debug|Win32.Build.0 = Debug|Win32
		{52BC8913-2E38-49C0-9B05-08928158771F}.DebugStaticLib|Win32.ActiveCfg = Debug|Win32
		{52BC8913-2E38-49C0-9B05-08928158771F}.DebugStaticLib|Win32.Build.0 = Debug|Win32
		{52BC8913-2E38-49C0-9B05-08928158771F}.DLL ASM Debug|Win32.ActiveCfg = Debug|Win32
		{52BC8913-2E38-49C0-9B05-08928158771F}.DLL ASM Debug|Win32.Build.0 = Debug|Win32
		{52BC8913-2E38-49C0-9B05-08928158771F}.DLL ASM Release|Win32.ActiveCfg = Release|Win32
		{52BC8913-2E38-49C0-9B05-08928158771F}.DLL ASM Release|Win32.Build.0 = Release|Win32
		{52BC8913-2E38-49C0-9B05-08928158771F}.DLL Debug|Win32.ActiveCfg = Debug|Win32
		{52BC8913-2E38-49C0-9B05-08928158771F}.DLL Debug|Win32.Build.0 = Debug|Win32
		{52BC8913-2E38-49C0-9B05-08928158771F}.DLL Release|Win32.ActiveCfg = Release|Win32
		{52BC8913-2E38-49C0-9B05-08928158771F}.DLL Release|Win32.Build.0 = Release|Win32
		{52BC8913-2E38-49C0-9B05-08928158771F}.LIB ASM Debug|Win32.ActiveCfg = Debug|Win32
		{52BC8913-2E38-49C0-9B05-08928158771F}.LIB ASM Debug|Win32.Build.0 = Debug|Win32
		{52BC8913-2E38-49C0-9B05-08928158771F}.LIB ASM Release|Win32.ActiveCfg = Release|Win32
		{52BC8913-2E38-49C0-9B05-08928158771F}.LIB ASM Release|Win32.Build.0 = Release|Win32
		{52BC8913-2E38-49C0-9B05-08928158771F}.LIB Debug|Win32.ActiveCfg = Debug|Win32
		{52BC8913-2E38-49C0-9B05-08928158771F}.LIB Debug|Win32.Build.0 = Debug|Win32
		{52BC8913-2E38-49C0-9B05-08928158771F}.LIB Release|Win32.ActiveCfg = Release|Win32
		{52BC8913-2E38-49C0-9B05-08928158771F}.LIB Release|Win32.Build.0 = Release|Win32
		{52BC8913-2E38-49C0-9B05-08928158771F}.Release Multithreaded|Win32.ActiveCfg = Release|Win32
		{52BC8913-2E38-49C0-9B05-08928158771F}.Release Multithreaded|Win32.Build.0 = Release|Win32
		{52BC8913-2E38-49C0-9B05-08928158771F}.Release Singlethreaded|Win32.ActiveCfg = Release|Win32
		{52BC8913-2E38-49C0-9B05-08928158771F}.Release Singlethreaded|Win32.Build.0 = Release|Win32
		{52BC8913-2E38-49C0-9B05-08928158771F}.Release_Static|Win32.ActiveCfg = Release|Win32
		{52BC8913-2E38-49C0-9B05-08928158771F}.Release_Static|Win32.Build.0 = Release|Win32
		{52BC8913-2E38-49C0-9B05-08928158771F}.Release|Win32.ActiveCfg = Release|Win32
		{52BC8913-2E38-49C0-9B05-08928158771F}.Release|Win32.Build.0 = Release|Win32
		{52BC8913-2E38-49C0-9B05-08928158771F}.ReleaseStaticLib|Win32.ActiveCfg = Release|Win32
		{52BC8913-2E38-49C0-9B05-08928158771F}.ReleaseStaticLib|Win32.Build.0 = Release|Win32
		{52BC8913-2E38-49C0-9B05-08928158771F}.ReleaseWithSymbols|Win32.ActiveCfg = Release|Win32
		{52BC8913-2E38-49C0-9B05-08928158771F}.ReleaseWithSymbols|Win32.Build.0 = Release|Win32
		{4C7F1AAD-2EBF-4D4B-B7F2-0B2CD0586F0E}.Debug Multithreaded|Win32.ActiveCfg = Debug_Static|Win32
		{4C7F1AAD-2EBF-4D4B-B7F2-0B2CD0586F0E}.Debug Multithreaded|Win32.Build.0 = Debug_Static|Win32
		{4C7F1AAD-2EBF-4D4B-B7F2-0B2CD0586F0E}.Debug Singlethreaded|Win32.ActiveCfg = Debug_Static|Win32
		{4C7F1AAD-2EBF-4D4B-B7F2-0B2CD0586F0E}.Debug Singlethreaded|Win32.Build.0 = Debug_Static|Win32
		{4C7F1AAD-2EBF-4D4B-B7F2-0B2CD0586F0E}.Debug_Static|Win32.ActiveCfg = Debug_Static|Win32
		{4C7F1AAD-2EBF-4D4B-B7F2-0B2CD0586F0E}.Debug_Static|Win32.Build.0 = Debug_Static|Win32
		{4C7F1AAD-2EBF-4D4B-B7F2-0B2CD0586F0E}.Debug|Win32.ActiveCfg = Debug|Win32
		{4C7F1AAD-2EBF-4D4B-B7F2-0B2CD0586F0E}.Debug|Win32.Build.0 = Debug|Win32
		{4C7F1AAD-2EBF-4D4B-B7F2-0B2CD0586F0E}.DebugStaticLib|Win32.ActiveCfg = Debug_Static|Win32
		{4C7F1AAD-2EBF-4D4B-B7F2-0B2CD0586F0E}.DebugStaticLib|Win32.Build.0 = Debug_Static|Win32
		{4C7F1AAD-2EBF-4D4B-B7F2-0B2CD0586F0E}.DLL ASM Debug|Win32.ActiveCfg = Debug|Win32
		{4C7F1AAD-2EBF-4D4B-B7F2-0B2CD0586F0E}.DLL ASM Debug|Win32.Build.0 = Debug|Win32
		{4C7F1AAD-2EBF-4D4B-B7F2-0B2CD0586F0E}.DLL ASM Release|Win32.ActiveCfg = Release|Win32
		{4C7F1AAD-2EBF-4D4B-B7F2-0B2CD0586F0E}.DLL ASM Release|Win32.Build.0 = Release|Win32
		{4C7F1AAD-2EBF-4D4B-B7F2-0B2CD0586F0E}.DLL Debug|Win32.ActiveCfg = Debug|Win32
		{4C7F1AAD-2EBF-4D4B-B7F2-0B2CD0586F0E}.DLL Debug|Win32.Build.0 = Debug|Win32
		{4C7F1AAD-2EBF-4D4B-B7F2-0B2CD0586F0E}.DLL Release|Win32.ActiveCfg = Release|Win32
		{4C7F1AAD-2EBF-4D4B-B7F2-0B2CD0586F0E}.DLL Release|Win32.Build.0 = Release|Win32
		{4C7F1AAD-2EBF-4D4B-B7F2-0B2CD0586F0E}.LIB ASM Debug|Win32.ActiveCfg = Debug|Win32
		{4C7F1AAD-2EBF-4D4B-B7F2-0B2CD0586F0E}.LIB ASM Debug|Win32.Build.0 = Debug|Win32
		{4C7F1AAD-2EBF-4D4B-B7F2-0B2CD0586F0E}.LIB ASM Release|Win32.ActiveCfg = Release|Win32
		{4C7F1AAD-2EBF-4D4B-B7F2-0B2CD0586F0E}.LIB ASM Release|Win32.Build.0 = Release|Win32
		{4C7F1AAD-2EBF-4D4B-B7F2-0B2CD0586F0E}.LIB Debug|Win32.ActiveCfg = Debug|Win32
		{4C7F1AAD-2EBF-4D4B-B7F2-0B2CD0586F0E}.LIB Debug|Win32.Build.0 = Debug|Win32
		{4C7F1AAD-2EBF-4D4B-B7F2-0B2CD0586F0E}.LIB Release|Win32.ActiveCfg = Release|Win32
		{4C7F1AAD-2EBF-4D4B-B7F2-0B2CD0586F0E}.LIB Release|Win32.Build.0 = Release|Win32
		{4C7F1AAD-2EBF-4D4B-B7F2-0B2CD0586F0E}.Release Multithreaded|Win32.ActiveCfg = Release_Static|Win32
		{4C7F1AAD-2EBF-4D4B-B7F2-0B2CD0586F0E}.Release Multithreaded|Win32.Build.0 = Release_Static|Win32
		{4C7F1AAD-2EBF-4D4B-B7F2-0B2CD0586F0E}.Release Singlethreaded|Win32.ActiveCfg = Release_Static|Win32
		{4C7F1AAD-2EBF-4D4B-B7F2-0B2CD0586F0E}.Release Singlethreaded|Win32.Build.0 = Release_Static|Win32
		{4C7F1AAD-2EBF-4D4B-B7F2-0B2CD0586F0E}.Release_Static|Win32.ActiveCfg = Release_Static|Win32
		{4C7F1AAD-2EBF-4D4B-B7F2-0B2CD0586F0E}.Release_Static|Win32.Build.0 = Release_Static|Win32
		{4C7F1AAD-2EBF-4D4B-B7F2-0B2CD0586F0E}.Release|Win32.ActiveCfg = Release|Win32
		{4C7F1AAD-2EBF-4D4B-B7F2-0B2CD0586F0E}.Release|Win32.Build.0 = Release|Win32
		{4C7F1AAD-2EBF-4D4B-B7F2-0B2CD0586F0E}.ReleaseStaticLib|Win32.ActiveCfg = Release_Static|Win32
		{4C7F1AAD-2EBF-4D4B-B7F2-0B2CD0586F0E}.ReleaseStaticLib|Win32.Build.0 = Release_Static|Win32
		{4C7F1AAD-2EBF-4D4B-B7F2-0B2CD0586F0E}.ReleaseWithSymbols|Win32.ActiveCfg = ReleaseWithSymbols|Win32
		{4C7F1AAD-2EBF-4D4B-B7F2-0B2CD0586F0E}.ReleaseWithSymbols|Win32.Build.0 = ReleaseWithSymbols|Win32
		{405A03C7-B201-4D0B-BCC6-9DB8B707A62A}.Debug Multithreaded|Win32.ActiveCfg = Debug|Win32
		{405A03C7-B201-4D0B-BCC6-9DB8B707A62A}.Debug Multithreaded|Win32.Build.0 = Debug|Win32
		{405A03C7-B201-4D0B-BCC6-9DB8B707A62A}.Debug Singlethreaded|Win32.ActiveCfg = Debug|Win32
		{405A03C7-B201-4D0B-BCC6-9DB8B707A62A}.Debug Singlethreaded|Win32.Build.0 = Debug|Win32
		{405A03C7-B201-4D0B-BCC6-9DB8B707A62A}.Debug_Static|Win32.ActiveCfg = Debug|Win32
		{405A03C7-B201-4D0B-BCC6-9DB8B707A62A}.Debug_Static|Win32.Build.0 = Debug|Win32
		{405A03C7-B201-4D0B-BCC6-9DB8B707A62A}.Debug|Win32.ActiveCfg = Debug|Win32
		{405A03C7-B201-4D0B-BCC6-9DB8B707A62A}.Debug|Win32.Build.0 = Debug|Win32
		{405A03C7-B201-4D0B-BCC6-9DB8B707A62A}.DebugStaticLib|Win32.ActiveCfg = Debug|Win32
		{405A03C7-B201-4D0B-BCC6-9DB8B707A62A}.DebugStaticLib|Win32.Build.0 = Debug|Win32
		{405A03C7-B201-4D0B-BCC6-9DB8B707A62A}.DLL ASM Debug|Win32.ActiveCfg = Debug|Win32
		{405A03C7-B201-4D0B-BCC6-9DB8B707A62A}.DLL ASM Debug|Win32.Build.0 = Debug|Win32
		{405A03C7-B201-4D0B-BCC6-9DB8B707A62A}.DLL ASM Release|Win32.ActiveCfg = Release|Win32
		{405A03C7-B201-4D0B-BCC6-9DB8B707A62A}.DLL ASM Release|Win32.Build.0 = Release|Win32
		{405A03C7-B201-4D0B-BCC6-9DB8B707A62A}.DLL Debug|Win32.ActiveCfg = Debug|Win32
		{405A03C7-B201-4D0B-BCC6-9DB8B707A62A}.DLL Debug|Win32.Build.0 = Debug|Win32
		{405A03C7-B201-4D0B-BCC6-9DB8B707A62A}.DLL Release|Win32.ActiveCfg = Release|Win32
		{405A03C7-B201-4D0B-BCC6-9DB8B707A62A}.DLL Release|Win32.Build.0 = Release|Win32
		{405A03C7-B201-4D0B-BCC6-9DB8B707A62A}.LIB ASM Debug|Win32.ActiveCfg = Debug|Win32
		{405A03C7-B201-4D0B-BCC6-9DB8B707A62A}.LIB ASM Debug|Win32.Build.0 = Debug|Win32
		{405A03C7-B201-4D0B-BCC6-9DB8B707A62A}.LIB ASM Release|Win32.ActiveCfg = Release|Win32
		{405A03C7-B201-4D0B-BCC6-9DB8B707A62A}.LIB ASM Release|Win32.Build.0 = Release|Win32
		{405A03C7-B201-4D0B-BCC6-9DB8B707A62A}.LIB Debug|Win32.ActiveCfg = Debug|Win32
		{405A03C7-B201-4D0B-BCC6-9DB8B707A62A}.LIB Debug|Win32.Build.0 = Debug|Win32
		{405A03C7-B201-4D0B-BCC6-9DB8B707A62A}.LIB Release|Win32.ActiveCfg = Release|Win32
		{405A03C7-B201-4D0B-BCC6-9DB8B707A62A}.LIB Release|Win32.Build.0 = Release|Win32
		{405A03C7-B201-4D0B-BCC6-9DB8B707A62A}.Release Multithreaded|Win32.ActiveCfg = Release|Win32
		{405A03C7-B201-4D0B-BCC6-9DB8B707A62A}.Release Multithreaded|Win32.Build.0 = Release|Win32
		{405A03C7-B201-4D0B-BCC6-9DB8B707A62A}.Release Singlethreaded|Win32.ActiveCfg = Release|Win32
		{405A03C7-B201-4D0B-BCC6-9DB8B707A62A}.Release Singlethreaded|Win32.Build.0 = Release|Win32
		{405A03C7-B201-4D0B-BCC6-9DB8B707A62A}.Release_Static|Win32.ActiveCfg = Release|Win32
		{405A03C7-B201-4D0B-BCC6-9DB8B707A62A}.Release_Static|Win32.Build.0 = Release|Win32
		{405A03C7-B201-4D0B-BCC6-9DB8B707A62A}.Release|Win32.ActiveCfg = Release|Win32
		{405A03C7-B201-4D0B-BCC6-9DB8B707A62A}.Release|Win32.Build.0 = Release|Win32
		{405A03C7-B201-4D0B-BCC6-9DB8B707A62A}.ReleaseStaticLib|Win32.ActiveCfg = Release|Win32
		{405A03C7-B201-4D0B-BCC6-9DB8B707A62A}.ReleaseStaticLib|Win32.Build.0 = Release|Win32
		{405A03C7-B201-4D0B-BCC6-9DB8B707A62A}.ReleaseWithSymbols|Win32.ActiveCfg = Release|Win32
		{405A03C7-B201-4D0B-BCC6-9DB8B707A62A}.ReleaseWithSymbols|Win32.Build.0 = Release|Win32
		{78B079BD-9FC7-4B9E-B4A6-96DA0F00248B}.Debug Multithreaded|Win32.ActiveCfg = Debug Multithreaded|Win32
		{78B079BD-9FC7-4B9E-B4A6-96DA0F00248B}.Debug Multithreaded|Win32.Build.0 = Debug Multithreaded|Win32
		{78B079BD-9FC7-4B9E-B4A6-96DA0F00248B}.Debug Singlethreaded|Win32.ActiveCfg = Debug Singlethreaded|Win32
		{78B079BD-9FC7-4B9E-B4A6-96DA0F00248B}.Debug Singlethreaded|Win32.Build.0 = Debug Singlethreaded|Win32
		{78B079BD-9FC7-4B9E-B4A6-96DA0F00248B}.Debug_Static|Win32.ActiveCfg = Debug Multithreaded|Win32
		{78B079BD-9FC7-4B9E-B4A6-96DA0F00248B}.Debug_Static|Win32.Build.0 = Debug Multithreaded|Win32
		{78B079BD-9FC7-4B9E-B4A6-96DA0F00248B}.Debug|Win32.ActiveCfg = Debug|Win32
		{78B079BD-9FC7-4B9E-B4A6-96DA0F00248B}.Debug|Win32.Build.0 = Debug|Win32
		{78B079BD-9FC7-4B9E-B4A6-96DA0F00248B}.DebugStaticLib|Win32.ActiveCfg = Debug Multithreaded|Win32
		{78B079BD-9FC7-4B9E-B4A6-96DA0F00248B}.DebugStaticLib|Win32.Build.0 = Debug Multithreaded|Win32
		{78B079BD-9FC7-4B9E-B4A6-96DA0F00248B}.DLL ASM Debug|Win32.ActiveCfg = Debug|Win32
		{78B079BD-9FC7-4B9E-B4A6-96DA0F00248B}.DLL ASM Debug|Win32.Build.0 = Debug|Win32
		{78B079BD-9FC7-4B9E-B4A6-96DA0F00248B}.DLL ASM Release|Win32.ActiveCfg = Release|Win32
		{78B079BD-9FC7-4B9E-B4A6-96DA0F00248B}.DLL ASM Release|Win32.Build.0 = Release|Win32
		{78B079BD-9FC7-4B9E-B4A6-96DA0F00248B}.DLL Debug|Win32.ActiveCfg = Debug|Win32
		{78B079BD-9FC7-4B9E-B4A6-96DA0F00248B}.DLL Debug|Win32.Build.0 = Debug|Win32
		{78B079BD-9FC7-4B9E-B4A6-96DA0F00248B}.DLL Release|Win32.ActiveCfg = Release|Win32
		{78B079BD-9FC7-4B9E-B4A6-96DA0F00248B}.DLL Release|Win32.Build.0 = Release|Win32
		{78B079BD-9FC7-4B9E-B4A6-96DA0F00248B}.LIB ASM Debug|Win32.ActiveCfg = Debug|Win32
		{78B079BD-9FC7-4B9E-B4A6-96DA0F00248B}.LIB ASM Debug|Win32.Build.0 = Debug|Win32
		{78B079BD-9FC7-4B9E-B4A6-96DA0F00248B}.LIB ASM Release|Win32.ActiveCfg = Release|Win32
		{78B079BD-9FC7-4B9E-B4A6-96DA0F00248B}.LIB ASM Release|Win32.Build.0 = Release|Win32
		{78B079BD-9FC7-4B9E-B4A6-96DA0F00248B}.LIB Debug|Win32.ActiveCfg = Debug|Win32
		{78B079BD-9FC7-4B9E-B4A6-96DA0F00248B}.LIB Debug|Win32.Build.0 = Debug|Win32
		{78B079BD-9FC7-4B9E-B4A6-96DA0F00248B}.LIB Release|Win32.ActiveCfg = Release|Win32
		{78B079BD-9FC7-4B9E-B4A6-96DA0F00248B}.LIB Release|Win32.Build.0 = Release|Win32
		{78B079BD-9FC7-4B9E-B4A6-96DA0F00248B}.Release Multithreaded|Win32.ActiveCfg = Release Multithreaded|Win32
		{78B079BD-9FC7-4B9E-B4A6-96DA0F00248B}.Release Multithreaded|Win32.Build.0 = Release Multithreaded|Win32
		{78B079BD-9FC7-4B9E-B4A6-96DA0F00248B}.Release Singlethreaded|Win32.ActiveCfg = Release Singlethreaded|Win32
		{78B079BD-9FC7-4B9E-B4A6-96DA0F00248B}.Release Singlethreaded|Win32.Build.0 = Release Singlethreaded|Win32
		{78B079BD-9FC7-4B9E-B4A6-96DA0F00248B}.Release_Static|Win32.ActiveCfg = Release Singlethreaded|Win32
		{78B079BD-9FC7-4B9E-B4A6-96DA0F00248B}.Release_Static|Win32.Build.0 = Release Singlethreaded|Win32
		{78B079BD-9FC7-4B9E-B4A6-96DA0F00248B}.Release|Win32.ActiveCfg = Release|Win32
		{78B079BD-9FC7-4B9E-B4A6-96DA0F00248B}.Release|Win32.Build.0 = Release|Win32
		{78B079BD-9FC7-4B9E-B4A6-96DA0F00248B}.ReleaseStaticLib|Win32.ActiveCfg = Release Singlethreaded|Win32
		{78B079BD-9FC7-4B9E-B4A6-96DA0F00248B}.ReleaseStaticLib|Win32.Build.0 = Release Singlethreaded|Win32
		{78B079BD-9FC7-4B9E-B4A6-96DA0F00248B}.ReleaseWithSymbols|Win32.ActiveCfg = Release Singlethreaded|Win32
		{78B079BD-9FC7-4B9E-B4A6-96DA0F00248B}.ReleaseWithSymbols|Win32.Build.0 = Release Singlethreaded|Win32
		{35AFBABB-DF05-43DE-91A7-BB828A874015}.Debug Multithreaded|Win32.ActiveCfg = DebugStaticLib|Win32
		{35AFBABB-DF05-43DE-91A7-BB828A874015}.Debug Multithreaded|Win32.Build.0 = DebugStaticLib|Win32
		{35AFBABB-DF05-43DE-91A7-BB828A874015}.Debug Singlethreaded|Win32.ActiveCfg = DebugStaticLib|Win32
		{35AFBABB-DF05-43DE-91A7-BB828A874015}.Debug Singlethreaded|Win32.Build.0 = DebugStaticLib|Win32
		{35AFBABB-DF05-43DE-91A7-BB828A874015}.Debug_Static|Win32.ActiveCfg = DebugStaticLib|Win32
		{35AFBABB-DF05-43DE-91A7-BB828A874015}.Debug_Static|Win32.Build.0 = DebugStaticLib|Win32
		{35AFBABB-DF05-43DE-91A7-BB828A874015}.Debug|Win32.ActiveCfg = Debug|Win32
		{35AFBABB-DF05-43DE-91A7-BB828A874015}.Debug|Win32.Build.0 = Debug|Win32
		{35AFBABB-DF05-43DE-91A7-BB828A874015}.DebugStaticLib|Win32.ActiveCfg = DebugStaticLib|Win32
		{35AFBABB-DF05-43DE-91A7-BB828A874015}.DebugStaticLib|Win32.Build.0 = DebugStaticLib|Win32
		{35AFBABB-DF05-43DE-91A7-BB828A874015}.DLL ASM Debug|Win32.ActiveCfg = Debug|Win32
		{35AFBABB-DF05-43DE-91A7-BB828A874015}.DLL ASM Debug|Win32.Build.0 = Debug|Win32
		{35AFBABB-DF05-43DE-91A7-BB828A874015}.DLL ASM Release|Win32.ActiveCfg = Release|Win32
		{35AFBABB-DF05-43DE-91A7-BB828A874015}.DLL ASM Release|Win32.Build.0 = Release|Win32
		{35AFBABB-DF05-43DE-91A7-BB828A874015}.DLL Debug|Win32.ActiveCfg = Debug|Win32
		{35AFBABB-DF05-43DE-91A7-BB828A874015}.DLL Debug|Win32.Build.0 = Debug|Win32
		{35AFBABB-DF05-43DE-91A7-BB828A874015}.DLL Release|Win32.ActiveCfg = Release|Win32
		{35AFBABB-DF05-43DE-91A7-BB828A874015}.DLL Release|Win32.Build.0 = Release|Win32
		{35AFBABB-DF05-43DE-91A7-BB828A874015}.LIB ASM Debug|Win32.ActiveCfg = Debug|Win32
		{35AFBABB-DF05-43DE-91A7-BB828A874015}.LIB ASM Debug|Win32.Build.0 = Debug|Win32
		{35AFBABB-DF05-43DE-91A7-BB828A874015}.LIB ASM Release|Win32.ActiveCfg = Release|Win32
		{35AFBABB-DF05-43DE-91A7-BB828A874015}.LIB ASM Release|Win32.Build.0 = Release|Win32
		{35AFBABB-DF05-43DE-91A7-BB828A874015}.LIB Debug|Win32.ActiveCfg = Debug|Win32
		{35AFBABB-DF05-43DE-91A7-BB828A874015}.LIB Debug|Win32.Build.0 = Debug|Win32
		{35AFBABB-DF05-43DE-91A7-BB828A874015}.LIB Release|Win32.ActiveCfg = Release|Win32
		{35AFBABB-DF05-43DE-91A7-BB828A874015}.LIB Release|Win32.Build.0 = Release|Win32
		{35AFBABB-DF05-43DE-91A7-BB828A874015}.Release Multithreaded|Win32.ActiveCfg = ReleaseStaticLib|Win32
		{35AFBABB-DF05-43DE-91A7-BB828A874015}.Release Multithreaded|Win32.Build.0 = ReleaseStaticLib|Win32
		{35AFBABB-DF05-43DE-91A7-BB828A874015}.Release Singlethreaded|Win32.ActiveCfg = ReleaseStaticLib|Win32
		{35AFBABB-DF05-43DE-91A7-BB828A874015}.Release Singlethreaded|Win32.Build.0 = ReleaseStaticLib|Win32
		{35AFBABB-DF05-43DE-91A7-BB828A874015}.Release_Static|Win32.ActiveCfg = ReleaseStaticLib|Win32
		{35AFBABB-DF05-43DE-91A7-BB828A874015}.Release_Static|Win32.Build.0 = ReleaseStaticLib|Win32
		{35AFBABB-DF05-43DE-91A7-BB828A874015}.Release|Win32.ActiveCfg = Release|Win32
		{35AFBABB-DF05-43DE-91A7-BB828A874015}.Release|Win32.Build.0 = Release|Win32
		{35AFBABB-DF05-43DE-91A7-BB828A874015}.ReleaseStaticLib|Win32.ActiveCfg = ReleaseStaticLib|Win32
		{35AFBABB-DF05-43DE-91A7-BB828A874015}.ReleaseStaticLib|Win32.Build.0 = ReleaseStaticLib|Win32
		{35AFBABB-DF05-43DE-91A7-BB828A874015}.ReleaseWithSymbols|Win32.ActiveCfg = ReleaseStaticLib|Win32
		{35AFBABB-DF05-43DE-91A7-BB828A874015}.ReleaseWithSymbols|Win32.Build.0 = ReleaseStaticLib|Win32
		{7D0A20FE-40A6-4E64-AD26-5E34AE391DF4}.Debug Multithreaded|Win32.ActiveCfg = DebugStaticLib|Win32
		{7D0A20FE-40A6-4E64-AD26-5E34AE391DF4}.Debug Multithreaded|Win32.Build.0 = DebugStaticLib|Win32
		{7D0A20FE-40A6-4E64-AD26-5E34AE391DF4}.Debug Singlethreaded|Win32.ActiveCfg = DebugStaticLib|Win32
		{7D0A20FE-40A6-4E64-AD26-5E34AE391DF4}.Debug Singlethreaded|Win32.Build.0 = DebugStaticLib|Win32
		{7D0A20FE-40A6-4E64-AD26-5E34AE391DF4}.Debug_Static|Win32.ActiveCfg = DebugStaticLib|Win32
		{7D0A20FE-40A6-4E64-AD26-5E34AE391DF4}.Debug_Static|Win32.Build.0 = DebugStaticLib|Win32
		{7D0A20FE-40A6-4E64-AD26-5E34AE391DF4}.Debug|Win32.ActiveCfg = Debug|Win32
		{7D0A20FE-40A6-4E64-AD26-5E34AE391DF4}.Debug|Win32.Build.0 = Debug|Win32
		{7D0A20FE-40A6-4E64-AD26-5E34AE391DF4}.DebugStaticLib|Win32.ActiveCfg = DebugStaticLib|Win32
		{7D0A20FE-40A6-4E64-AD26-5E34AE391DF4}.DebugStaticLib|Win32.Build.0 = DebugStaticLib|Win32
		{7D0A20FE-40A6-4E64-AD26-5E34AE391DF4}.DLL ASM Debug|Win32.ActiveCfg = Debug|Win32
		{7D0A20FE-40A6-4E64-AD26-5E34AE391DF4}.DLL ASM Debug|Win32.Build.0 = Debug|Win32
		{7D0A20FE-40A6-4E64-AD26-5E34AE391DF4}.DLL ASM Release|Win32.ActiveCfg = Release|Win32
		{7D0A20FE-40A6-4E64-AD26-5E34AE391DF4}.DLL ASM Release|Win32.Build.0 = Release|Win32
		{7D0A20FE-40A6-4E64-AD26-5E34AE391DF4}.DLL Debug|Win32.ActiveCfg = Debug|Win32
		{7D0A20FE-40A6-4E64-AD26-5E34AE391DF4}.DLL Debug|Win32.Build.0 = Debug|Win32
		{7D0A20FE-40A6-4E64-AD26-5E34AE391DF4}.DLL Release|Win32.ActiveCfg = Release|Win32
		{7D0A20FE-40A6-4E64-AD26-5E34AE391DF4}.DLL Release|Win32.Build.0 = Release|Win32
		{7D0A20FE-40A6-4E64-AD26-5E34AE391DF4}.LIB ASM Debug|Win32.ActiveCfg = Debug|Win32
		{7D0A20FE-40A6-4E64-AD26-5E34AE391DF4}.LIB ASM Debug|Win32.Build.0 = Debug|Win32
		{7D0A20FE-40A6-4E64-AD26-5E34AE391DF4}.LIB ASM Release|Win32.ActiveCfg = Release|Win32
		{7D0A20FE-40A6-4E64-AD26-5E34AE391DF4}.LIB ASM Release|Win32.Build.0 = Release|Win32
		{7D0A20FE-40A6-4E64-AD26-5E34AE391DF4}.LIB Debug|Win32.ActiveCfg = Debug|Win32
		{7D0A20FE-40A6-4E64-AD26-5E34AE391DF4}.LIB Debug|Win32.Build.0 = Debug|Win32
		{7D0A20FE-40A6-4E64-AD26-5E34AE391DF4}.LIB Release|Win32.ActiveCfg = Release|Win32
		{7D0A20FE-40A6-4E64-AD26-5E34AE391DF4}.LIB Release|Win32.Build.0 = Release|Win32
		{7D0A20FE-40A6-4E64-AD26-5E34AE391DF4}.Release Multithreaded|Win32.ActiveCfg = ReleaseStaticLib|Win32
		{7D0A20FE-40A6-4E64-AD26-5E34AE391DF4}.Release Multithreaded|Win32.Build.0 = ReleaseStaticLib|Win32
		{7D0A20FE-40A6-4E64-AD26-5E34AE391DF4}.Release Singlethreaded|Win32.ActiveCfg = ReleaseStaticLib|Win32
		{7D0A20FE-40A6-4E64-AD26-5E34AE391DF4}.Release Singlethreaded|Win32.Build.0 = ReleaseStaticLib|Win32
		{7D0A20FE-40A6-4E64-AD26-5E34AE391DF4}.Release_Static|Win32.ActiveCfg = ReleaseStaticLib|Win32
		{7D0A20FE-40A6-4E64-AD26-5E34AE391DF4}.Release_Static|Win32.Build.0 = ReleaseStaticLib|Win32
		{7D0A20FE-40A6-4E64-AD26-5E34AE391DF4}.Release|Win32.ActiveCfg = Release|Win32
		{7D0A20FE-40A6-4E64-AD26-5E34AE391DF4}.Release|Win32.Build.0 = Release|Win32
		{7D0A20FE-40A6-4E64-AD26-5E34AE391DF4}.ReleaseStaticLib|Win32.ActiveCfg = ReleaseStaticLib|Win32
		{7D0A20FE-40A6-4E64-AD26-5E34AE391DF4}.ReleaseStaticLib|Win32.Build.0 = ReleaseStaticLib|Win32
		{7D0A20FE-40A6-4E64-AD26-5E34AE391DF4}.ReleaseWithSymbols|Win32.ActiveCfg = ReleaseStaticLib|Win32
		{7D0A20FE-40A6-4E64-AD26-5E34AE391DF4}.ReleaseWithSymbols|Win32.Build.0 = ReleaseStaticLib|Win32
		{A6830BB5-9993-4F6D-8D4E-930F36A1B88F}.Debug Multithreaded|Win32.ActiveCfg = DebugStaticLib|Win32
		{A6830BB5-9993-4F6D-8D4E-930F36A1B88F}.Debug Multithreaded|Win32.Build.0 = DebugStaticLib|Win32
		{A6830BB5-9993-4F6D-8D4E-930F36A1B88F}.Debug Singlethreaded|Win32.ActiveCfg = DebugStaticLib|Win32
		{A6830BB5-9993-4F6D-8D4E-930F36A1B88F}.Debug Singlethreaded|Win32.Build.0 = DebugStaticLib|Win32
		{A6830BB5-9993-4F6D-8D4E-930F36A1B88F}.Debug_Static|Win32.ActiveCfg = DebugStaticLib|Win32
		{A6830BB5-9993-4F6D-8D4E-930F36A1B88F}.Debug_Static|Win32.Build.0 = DebugStaticLib|Win32
		{A6830BB5-9993-4F6D-8D4E-930F36A1B88F}.Debug|Win32.ActiveCfg = Debug|Win32
		{A6830BB5-9993-4F6D-8D4E-930F36A1B88F}.Debug|Win32.Build.0 = Debug|Win32
		{A6830BB5-9993-4F6D-8D4E-930F36A1B88F}.DebugStaticLib|Win32.ActiveCfg = DebugStaticLib|Win32
		{A6830BB5-9993-4F6D-8D4E-930F36A1B88F}.DebugStaticLib|Win32.Build.0 = DebugStaticLib|Win32
		{A6830BB5-9993-4F6D-8D4E-930F36A1B88F}.DLL ASM Debug|Win32.ActiveCfg = Debug|Win32
		{A6830BB5-9993-4F6D-8D4E-930F36A1B88F}.DLL ASM Debug|Win32.Build.0 = Debug|Win32
		{A6830BB5-9993-4F6D-8D4E-930F36A1B88F}.DLL ASM Release|Win32.ActiveCfg = Release|Win32
		{A6830BB5-9993-4F6D-8D4E-930F36A1B88F}.DLL ASM Release|Win32.Build.0 = Release|Win32
		{A6830BB5-9993-4F6D-8D4E-930F36A1B88F}.DLL Debug|Win32.ActiveCfg = Debug|Win32
		{A6830BB5-9993-4F6D-8D4E-930F36A1B88F}.DLL Debug|Win32.Build.0 = Debug|Win32
		{A6830BB5-9993-4F6D-8D4E-930F36A1B88F}.DLL Release|Win32.ActiveCfg = Release|Win32
		{A6830BB5-9993-4F6D-8D4E-930F36A1B88F}.DLL Release|Win32.Build.0 = Release|Win32
		{A6830BB5-9993-4F6D-8D4E-930F36A1B88F}.LIB ASM Debug|Win32.ActiveCfg = Debug|Win32
		{A6830BB5-9993-4F6D-8D4E-930F36A1B88F}.LIB ASM Debug|Win32.Build.0 = Debug|Win32
		{A6830BB5-9993-4F6D-8D4E-930F36A1B88F}.LIB ASM Release|Win32.ActiveCfg = Release|Win32
		{A6830BB5-9993-4F6D-8D4E-930F36A1B88F}.LIB ASM Release|Win32.Build.0 = Release|Win32
		{A6830BB5-9993-4F6D-8D4E-930F36A1B88F}.LIB Debug|Win32.ActiveCfg = Debug|Win32
		{A6830BB5-9993-4F6D-8D4E-930F36A1B88F}.LIB Debug|Win32.Build.0 = Debug|Win32
		{A6830BB5-9993-4F6D-8D4E-930F36A1B88F}.LIB Release|Win32.ActiveCfg = Release|Win32
		{A6830BB5-9993-4F6D-8D4E-930F36A1B88F}.LIB Release|Win32.Build.0 = Release|Win32
		{A6830BB5-9993-4F6D-8D4E-930F36A1B88F}.Release Multithreaded|Win32.ActiveCfg = ReleaseStaticLib|Win32
		{A6830BB5-9993-4F6D-8D4E-930F36A1B88F}.Release Multithreaded|Win32.Build.0 = ReleaseStaticLib|Win32
		{A6830BB5-9993-4F6D-8D4E-930F36A1B88F}.Release Singlethreaded|Win32.ActiveCfg = ReleaseStaticLib|Win32
		{A6830BB5-9993-4F6D-8D4E-930F36A1B88F}.Release Singlethreaded|Win32.Build.0 = ReleaseStaticLib|Win32
		{A6830BB5-9993-4F6D-8D4E-930F36A1B88F}.Release_Static|Win32.ActiveCfg = ReleaseStaticLib|Win32
		{A6830BB5-9993-4F6D-8D4E-930F36A1B88F}.Release_Static|Win32.Build.0 = ReleaseStaticLib|Win32
		{A6830BB5-9993-4F6D-8D4E-930F36A1B88F}.Release|Win32.ActiveCfg = Release|Win32
		{A6830BB5-9993-4F6D-8D4E-930F36A1B88F}.Release|Win32.Build.0 = Release|Win32
		{A6830BB5-9993-4F6D-8D4E-930F36A1B88F}.ReleaseStaticLib|Win32.ActiveCfg = ReleaseStaticLib|Win32
		{A6830BB5-9993-4F6D-8D4E-930F36A1B88F}.ReleaseStaticLib|Win32.Build.0 = ReleaseStaticLib|Win32
		{A6830BB5-9993-4F6D-8D4E-930F36A1B88F}.ReleaseWithSymbols|Win32.ActiveCfg = ReleaseStaticLib|Win32
		{A6830BB5-9993-4F6D-8D4E-930F36A1B88F}.ReleaseWithSymbols|Win32.Build.0 = ReleaseStaticLib|Win32
		{CB440073-2ED3-48CE-A1A1-B6EACB3A44BD}.Debug Multithreaded|Win32.ActiveCfg = Debug|Win32
		{CB440073-2ED3-48CE-A1A1-B6EACB3A44BD}.Debug Multithreaded|Win32.Build.0 = Debug|Win32
		{CB440073-2ED3-48CE-A1A1-B6EACB3A44BD}.Debug Singlethreaded|Win32.ActiveCfg = Debug|Win32
		{CB440073-2ED3-48CE-A1A1-B6EACB3A44BD}.Debug Singlethreaded|Win32.Build.0 = Debug|Win32
		{CB440073-2ED3-48CE-A1A1-B6EACB3A44BD}.Debug_Static|Win32.ActiveCfg = Debug|Win32
		{CB440073-2ED3-48CE-A1A1-B6EACB3A44BD}.Debug_Static|Win32.Build.0 = Debug|Win32
		{CB440073-2ED3-48CE-A1A1-B6EACB3A44BD}.Debug|Win32.ActiveCfg = Debug|Win32
		{CB440073-2ED3-48CE-A1A1-B6EACB3A44BD}.Debug|Win32.Build.0 = Debug|Win32
		{CB440073-2ED3-48CE-A1A1-B6EACB3A44BD}.DebugStaticLib|Win32.ActiveCfg = Debug|Win32
		{CB440073-2ED3-48CE-A1A1-B6EACB3A44BD}.DebugStaticLib|Win32.Build.0 = Debug|Win32
		{CB440073-2ED3-48CE-A1A1-B6EACB3A44BD}.DLL ASM Debug|Win32.ActiveCfg = Debug|Win32
		{CB440073-2ED3-48CE-A1A1-B6EACB3A44BD}.DLL ASM Debug|Win32.Build.0 = Debug|Win32
		{CB440073-2ED3-48CE-A1A1-B6EACB3A44BD}.DLL ASM Release|Win32.ActiveCfg = Release|Win32
		{CB440073-2ED3-48CE-A1A1-B6EACB3A44BD}.DLL ASM Release|Win32.Build.0 = Release|Win32
		{CB440073-2ED3-48CE-A1A1-B6EACB3A44BD}.DLL Debug|Win32.ActiveCfg = Debug|Win32
		{CB440073-2ED3-48CE-A1A1-B6EACB3A44BD}.DLL Debug|Win32.Build.0 = Debug|Win32
		{CB440073-2ED3-48CE-A1A1-B6EACB3A44BD}.DLL Release|Win32.ActiveCfg = Release|Win32
		{CB440073-2ED3-48CE-A1A1-B6EACB3A44BD}.DLL Release|Win32.Build.0 = Release|Win32
		{CB440073-2ED3-48CE-A1A1-B6EACB3A44BD}.LIB ASM Debug|Win32.ActiveCfg = Debug|Win32
		{CB440073-2ED3-48CE-A1A1-B6EACB3A44BD}.LIB ASM Debug|Win32.Build.0 = Debug|Win32
		{CB440073-2ED3-48CE-A1A1-B6EACB3A44BD}.LIB ASM Release|Win32.ActiveCfg = Release|Win32
		{CB440073-2ED3-48CE-A1A1-B6EACB3A44BD}.LIB ASM Release|Win32.Build.0 = Release|Win32
		{CB440073-2ED3-48CE-A1A1-B6EACB3A44BD}.LIB Debug|Win32.ActiveCfg = Debug|Win32
		{CB440073-2ED3-48CE-A1A1-B6EACB3A44BD}.LIB Debug|Win32.Build.0 = Debug|Win32
		{CB440073-2ED3-48CE-A1A1-B6EACB3A44BD}.LIB Release|Win32.ActiveCfg = Release|Win32
		{CB440073-2ED3-48CE-A1A1-B6EACB3A44BD}.LIB Release|Win32.Build.0 = Release|Win32
		{CB440073-2ED3-48CE-A1A1-B6EACB3A44BD}.Release Multithreaded|Win32.ActiveCfg = Release|Win32
		{CB440073-2ED3-48CE-A1A1-B6EACB3A44BD}.Release Multithreaded|Win32.Build.0 = Release|Win32
		{CB440073-2ED3-48CE-A1A1-B6EACB3A44BD}.Release Singlethreaded|Win32.ActiveCfg = Release|Win32
		{CB440073-2ED3-48CE-A1A1-B6EACB3A44BD}.Release Singlethreaded|Win32.Build.0 = Release|Win32
		{CB440073-2ED3-48CE-A1A1-B6EACB3A44BD}.Release_Static|Win32.ActiveCfg = Release|Win32
		{CB440073-2ED3-48CE-A1A1-B6EACB3A44BD}.Release_Static|Win32.Build.0 = Release|Win32
		{CB440073-2ED3-48CE-A1A1-B6EACB3A44BD}.Release|Win32.ActiveCfg = Release|Win32
		{CB440073-2ED3-48CE-A1A1-B6EACB3A44BD}.Release|Win32.Build.0 = Release|Win32
		{CB440073-2ED3-48CE-A1A1-B6EACB3A44BD}.ReleaseStaticLib|Win32.ActiveCfg = Release|Win32
		{CB440073-2ED3-48CE-A1A1-B6EACB3A44BD}.ReleaseStaticLib|Win32.Build.0 = Release|Win32
		{CB440073-2ED3-48CE-A1A1-B6EACB3A44BD}.ReleaseWithSymbols|Win32.ActiveCfg = Release|Win32
		{CB440073-2ED3-48CE-A1A1-B6EACB3A44BD}.ReleaseWithSymbols|Win32.Build.0 = Release|Win32
		{2C83B2C4-5F72-461F-B879-E4ECF3AAE198}.Debug Multithreaded|Win32.ActiveCfg = DLL Debug|Win32
		{2C83B2C4-5F72-461F-B879-E4ECF3AAE198}.Debug Multithreaded|Win32.Build.0 = DLL Debug|Win32
		{2C83B2C4-5F72-461F-B879-E4ECF3AAE198}.Debug Singlethreaded|Win32.ActiveCfg = DLL Debug|Win32
		{2C83B2C4-5F72-461F-B879-E4ECF3AAE198}.Debug Singlethreaded|Win32.Build.0 = DLL Debug|Win32
		{2C83B2C4-5F72-461F-B879-E4ECF3AAE198}.Debug_Static|Win32.ActiveCfg = DLL Debug|Win32
		{2C83B2C4-5F72-461F-B879-E4ECF3AAE198}.Debug_Static|Win32.Build.0 = DLL Debug|Win32
		{2C83B2C4-5F72-461F-B879-E4ECF3AAE198}.Debug|Win32.ActiveCfg = DLL Debug|Win32
		{2C83B2C4-5F72-461F-B879-E4ECF3AAE198}.Debug|Win32.Build.0 = DLL Debug|Win32
		{2C83B2C4-5F72-461F-B879-E4ECF3AAE198}.DebugStaticLib|Win32.ActiveCfg = DLL Debug|Win32
		{2C83B2C4-5F72-461F-B879-E4ECF3AAE198}.DebugStaticLib|Win32.Build.0 = DLL Debug|Win32
		{2C83B2C4-5F72-461F-B879-E4ECF3AAE198}.DLL ASM Debug|Win32.ActiveCfg = DLL ASM Debug|Win32
		{2C83B2C4-5F72-461F-B879-E4ECF3AAE198}.DLL ASM Debug|Win32.Build.0 = DLL ASM Debug|Win32
		{2C83B2C4-5F72-461F-B879-E4ECF3AAE198}.DLL ASM Release|Win32.ActiveCfg = DLL ASM Release|Win32
		{2C83B2C4-5F72-461F-B879-E4ECF3AAE198}.DLL ASM Release|Win32.Build.0 = DLL ASM Release|Win32
		{2C83B2C4-5F72-461F-B879-E4ECF3AAE198}.DLL Debug|Win32.ActiveCfg = DLL Debug|Win32
		{2C83B2C4-5F72-461F-B879-E4ECF3AAE198}.DLL Debug|Win32.Build.0 = DLL Debug|Win32
		{2C83B2C4-5F72-461F-B879-E4ECF3AAE198}.DLL Release|Win32.ActiveCfg = DLL Release|Win32
		{2C83B2C4-5F72-461F-B879-E4ECF3AAE198}.DLL Release|Win32.Build.0 = DLL Release|Win32
		{2C83B2C4-5F72-461F-B879-E4ECF3AAE198}.LIB ASM Debug|Win32.ActiveCfg = LIB ASM Debug|Win32
		{2C83B2C4-5F72-461F-B879-E4ECF3AAE198}.LIB ASM Debug|Win32.Build.0 = LIB ASM Debug|Win32
		{2C83B2C4-5F72-461F-B879-E4ECF3AAE198}.LIB ASM Release|Win32.ActiveCfg = LIB ASM Release|Win32
		{2C83B2C4-5F72-461F-B879-E4ECF3AAE198}.LIB ASM Release|Win32.Build.0 = LIB ASM Release|Win32
		{2C83B2C4-5F72-461F-B879-E4ECF3AAE198}.LIB Debug|Win32.ActiveCfg = LIB Debug|Win32
		{2C83B2C4-5F72-461F-B879-E4ECF3AAE198}.LIB Debug|Win32.Build.0 = LIB Debug|Win32
		{2C83B2C4-5F72-461F-B879-E4ECF3AAE198}.LIB Release|Win32.ActiveCfg = LIB Release|Win32
		{2C83B2C4-5F72-461F-B879-E4ECF3AAE198}.LIB Release|Win32.Build.0 = LIB Release|Win32
		{2C83B2C4-5F72-461F-B879-E4ECF3AAE198}.Release Multithreaded|Win32.ActiveCfg = LIB ASM Release|Win32
		{2C83B2C4-5F72-461F-B879-E4ECF3AAE198}.Release Multithreaded|Win32.Build.0 = LIB ASM Release|Win32
		{2C83B2C4-5F72-461F-B879-E4ECF3AAE198}.Release Singlethreaded|Win32.ActiveCfg = LIB ASM Release|Win32
		{2C83B2C4-5F72-461F-B879-E4ECF3AAE198}.Release Singlethreaded|Win32.Build.0 = LIB ASM Release|Win32
		{2C83B2C4-5F72-461F-B879-E4ECF3AAE198}.Release_Static|Win32.ActiveCfg = LIB ASM Release|Win32
		{2C83B2C4-5F72-461F-B879-E4ECF3AAE198}.Release_Static|Win32.Build.0 = LIB ASM Release|Win32
		{2C83B2C4-5F72-461F-B879-E4ECF3AAE198}.Release|Win32.ActiveCfg = LIB ASM Release|Win32
		{2C83B2C4-5F72-461F-B879-E4ECF3AAE198}.Release|Win32.Build.0 = LIB ASM Release|Win32
		{2C83B2C4-5F72-461F-B879-E4ECF3AAE198}.ReleaseStaticLib|Win32.ActiveCfg = LIB ASM Release|Win32
		{2C83B2C4-5F72-461F-B879-E4ECF3AAE198}.ReleaseStaticLib|Win32.Build.0 = LIB ASM Release|Win32
		{2C83B2C4-5F72-461F-B879-E4ECF3AAE198}.ReleaseWithSymbols|Win32.ActiveCfg = LIB ASM Release|Win32
		{2C83B2C4-5F72-461F-B879-E4ECF3AAE198}.ReleaseWithSymbols|Win32.Build.0 = LIB ASM Release|Win32
	EndGlobalSection
	GlobalSection(SolutionProperties) = preSolution
		HideSolutionNode = FALSE
	EndGlobalSection
	GlobalSection(NestedProjects) = preSolution
		{BC8C9BCD-7359-42D4-8797-29B2E8841F20} = {012E62E2-6279-46F1-8647-F56CB6D100C9}
		{F89894C6-C46C-4A13-A1F2-1E02FAAEDBA0} = {012E62E2-6279-46F1-8647-F56CB6D100C9}
		{52BC8913-2E38-49C0-9B05-08928158771F} = {51D84E66-C29A-4D98-BE69-7F2800888E2D}
		{9B3F9C37-6AFE-4F72-A287-DC2821A3E2FD} = {A3E27773-FF5B-4FBE-83E6-09E1E8E8B114}
		{72659305-E79D-461F-8868-44BA0F26A9AB} = {A3E27773-FF5B-4FBE-83E6-09E1E8E8B114}
		{78B079BD-9FC7-4B9E-B4A6-96DA0F00248B} = {8DE4B09A-84D8-47E4-82B5-27605E521339}
		{35AFBABB-DF05-43DE-91A7-BB828A874015} = {8DE4B09A-84D8-47E4-82B5-27605E521339}
		{7D0A20FE-40A6-4E64-AD26-5E34AE391DF4} = {8DE4B09A-84D8-47E4-82B5-27605E521339}
		{A6830BB5-9993-4F6D-8D4E-930F36A1B88F} = {8DE4B09A-84D8-47E4-82B5-27605E521339}
		{CB440073-2ED3-48CE-A1A1-B6EACB3A44BD} = {8DE4B09A-84D8-47E4-82B5-27605E521339}
		{2C83B2C4-5F72-461F-B879-E4ECF3AAE198} = {8DE4B09A-84D8-47E4-82B5-27605E521339}
		{24689FDD-23C0-4E36-9F2E-DDB0B4CF344C} = {9B3F9C37-6AFE-4F72-A287-DC2821A3E2FD}
		{C546BA71-4221-4D7C-9A4F-94B4B9887766} = {9B3F9C37-6AFE-4F72-A287-DC2821A3E2FD}
		{981C17B6-7A4C-40BE-9237-00841E085005} = {72659305-E79D-461F-8868-44BA0F26A9AB}
		{C310A9C5-67C0-448B-B1B5-E1544DF7A151} = {72659305-E79D-461F-8868-44BA0F26A9AB}
		{4C7F1AAD-2EBF-4D4B-B7F2-0B2CD0586F0E} = {C546BA71-4221-4D7C-9A4F-94B4B9887766}
		{405A03C7-B201-4D0B-BCC6-9DB8B707A62A} = {C310A9C5-67C0-448B-B1B5-E1544DF7A151}
	EndGlobalSection
EndGlobal
