Microsoft Visual Studio Solution File, Format Version 9.00
# Visual Studio 2005
Project("{8BC9CEB8-8B4A-11D0-8D11-00A0C91BC942}") = "ALL_BUILD", ".\ALL_BUILD.vcproj", "{78AFCDA1-A838-463E-8F34-B586CD406763}"
	ProjectSection(ProjectDependencies) = postProject
		{2A12E9B2-249A-4419-BFA9-36B31155E4EA} = {2A12E9B2-249A-4419-BFA9-36B31155E4EA}
		{B42BFAB3-78B0-4076-AA76-EA72EBDE30B9} = {B42BFAB3-78B0-4076-AA76-EA72EBDE30B9}
		{801817E9-934E-40CB-A3F2-6666C9CC66B7} = {801817E9-934E-40CB-A3F2-6666C9CC66B7}
		{05AE540D-8F80-47A9-A3CC-36B24CBFA9F6} = {05AE540D-8F80-47A9-A3CC-36B24CBFA9F6}
		{C2E47747-F55A-4C0A-95BE-DEF32947D425} = {C2E47747-F55A-4C0A-95BE-DEF32947D425}
		{37159134-8820-4633-BA22-AFC64386DCF5} = {37159134-8820-4633-BA22-AFC64386DCF5}
		{92B2AD7F-358B-44E1-8CBC-7AEA56C46DA5} = {92B2AD7F-358B-44E1-8CBC-7AEA56C46DA5}
		{D7489DD2-2347-4C93-A13F-98275AD27294} = {D7489DD2-2347-4C93-A13F-98275AD27294}
		{4E21A34B-1F0B-41A6-89A2-77BAFEBCC434} = {4E21A34B-1F0B-41A6-89A2-77BAFEBCC434}
		{C3C95864-C894-468C-B025-97739A99780A} = {C3C95864-C894-468C-B025-97739A99780A}
		{86F7BBF9-8CB6-4DDC-BF84-11C8CCBFC214} = {86F7BBF9-8CB6-4DDC-BF84-11C8CCBFC214}
		{CF7F8379-7984-4F08-96A2-ACB1D5306BDF} = {CF7F8379-7984-4F08-96A2-ACB1D5306BDF}
		{8F9EEB1B-E11D-41D1-8182-20E00A9667C8} = {8F9EEB1B-E11D-41D1-8182-20E00A9667C8}
		{C36CEBBC-B37C-4136-8207-68AE3969D034} = {C36CEBBC-B37C-4136-8207-68AE3969D034}
		{53DB6635-34B9-46C2-97C1-D9EDCB8CBD1E} = {53DB6635-34B9-46C2-97C1-D9EDCB8CBD1E}
		{DBEECCAA-283B-45C9-B631-B401880A2CFD} = {DBEECCAA-283B-45C9-B631-B401880A2CFD}
		{1EDBA690-D2C2-4E03-9B27-9EB19D12DDCC} = {1EDBA690-D2C2-4E03-9B27-9EB19D12DDCC}
		{09D6DD80-6E7D-405C-A524-90F5D8B218E5} = {09D6DD80-6E7D-405C-A524-90F5D8B218E5}
		{CFD7DD0C-F16E-4A96-93DF-39F425F4EAB6} = {CFD7DD0C-F16E-4A96-93DF-39F425F4EAB6}
		{0B93C621-030C-4BC0-9CCA-01FC703701FB} = {0B93C621-030C-4BC0-9CCA-01FC703701FB}
		{5BF09925-9783-49E8-824A-526B52F22895} = {5BF09925-9783-49E8-824A-526B52F22895}
		{64EBC803-1444-4864-A6FF-CF00E09E870B} = {64EBC803-1444-4864-A6FF-CF00E09E870B}
		{39DB46F1-4463-4221-8ACF-24E3EF54DC62} = {39DB46F1-4463-4221-8ACF-24E3EF54DC62}
		{9BAEDA76-AFA7-4F27-9428-A8E64C34084E} = {9BAEDA76-AFA7-4F27-9428-A8E64C34084E}
		{8879EB85-1105-46C1-B047-DD0B30BA2684} = {8879EB85-1105-46C1-B047-DD0B30BA2684}
		{5F960A4E-51E3-43A7-8E2F-35414AC1A988} = {5F960A4E-51E3-43A7-8E2F-35414AC1A988}
	EndProjectSection
EndProject
Project("{8BC9CEB8-8B4A-11D0-8D11-00A0C91BC942}") = "Demo_Colour", "Demos\Demo_Colour\Demo_Colour.vcproj", "{2A12E9B2-249A-4419-BFA9-36B31155E4EA}"
	ProjectSection(ProjectDependencies) = postProject
		{1EDBA690-D2C2-4E03-9B27-9EB19D12DDCC} = {1EDBA690-D2C2-4E03-9B27-9EB19D12DDCC}
		{DBEECCAA-283B-45C9-B631-B401880A2CFD} = {DBEECCAA-283B-45C9-B631-B401880A2CFD}
		{DBEECCAA-283B-45C9-B631-B401880A2CFD} = {DBEECCAA-283B-45C9-B631-B401880A2CFD}
		{1EDBA690-D2C2-4E03-9B27-9EB19D12DDCC} = {1EDBA690-D2C2-4E03-9B27-9EB19D12DDCC}
	EndProjectSection
EndProject
Project("{8BC9CEB8-8B4A-11D0-8D11-00A0C91BC942}") = "Demo_Console", "Demos\Demo_Console\Demo_Console.vcproj", "{B42BFAB3-78B0-4076-AA76-EA72EBDE30B9}"
	ProjectSection(ProjectDependencies) = postProject
		{1EDBA690-D2C2-4E03-9B27-9EB19D12DDCC} = {1EDBA690-D2C2-4E03-9B27-9EB19D12DDCC}
		{DBEECCAA-283B-45C9-B631-B401880A2CFD} = {DBEECCAA-283B-45C9-B631-B401880A2CFD}
		{DBEECCAA-283B-45C9-B631-B401880A2CFD} = {DBEECCAA-283B-45C9-B631-B401880A2CFD}
		{1EDBA690-D2C2-4E03-9B27-9EB19D12DDCC} = {1EDBA690-D2C2-4E03-9B27-9EB19D12DDCC}
	EndProjectSection
EndProject
Project("{8BC9CEB8-8B4A-11D0-8D11-00A0C91BC942}") = "Demo_Controllers", "Demos\Demo_Controllers\Demo_Controllers.vcproj", "{801817E9-934E-40CB-A3F2-6666C9CC66B7}"
	ProjectSection(ProjectDependencies) = postProject
		{1EDBA690-D2C2-4E03-9B27-9EB19D12DDCC} = {1EDBA690-D2C2-4E03-9B27-9EB19D12DDCC}
		{DBEECCAA-283B-45C9-B631-B401880A2CFD} = {DBEECCAA-283B-45C9-B631-B401880A2CFD}
		{DBEECCAA-283B-45C9-B631-B401880A2CFD} = {DBEECCAA-283B-45C9-B631-B401880A2CFD}
		{1EDBA690-D2C2-4E03-9B27-9EB19D12DDCC} = {1EDBA690-D2C2-4E03-9B27-9EB19D12DDCC}
	EndProjectSection
EndProject
Project("{8BC9CEB8-8B4A-11D0-8D11-00A0C91BC942}") = "Demo_Gui", "Demos\Demo_Gui\Demo_Gui.vcproj", "{05AE540D-8F80-47A9-A3CC-36B24CBFA9F6}"
	ProjectSection(ProjectDependencies) = postProject
		{1EDBA690-D2C2-4E03-9B27-9EB19D12DDCC} = {1EDBA690-D2C2-4E03-9B27-9EB19D12DDCC}
		{DBEECCAA-283B-45C9-B631-B401880A2CFD} = {DBEECCAA-283B-45C9-B631-B401880A2CFD}
		{DBEECCAA-283B-45C9-B631-B401880A2CFD} = {DBEECCAA-283B-45C9-B631-B401880A2CFD}
		{1EDBA690-D2C2-4E03-9B27-9EB19D12DDCC} = {1EDBA690-D2C2-4E03-9B27-9EB19D12DDCC}
	EndProjectSection
EndProject
Project("{8BC9CEB8-8B4A-11D0-8D11-00A0C91BC942}") = "Demo_ItemBox", "Demos\Demo_ItemBox\Demo_ItemBox.vcproj", "{C2E47747-F55A-4C0A-95BE-DEF32947D425}"
	ProjectSection(ProjectDependencies) = postProject
		{1EDBA690-D2C2-4E03-9B27-9EB19D12DDCC} = {1EDBA690-D2C2-4E03-9B27-9EB19D12DDCC}
		{DBEECCAA-283B-45C9-B631-B401880A2CFD} = {DBEECCAA-283B-45C9-B631-B401880A2CFD}
		{DBEECCAA-283B-45C9-B631-B401880A2CFD} = {DBEECCAA-283B-45C9-B631-B401880A2CFD}
		{1EDBA690-D2C2-4E03-9B27-9EB19D12DDCC} = {1EDBA690-D2C2-4E03-9B27-9EB19D12DDCC}
	EndProjectSection
EndProject
Project("{8BC9CEB8-8B4A-11D0-8D11-00A0C91BC942}") = "Demo_PanelView", "Demos\Demo_PanelView\Demo_PanelView.vcproj", "{37159134-8820-4633-BA22-AFC64386DCF5}"
	ProjectSection(ProjectDependencies) = postProject
		{1EDBA690-D2C2-4E03-9B27-9EB19D12DDCC} = {1EDBA690-D2C2-4E03-9B27-9EB19D12DDCC}
		{DBEECCAA-283B-45C9-B631-B401880A2CFD} = {DBEECCAA-283B-45C9-B631-B401880A2CFD}
		{DBEECCAA-283B-45C9-B631-B401880A2CFD} = {DBEECCAA-283B-45C9-B631-B401880A2CFD}
		{1EDBA690-D2C2-4E03-9B27-9EB19D12DDCC} = {1EDBA690-D2C2-4E03-9B27-9EB19D12DDCC}
	EndProjectSection
EndProject
Project("{8BC9CEB8-8B4A-11D0-8D11-00A0C91BC942}") = "Demo_Picking", "Demos\Demo_Picking\Demo_Picking.vcproj", "{92B2AD7F-358B-44E1-8CBC-7AEA56C46DA5}"
	ProjectSection(ProjectDependencies) = postProject
		{1EDBA690-D2C2-4E03-9B27-9EB19D12DDCC} = {1EDBA690-D2C2-4E03-9B27-9EB19D12DDCC}
		{DBEECCAA-283B-45C9-B631-B401880A2CFD} = {DBEECCAA-283B-45C9-B631-B401880A2CFD}
		{DBEECCAA-283B-45C9-B631-B401880A2CFD} = {DBEECCAA-283B-45C9-B631-B401880A2CFD}
		{1EDBA690-D2C2-4E03-9B27-9EB19D12DDCC} = {1EDBA690-D2C2-4E03-9B27-9EB19D12DDCC}
	EndProjectSection
EndProject
Project("{8BC9CEB8-8B4A-11D0-8D11-00A0C91BC942}") = "Demo_PluginStrangeButton", "Demos\Demo_PluginStrangeButton\Demo_PluginStrangeButton.vcproj", "{D7489DD2-2347-4C93-A13F-98275AD27294}"
	ProjectSection(ProjectDependencies) = postProject
		{1EDBA690-D2C2-4E03-9B27-9EB19D12DDCC} = {1EDBA690-D2C2-4E03-9B27-9EB19D12DDCC}
		{DBEECCAA-283B-45C9-B631-B401880A2CFD} = {DBEECCAA-283B-45C9-B631-B401880A2CFD}
		{DBEECCAA-283B-45C9-B631-B401880A2CFD} = {DBEECCAA-283B-45C9-B631-B401880A2CFD}
		{1EDBA690-D2C2-4E03-9B27-9EB19D12DDCC} = {1EDBA690-D2C2-4E03-9B27-9EB19D12DDCC}
		{09D6DD80-6E7D-405C-A524-90F5D8B218E5} = {09D6DD80-6E7D-405C-A524-90F5D8B218E5}
	EndProjectSection
EndProject
Project("{8BC9CEB8-8B4A-11D0-8D11-00A0C91BC942}") = "Demo_Pointers", "Demos\Demo_Pointers\Demo_Pointers.vcproj", "{4E21A34B-1F0B-41A6-89A2-77BAFEBCC434}"
	ProjectSection(ProjectDependencies) = postProject
		{1EDBA690-D2C2-4E03-9B27-9EB19D12DDCC} = {1EDBA690-D2C2-4E03-9B27-9EB19D12DDCC}
		{DBEECCAA-283B-45C9-B631-B401880A2CFD} = {DBEECCAA-283B-45C9-B631-B401880A2CFD}
		{DBEECCAA-283B-45C9-B631-B401880A2CFD} = {DBEECCAA-283B-45C9-B631-B401880A2CFD}
		{1EDBA690-D2C2-4E03-9B27-9EB19D12DDCC} = {1EDBA690-D2C2-4E03-9B27-9EB19D12DDCC}
	EndProjectSection
EndProject
Project("{8BC9CEB8-8B4A-11D0-8D11-00A0C91BC942}") = "Demo_RenderBox", "Demos\Demo_RenderBox\Demo_RenderBox.vcproj", "{C3C95864-C894-468C-B025-97739A99780A}"
	ProjectSection(ProjectDependencies) = postProject
		{1EDBA690-D2C2-4E03-9B27-9EB19D12DDCC} = {1EDBA690-D2C2-4E03-9B27-9EB19D12DDCC}
		{DBEECCAA-283B-45C9-B631-B401880A2CFD} = {DBEECCAA-283B-45C9-B631-B401880A2CFD}
		{DBEECCAA-283B-45C9-B631-B401880A2CFD} = {DBEECCAA-283B-45C9-B631-B401880A2CFD}
		{1EDBA690-D2C2-4E03-9B27-9EB19D12DDCC} = {1EDBA690-D2C2-4E03-9B27-9EB19D12DDCC}
	EndProjectSection
EndProject
Project("{8BC9CEB8-8B4A-11D0-8D11-00A0C91BC942}") = "Demo_ScrollView", "Demos\Demo_ScrollView\Demo_ScrollView.vcproj", "{86F7BBF9-8CB6-4DDC-BF84-11C8CCBFC214}"
	ProjectSection(ProjectDependencies) = postProject
		{1EDBA690-D2C2-4E03-9B27-9EB19D12DDCC} = {1EDBA690-D2C2-4E03-9B27-9EB19D12DDCC}
		{DBEECCAA-283B-45C9-B631-B401880A2CFD} = {DBEECCAA-283B-45C9-B631-B401880A2CFD}
		{DBEECCAA-283B-45C9-B631-B401880A2CFD} = {DBEECCAA-283B-45C9-B631-B401880A2CFD}
		{1EDBA690-D2C2-4E03-9B27-9EB19D12DDCC} = {1EDBA690-D2C2-4E03-9B27-9EB19D12DDCC}
	EndProjectSection
EndProject
Project("{8BC9CEB8-8B4A-11D0-8D11-00A0C91BC942}") = "Demo_Themes", "Demos\Demo_Themes\Demo_Themes.vcproj", "{CF7F8379-7984-4F08-96A2-ACB1D5306BDF}"
	ProjectSection(ProjectDependencies) = postProject
		{1EDBA690-D2C2-4E03-9B27-9EB19D12DDCC} = {1EDBA690-D2C2-4E03-9B27-9EB19D12DDCC}
		{DBEECCAA-283B-45C9-B631-B401880A2CFD} = {DBEECCAA-283B-45C9-B631-B401880A2CFD}
		{DBEECCAA-283B-45C9-B631-B401880A2CFD} = {DBEECCAA-283B-45C9-B631-B401880A2CFD}
		{1EDBA690-D2C2-4E03-9B27-9EB19D12DDCC} = {1EDBA690-D2C2-4E03-9B27-9EB19D12DDCC}
	EndProjectSection
EndProject
Project("{8BC9CEB8-8B4A-11D0-8D11-00A0C91BC942}") = "FontViewer", "Tools\FontViewer\FontViewer.vcproj", "{8F9EEB1B-E11D-41D1-8182-20E00A9667C8}"
	ProjectSection(ProjectDependencies) = postProject
		{1EDBA690-D2C2-4E03-9B27-9EB19D12DDCC} = {1EDBA690-D2C2-4E03-9B27-9EB19D12DDCC}
		{DBEECCAA-283B-45C9-B631-B401880A2CFD} = {DBEECCAA-283B-45C9-B631-B401880A2CFD}
		{DBEECCAA-283B-45C9-B631-B401880A2CFD} = {DBEECCAA-283B-45C9-B631-B401880A2CFD}
		{1EDBA690-D2C2-4E03-9B27-9EB19D12DDCC} = {1EDBA690-D2C2-4E03-9B27-9EB19D12DDCC}
	EndProjectSection
EndProject
Project("{8BC9CEB8-8B4A-11D0-8D11-00A0C91BC942}") = "INSTALL", ".\INSTALL.vcproj", "{9418FCDF-A751-485F-8E94-A288F9FF43B6}"
	ProjectSection(ProjectDependencies) = postProject
		{78AFCDA1-A838-463E-8F34-B586CD406763} = {78AFCDA1-A838-463E-8F34-B586CD406763}
	EndProjectSection
EndProject
Project("{8BC9CEB8-8B4A-11D0-8D11-00A0C91BC942}") = "ImageSetViewer", "Tools\ImageSetViewer\ImageSetViewer.vcproj", "{C36CEBBC-B37C-4136-8207-68AE3969D034}"
	ProjectSection(ProjectDependencies) = postProject
		{1EDBA690-D2C2-4E03-9B27-9EB19D12DDCC} = {1EDBA690-D2C2-4E03-9B27-9EB19D12DDCC}
		{DBEECCAA-283B-45C9-B631-B401880A2CFD} = {DBEECCAA-283B-45C9-B631-B401880A2CFD}
		{DBEECCAA-283B-45C9-B631-B401880A2CFD} = {DBEECCAA-283B-45C9-B631-B401880A2CFD}
		{1EDBA690-D2C2-4E03-9B27-9EB19D12DDCC} = {1EDBA690-D2C2-4E03-9B27-9EB19D12DDCC}
	EndProjectSection
EndProject
Project("{8BC9CEB8-8B4A-11D0-8D11-00A0C91BC942}") = "LayoutEditor", "Tools\LayoutEditor\LayoutEditor.vcproj", "{53DB6635-34B9-46C2-97C1-D9EDCB8CBD1E}"
	ProjectSection(ProjectDependencies) = postProject
		{1EDBA690-D2C2-4E03-9B27-9EB19D12DDCC} = {1EDBA690-D2C2-4E03-9B27-9EB19D12DDCC}
		{DBEECCAA-283B-45C9-B631-B401880A2CFD} = {DBEECCAA-283B-45C9-B631-B401880A2CFD}
		{DBEECCAA-283B-45C9-B631-B401880A2CFD} = {DBEECCAA-283B-45C9-B631-B401880A2CFD}
		{1EDBA690-D2C2-4E03-9B27-9EB19D12DDCC} = {1EDBA690-D2C2-4E03-9B27-9EB19D12DDCC}
	EndProjectSection
EndProject
Project("{8BC9CEB8-8B4A-11D0-8D11-00A0C91BC942}") = "MyGUI.OpenGLPlatform", "Platforms\OpenGL\OpenGLPlatform\MyGUI.OpenGLPlatform.vcproj", "{DBEECCAA-283B-45C9-B631-B401880A2CFD}"
	ProjectSection(ProjectDependencies) = postProject
		{1EDBA690-D2C2-4E03-9B27-9EB19D12DDCC} = {1EDBA690-D2C2-4E03-9B27-9EB19D12DDCC}
	EndProjectSection
EndProject
Project("{8BC9CEB8-8B4A-11D0-8D11-00A0C91BC942}") = "MyGUIEngine", "MyGUIEngine\MyGUIEngine.vcproj", "{1EDBA690-D2C2-4E03-9B27-9EB19D12DDCC}"
	ProjectSection(ProjectDependencies) = postProject
	EndProjectSection
EndProject
Project("{8BC9CEB8-8B4A-11D0-8D11-00A0C91BC942}") = "Plugin_StrangeButton", "Plugins\Plugin_StrangeButton\Plugin_StrangeButton.vcproj", "{09D6DD80-6E7D-405C-A524-90F5D8B218E5}"
	ProjectSection(ProjectDependencies) = postProject
		{1EDBA690-D2C2-4E03-9B27-9EB19D12DDCC} = {1EDBA690-D2C2-4E03-9B27-9EB19D12DDCC}
		{1EDBA690-D2C2-4E03-9B27-9EB19D12DDCC} = {1EDBA690-D2C2-4E03-9B27-9EB19D12DDCC}
	EndProjectSection
EndProject
Project("{8BC9CEB8-8B4A-11D0-8D11-00A0C91BC942}") = "UnitTest_AttachDetach", "UnitTests\UnitTest_AttachDetach\UnitTest_AttachDetach.vcproj", "{CFD7DD0C-F16E-4A96-93DF-39F425F4EAB6}"
	ProjectSection(ProjectDependencies) = postProject
		{1EDBA690-D2C2-4E03-9B27-9EB19D12DDCC} = {1EDBA690-D2C2-4E03-9B27-9EB19D12DDCC}
		{DBEECCAA-283B-45C9-B631-B401880A2CFD} = {DBEECCAA-283B-45C9-B631-B401880A2CFD}
		{DBEECCAA-283B-45C9-B631-B401880A2CFD} = {DBEECCAA-283B-45C9-B631-B401880A2CFD}
		{1EDBA690-D2C2-4E03-9B27-9EB19D12DDCC} = {1EDBA690-D2C2-4E03-9B27-9EB19D12DDCC}
	EndProjectSection
EndProject
Project("{8BC9CEB8-8B4A-11D0-8D11-00A0C91BC942}") = "UnitTest_Containers", "UnitTests\UnitTest_Containers\UnitTest_Containers.vcproj", "{0B93C621-030C-4BC0-9CCA-01FC703701FB}"
	ProjectSection(ProjectDependencies) = postProject
		{1EDBA690-D2C2-4E03-9B27-9EB19D12DDCC} = {1EDBA690-D2C2-4E03-9B27-9EB19D12DDCC}
		{DBEECCAA-283B-45C9-B631-B401880A2CFD} = {DBEECCAA-283B-45C9-B631-B401880A2CFD}
		{DBEECCAA-283B-45C9-B631-B401880A2CFD} = {DBEECCAA-283B-45C9-B631-B401880A2CFD}
		{1EDBA690-D2C2-4E03-9B27-9EB19D12DDCC} = {1EDBA690-D2C2-4E03-9B27-9EB19D12DDCC}
	EndProjectSection
EndProject
Project("{8BC9CEB8-8B4A-11D0-8D11-00A0C91BC942}") = "UnitTest_ItemBox_Info", "UnitTests\UnitTest_ItemBox_Info\UnitTest_ItemBox_Info.vcproj", "{5BF09925-9783-49E8-824A-526B52F22895}"
	ProjectSection(ProjectDependencies) = postProject
		{1EDBA690-D2C2-4E03-9B27-9EB19D12DDCC} = {1EDBA690-D2C2-4E03-9B27-9EB19D12DDCC}
		{DBEECCAA-283B-45C9-B631-B401880A2CFD} = {DBEECCAA-283B-45C9-B631-B401880A2CFD}
		{DBEECCAA-283B-45C9-B631-B401880A2CFD} = {DBEECCAA-283B-45C9-B631-B401880A2CFD}
		{1EDBA690-D2C2-4E03-9B27-9EB19D12DDCC} = {1EDBA690-D2C2-4E03-9B27-9EB19D12DDCC}
	EndProjectSection
EndProject
Project("{8BC9CEB8-8B4A-11D0-8D11-00A0C91BC942}") = "UnitTest_Layers", "UnitTests\UnitTest_Layers\UnitTest_Layers.vcproj", "{64EBC803-1444-4864-A6FF-CF00E09E870B}"
	ProjectSection(ProjectDependencies) = postProject
		{1EDBA690-D2C2-4E03-9B27-9EB19D12DDCC} = {1EDBA690-D2C2-4E03-9B27-9EB19D12DDCC}
		{DBEECCAA-283B-45C9-B631-B401880A2CFD} = {DBEECCAA-283B-45C9-B631-B401880A2CFD}
		{DBEECCAA-283B-45C9-B631-B401880A2CFD} = {DBEECCAA-283B-45C9-B631-B401880A2CFD}
		{1EDBA690-D2C2-4E03-9B27-9EB19D12DDCC} = {1EDBA690-D2C2-4E03-9B27-9EB19D12DDCC}
	EndProjectSection
EndProject
Project("{8BC9CEB8-8B4A-11D0-8D11-00A0C91BC942}") = "UnitTest_MultiList", "UnitTests\UnitTest_MultiList\UnitTest_MultiList.vcproj", "{39DB46F1-4463-4221-8ACF-24E3EF54DC62}"
	ProjectSection(ProjectDependencies) = postProject
		{1EDBA690-D2C2-4E03-9B27-9EB19D12DDCC} = {1EDBA690-D2C2-4E03-9B27-9EB19D12DDCC}
		{DBEECCAA-283B-45C9-B631-B401880A2CFD} = {DBEECCAA-283B-45C9-B631-B401880A2CFD}
		{DBEECCAA-283B-45C9-B631-B401880A2CFD} = {DBEECCAA-283B-45C9-B631-B401880A2CFD}
		{1EDBA690-D2C2-4E03-9B27-9EB19D12DDCC} = {1EDBA690-D2C2-4E03-9B27-9EB19D12DDCC}
	EndProjectSection
EndProject
Project("{8BC9CEB8-8B4A-11D0-8D11-00A0C91BC942}") = "UnitTest_RTTLayer", "UnitTests\UnitTest_RTTLayer\UnitTest_RTTLayer.vcproj", "{9BAEDA76-AFA7-4F27-9428-A8E64C34084E}"
	ProjectSection(ProjectDependencies) = postProject
		{1EDBA690-D2C2-4E03-9B27-9EB19D12DDCC} = {1EDBA690-D2C2-4E03-9B27-9EB19D12DDCC}
		{DBEECCAA-283B-45C9-B631-B401880A2CFD} = {DBEECCAA-283B-45C9-B631-B401880A2CFD}
		{DBEECCAA-283B-45C9-B631-B401880A2CFD} = {DBEECCAA-283B-45C9-B631-B401880A2CFD}
		{1EDBA690-D2C2-4E03-9B27-9EB19D12DDCC} = {1EDBA690-D2C2-4E03-9B27-9EB19D12DDCC}
	EndProjectSection
EndProject
Project("{8BC9CEB8-8B4A-11D0-8D11-00A0C91BC942}") = "UnitTest_TextureAnimations", "UnitTests\UnitTest_TextureAnimations\UnitTest_TextureAnimations.vcproj", "{8879EB85-1105-46C1-B047-DD0B30BA2684}"
	ProjectSection(ProjectDependencies) = postProject
		{1EDBA690-D2C2-4E03-9B27-9EB19D12DDCC} = {1EDBA690-D2C2-4E03-9B27-9EB19D12DDCC}
		{DBEECCAA-283B-45C9-B631-B401880A2CFD} = {DBEECCAA-283B-45C9-B631-B401880A2CFD}
		{DBEECCAA-283B-45C9-B631-B401880A2CFD} = {DBEECCAA-283B-45C9-B631-B401880A2CFD}
		{1EDBA690-D2C2-4E03-9B27-9EB19D12DDCC} = {1EDBA690-D2C2-4E03-9B27-9EB19D12DDCC}
	EndProjectSection
EndProject
Project("{8BC9CEB8-8B4A-11D0-8D11-00A0C91BC942}") = "UnitTest_TreeControl", "UnitTests\UnitTest_TreeControl\UnitTest_TreeControl.vcproj", "{5F960A4E-51E3-43A7-8E2F-35414AC1A988}"
	ProjectSection(ProjectDependencies) = postProject
		{1EDBA690-D2C2-4E03-9B27-9EB19D12DDCC} = {1EDBA690-D2C2-4E03-9B27-9EB19D12DDCC}
		{DBEECCAA-283B-45C9-B631-B401880A2CFD} = {DBEECCAA-283B-45C9-B631-B401880A2CFD}
		{DBEECCAA-283B-45C9-B631-B401880A2CFD} = {DBEECCAA-283B-45C9-B631-B401880A2CFD}
		{1EDBA690-D2C2-4E03-9B27-9EB19D12DDCC} = {1EDBA690-D2C2-4E03-9B27-9EB19D12DDCC}
	EndProjectSection
EndProject
Global
	GlobalSection(SolutionConfigurationPlatforms) = preSolution
		Debug|Win32 = Debug|Win32
		Release|Win32 = Release|Win32
		MinSizeRel|Win32 = MinSizeRel|Win32
		RelWithDebInfo|Win32 = RelWithDebInfo|Win32
	EndGlobalSection
	GlobalSection(ProjectConfigurationPlatforms) = postSolution
		{78AFCDA1-A838-463E-8F34-B586CD406763}.Debug|Win32.ActiveCfg = Debug|Win32
		{78AFCDA1-A838-463E-8F34-B586CD406763}.Debug|Win32.Build.0 = Debug|Win32
		{78AFCDA1-A838-463E-8F34-B586CD406763}.Release|Win32.ActiveCfg = Release|Win32
		{78AFCDA1-A838-463E-8F34-B586CD406763}.Release|Win32.Build.0 = Release|Win32
		{78AFCDA1-A838-463E-8F34-B586CD406763}.MinSizeRel|Win32.ActiveCfg = MinSizeRel|Win32
		{78AFCDA1-A838-463E-8F34-B586CD406763}.MinSizeRel|Win32.Build.0 = MinSizeRel|Win32
		{78AFCDA1-A838-463E-8F34-B586CD406763}.RelWithDebInfo|Win32.ActiveCfg = RelWithDebInfo|Win32
		{78AFCDA1-A838-463E-8F34-B586CD406763}.RelWithDebInfo|Win32.Build.0 = RelWithDebInfo|Win32
		{78AFCDA1-A838-463E-8F34-B586CD406763}.Debug|Win32.ActiveCfg = Debug|Win32
		{78AFCDA1-A838-463E-8F34-B586CD406763}.Debug|Win32.Build.0 = Debug|Win32
		{78AFCDA1-A838-463E-8F34-B586CD406763}.Release|Win32.ActiveCfg = Release|Win32
		{78AFCDA1-A838-463E-8F34-B586CD406763}.Release|Win32.Build.0 = Release|Win32
		{78AFCDA1-A838-463E-8F34-B586CD406763}.MinSizeRel|Win32.ActiveCfg = MinSizeRel|Win32
		{78AFCDA1-A838-463E-8F34-B586CD406763}.MinSizeRel|Win32.Build.0 = MinSizeRel|Win32
		{78AFCDA1-A838-463E-8F34-B586CD406763}.RelWithDebInfo|Win32.ActiveCfg = RelWithDebInfo|Win32
		{78AFCDA1-A838-463E-8F34-B586CD406763}.RelWithDebInfo|Win32.Build.0 = RelWithDebInfo|Win32
		{2A12E9B2-249A-4419-BFA9-36B31155E4EA}.Debug|Win32.ActiveCfg = Debug|Win32
		{2A12E9B2-249A-4419-BFA9-36B31155E4EA}.Debug|Win32.Build.0 = Debug|Win32
		{2A12E9B2-249A-4419-BFA9-36B31155E4EA}.Release|Win32.ActiveCfg = Release|Win32
		{2A12E9B2-249A-4419-BFA9-36B31155E4EA}.Release|Win32.Build.0 = Release|Win32
		{2A12E9B2-249A-4419-BFA9-36B31155E4EA}.MinSizeRel|Win32.ActiveCfg = MinSizeRel|Win32
		{2A12E9B2-249A-4419-BFA9-36B31155E4EA}.MinSizeRel|Win32.Build.0 = MinSizeRel|Win32
		{2A12E9B2-249A-4419-BFA9-36B31155E4EA}.RelWithDebInfo|Win32.ActiveCfg = RelWithDebInfo|Win32
		{2A12E9B2-249A-4419-BFA9-36B31155E4EA}.RelWithDebInfo|Win32.Build.0 = RelWithDebInfo|Win32
		{B42BFAB3-78B0-4076-AA76-EA72EBDE30B9}.Debug|Win32.ActiveCfg = Debug|Win32
		{B42BFAB3-78B0-4076-AA76-EA72EBDE30B9}.Debug|Win32.Build.0 = Debug|Win32
		{B42BFAB3-78B0-4076-AA76-EA72EBDE30B9}.Release|Win32.ActiveCfg = Release|Win32
		{B42BFAB3-78B0-4076-AA76-EA72EBDE30B9}.Release|Win32.Build.0 = Release|Win32
		{B42BFAB3-78B0-4076-AA76-EA72EBDE30B9}.MinSizeRel|Win32.ActiveCfg = MinSizeRel|Win32
		{B42BFAB3-78B0-4076-AA76-EA72EBDE30B9}.MinSizeRel|Win32.Build.0 = MinSizeRel|Win32
		{B42BFAB3-78B0-4076-AA76-EA72EBDE30B9}.RelWithDebInfo|Win32.ActiveCfg = RelWithDebInfo|Win32
		{B42BFAB3-78B0-4076-AA76-EA72EBDE30B9}.RelWithDebInfo|Win32.Build.0 = RelWithDebInfo|Win32
		{801817E9-934E-40CB-A3F2-6666C9CC66B7}.Debug|Win32.ActiveCfg = Debug|Win32
		{801817E9-934E-40CB-A3F2-6666C9CC66B7}.Debug|Win32.Build.0 = Debug|Win32
		{801817E9-934E-40CB-A3F2-6666C9CC66B7}.Release|Win32.ActiveCfg = Release|Win32
		{801817E9-934E-40CB-A3F2-6666C9CC66B7}.Release|Win32.Build.0 = Release|Win32
		{801817E9-934E-40CB-A3F2-6666C9CC66B7}.MinSizeRel|Win32.ActiveCfg = MinSizeRel|Win32
		{801817E9-934E-40CB-A3F2-6666C9CC66B7}.MinSizeRel|Win32.Build.0 = MinSizeRel|Win32
		{801817E9-934E-40CB-A3F2-6666C9CC66B7}.RelWithDebInfo|Win32.ActiveCfg = RelWithDebInfo|Win32
		{801817E9-934E-40CB-A3F2-6666C9CC66B7}.RelWithDebInfo|Win32.Build.0 = RelWithDebInfo|Win32
		{05AE540D-8F80-47A9-A3CC-36B24CBFA9F6}.Debug|Win32.ActiveCfg = Debug|Win32
		{05AE540D-8F80-47A9-A3CC-36B24CBFA9F6}.Debug|Win32.Build.0 = Debug|Win32
		{05AE540D-8F80-47A9-A3CC-36B24CBFA9F6}.Release|Win32.ActiveCfg = Release|Win32
		{05AE540D-8F80-47A9-A3CC-36B24CBFA9F6}.Release|Win32.Build.0 = Release|Win32
		{05AE540D-8F80-47A9-A3CC-36B24CBFA9F6}.MinSizeRel|Win32.ActiveCfg = MinSizeRel|Win32
		{05AE540D-8F80-47A9-A3CC-36B24CBFA9F6}.MinSizeRel|Win32.Build.0 = MinSizeRel|Win32
		{05AE540D-8F80-47A9-A3CC-36B24CBFA9F6}.RelWithDebInfo|Win32.ActiveCfg = RelWithDebInfo|Win32
		{05AE540D-8F80-47A9-A3CC-36B24CBFA9F6}.RelWithDebInfo|Win32.Build.0 = RelWithDebInfo|Win32
		{C2E47747-F55A-4C0A-95BE-DEF32947D425}.Debug|Win32.ActiveCfg = Debug|Win32
		{C2E47747-F55A-4C0A-95BE-DEF32947D425}.Debug|Win32.Build.0 = Debug|Win32
		{C2E47747-F55A-4C0A-95BE-DEF32947D425}.Release|Win32.ActiveCfg = Release|Win32
		{C2E47747-F55A-4C0A-95BE-DEF32947D425}.Release|Win32.Build.0 = Release|Win32
		{C2E47747-F55A-4C0A-95BE-DEF32947D425}.MinSizeRel|Win32.ActiveCfg = MinSizeRel|Win32
		{C2E47747-F55A-4C0A-95BE-DEF32947D425}.MinSizeRel|Win32.Build.0 = MinSizeRel|Win32
		{C2E47747-F55A-4C0A-95BE-DEF32947D425}.RelWithDebInfo|Win32.ActiveCfg = RelWithDebInfo|Win32
		{C2E47747-F55A-4C0A-95BE-DEF32947D425}.RelWithDebInfo|Win32.Build.0 = RelWithDebInfo|Win32
		{37159134-8820-4633-BA22-AFC64386DCF5}.Debug|Win32.ActiveCfg = Debug|Win32
		{37159134-8820-4633-BA22-AFC64386DCF5}.Debug|Win32.Build.0 = Debug|Win32
		{37159134-8820-4633-BA22-AFC64386DCF5}.Release|Win32.ActiveCfg = Release|Win32
		{37159134-8820-4633-BA22-AFC64386DCF5}.Release|Win32.Build.0 = Release|Win32
		{37159134-8820-4633-BA22-AFC64386DCF5}.MinSizeRel|Win32.ActiveCfg = MinSizeRel|Win32
		{37159134-8820-4633-BA22-AFC64386DCF5}.MinSizeRel|Win32.Build.0 = MinSizeRel|Win32
		{37159134-8820-4633-BA22-AFC64386DCF5}.RelWithDebInfo|Win32.ActiveCfg = RelWithDebInfo|Win32
		{37159134-8820-4633-BA22-AFC64386DCF5}.RelWithDebInfo|Win32.Build.0 = RelWithDebInfo|Win32
		{92B2AD7F-358B-44E1-8CBC-7AEA56C46DA5}.Debug|Win32.ActiveCfg = Debug|Win32
		{92B2AD7F-358B-44E1-8CBC-7AEA56C46DA5}.Debug|Win32.Build.0 = Debug|Win32
		{92B2AD7F-358B-44E1-8CBC-7AEA56C46DA5}.Release|Win32.ActiveCfg = Release|Win32
		{92B2AD7F-358B-44E1-8CBC-7AEA56C46DA5}.Release|Win32.Build.0 = Release|Win32
		{92B2AD7F-358B-44E1-8CBC-7AEA56C46DA5}.MinSizeRel|Win32.ActiveCfg = MinSizeRel|Win32
		{92B2AD7F-358B-44E1-8CBC-7AEA56C46DA5}.MinSizeRel|Win32.Build.0 = MinSizeRel|Win32
		{92B2AD7F-358B-44E1-8CBC-7AEA56C46DA5}.RelWithDebInfo|Win32.ActiveCfg = RelWithDebInfo|Win32
		{92B2AD7F-358B-44E1-8CBC-7AEA56C46DA5}.RelWithDebInfo|Win32.Build.0 = RelWithDebInfo|Win32
		{D7489DD2-2347-4C93-A13F-98275AD27294}.Debug|Win32.ActiveCfg = Debug|Win32
		{D7489DD2-2347-4C93-A13F-98275AD27294}.Debug|Win32.Build.0 = Debug|Win32
		{D7489DD2-2347-4C93-A13F-98275AD27294}.Release|Win32.ActiveCfg = Release|Win32
		{D7489DD2-2347-4C93-A13F-98275AD27294}.Release|Win32.Build.0 = Release|Win32
		{D7489DD2-2347-4C93-A13F-98275AD27294}.MinSizeRel|Win32.ActiveCfg = MinSizeRel|Win32
		{D7489DD2-2347-4C93-A13F-98275AD27294}.MinSizeRel|Win32.Build.0 = MinSizeRel|Win32
		{D7489DD2-2347-4C93-A13F-98275AD27294}.RelWithDebInfo|Win32.ActiveCfg = RelWithDebInfo|Win32
		{D7489DD2-2347-4C93-A13F-98275AD27294}.RelWithDebInfo|Win32.Build.0 = RelWithDebInfo|Win32
		{4E21A34B-1F0B-41A6-89A2-77BAFEBCC434}.Debug|Win32.ActiveCfg = Debug|Win32
		{4E21A34B-1F0B-41A6-89A2-77BAFEBCC434}.Debug|Win32.Build.0 = Debug|Win32
		{4E21A34B-1F0B-41A6-89A2-77BAFEBCC434}.Release|Win32.ActiveCfg = Release|Win32
		{4E21A34B-1F0B-41A6-89A2-77BAFEBCC434}.Release|Win32.Build.0 = Release|Win32
		{4E21A34B-1F0B-41A6-89A2-77BAFEBCC434}.MinSizeRel|Win32.ActiveCfg = MinSizeRel|Win32
		{4E21A34B-1F0B-41A6-89A2-77BAFEBCC434}.MinSizeRel|Win32.Build.0 = MinSizeRel|Win32
		{4E21A34B-1F0B-41A6-89A2-77BAFEBCC434}.RelWithDebInfo|Win32.ActiveCfg = RelWithDebInfo|Win32
		{4E21A34B-1F0B-41A6-89A2-77BAFEBCC434}.RelWithDebInfo|Win32.Build.0 = RelWithDebInfo|Win32
		{C3C95864-C894-468C-B025-97739A99780A}.Debug|Win32.ActiveCfg = Debug|Win32
		{C3C95864-C894-468C-B025-97739A99780A}.Debug|Win32.Build.0 = Debug|Win32
		{C3C95864-C894-468C-B025-97739A99780A}.Release|Win32.ActiveCfg = Release|Win32
		{C3C95864-C894-468C-B025-97739A99780A}.Release|Win32.Build.0 = Release|Win32
		{C3C95864-C894-468C-B025-97739A99780A}.MinSizeRel|Win32.ActiveCfg = MinSizeRel|Win32
		{C3C95864-C894-468C-B025-97739A99780A}.MinSizeRel|Win32.Build.0 = MinSizeRel|Win32
		{C3C95864-C894-468C-B025-97739A99780A}.RelWithDebInfo|Win32.ActiveCfg = RelWithDebInfo|Win32
		{C3C95864-C894-468C-B025-97739A99780A}.RelWithDebInfo|Win32.Build.0 = RelWithDebInfo|Win32
		{86F7BBF9-8CB6-4DDC-BF84-11C8CCBFC214}.Debug|Win32.ActiveCfg = Debug|Win32
		{86F7BBF9-8CB6-4DDC-BF84-11C8CCBFC214}.Debug|Win32.Build.0 = Debug|Win32
		{86F7BBF9-8CB6-4DDC-BF84-11C8CCBFC214}.Release|Win32.ActiveCfg = Release|Win32
		{86F7BBF9-8CB6-4DDC-BF84-11C8CCBFC214}.Release|Win32.Build.0 = Release|Win32
		{86F7BBF9-8CB6-4DDC-BF84-11C8CCBFC214}.MinSizeRel|Win32.ActiveCfg = MinSizeRel|Win32
		{86F7BBF9-8CB6-4DDC-BF84-11C8CCBFC214}.MinSizeRel|Win32.Build.0 = MinSizeRel|Win32
		{86F7BBF9-8CB6-4DDC-BF84-11C8CCBFC214}.RelWithDebInfo|Win32.ActiveCfg = RelWithDebInfo|Win32
		{86F7BBF9-8CB6-4DDC-BF84-11C8CCBFC214}.RelWithDebInfo|Win32.Build.0 = RelWithDebInfo|Win32
		{CF7F8379-7984-4F08-96A2-ACB1D5306BDF}.Debug|Win32.ActiveCfg = Debug|Win32
		{CF7F8379-7984-4F08-96A2-ACB1D5306BDF}.Debug|Win32.Build.0 = Debug|Win32
		{CF7F8379-7984-4F08-96A2-ACB1D5306BDF}.Release|Win32.ActiveCfg = Release|Win32
		{CF7F8379-7984-4F08-96A2-ACB1D5306BDF}.Release|Win32.Build.0 = Release|Win32
		{CF7F8379-7984-4F08-96A2-ACB1D5306BDF}.MinSizeRel|Win32.ActiveCfg = MinSizeRel|Win32
		{CF7F8379-7984-4F08-96A2-ACB1D5306BDF}.MinSizeRel|Win32.Build.0 = MinSizeRel|Win32
		{CF7F8379-7984-4F08-96A2-ACB1D5306BDF}.RelWithDebInfo|Win32.ActiveCfg = RelWithDebInfo|Win32
		{CF7F8379-7984-4F08-96A2-ACB1D5306BDF}.RelWithDebInfo|Win32.Build.0 = RelWithDebInfo|Win32
		{8F9EEB1B-E11D-41D1-8182-20E00A9667C8}.Debug|Win32.ActiveCfg = Debug|Win32
		{8F9EEB1B-E11D-41D1-8182-20E00A9667C8}.Debug|Win32.Build.0 = Debug|Win32
		{8F9EEB1B-E11D-41D1-8182-20E00A9667C8}.Release|Win32.ActiveCfg = Release|Win32
		{8F9EEB1B-E11D-41D1-8182-20E00A9667C8}.Release|Win32.Build.0 = Release|Win32
		{8F9EEB1B-E11D-41D1-8182-20E00A9667C8}.MinSizeRel|Win32.ActiveCfg = MinSizeRel|Win32
		{8F9EEB1B-E11D-41D1-8182-20E00A9667C8}.MinSizeRel|Win32.Build.0 = MinSizeRel|Win32
		{8F9EEB1B-E11D-41D1-8182-20E00A9667C8}.RelWithDebInfo|Win32.ActiveCfg = RelWithDebInfo|Win32
		{8F9EEB1B-E11D-41D1-8182-20E00A9667C8}.RelWithDebInfo|Win32.Build.0 = RelWithDebInfo|Win32
		{9418FCDF-A751-485F-8E94-A288F9FF43B6}.Debug|Win32.ActiveCfg = Debug|Win32
		{9418FCDF-A751-485F-8E94-A288F9FF43B6}.Release|Win32.ActiveCfg = Release|Win32
		{9418FCDF-A751-485F-8E94-A288F9FF43B6}.MinSizeRel|Win32.ActiveCfg = MinSizeRel|Win32
		{9418FCDF-A751-485F-8E94-A288F9FF43B6}.RelWithDebInfo|Win32.ActiveCfg = RelWithDebInfo|Win32
		{9418FCDF-A751-485F-8E94-A288F9FF43B6}.Debug|Win32.ActiveCfg = Debug|Win32
		{9418FCDF-A751-485F-8E94-A288F9FF43B6}.Release|Win32.ActiveCfg = Release|Win32
		{9418FCDF-A751-485F-8E94-A288F9FF43B6}.MinSizeRel|Win32.ActiveCfg = MinSizeRel|Win32
		{9418FCDF-A751-485F-8E94-A288F9FF43B6}.RelWithDebInfo|Win32.ActiveCfg = RelWithDebInfo|Win32
		{9418FCDF-A751-485F-8E94-A288F9FF43B6}.Debug|Win32.ActiveCfg = Debug|Win32
		{9418FCDF-A751-485F-8E94-A288F9FF43B6}.Release|Win32.ActiveCfg = Release|Win32
		{9418FCDF-A751-485F-8E94-A288F9FF43B6}.MinSizeRel|Win32.ActiveCfg = MinSizeRel|Win32
		{9418FCDF-A751-485F-8E94-A288F9FF43B6}.RelWithDebInfo|Win32.ActiveCfg = RelWithDebInfo|Win32
		{9418FCDF-A751-485F-8E94-A288F9FF43B6}.Debug|Win32.ActiveCfg = Debug|Win32
		{9418FCDF-A751-485F-8E94-A288F9FF43B6}.Release|Win32.ActiveCfg = Release|Win32
		{9418FCDF-A751-485F-8E94-A288F9FF43B6}.MinSizeRel|Win32.ActiveCfg = MinSizeRel|Win32
		{9418FCDF-A751-485F-8E94-A288F9FF43B6}.RelWithDebInfo|Win32.ActiveCfg = RelWithDebInfo|Win32
		{9418FCDF-A751-485F-8E94-A288F9FF43B6}.Debug|Win32.ActiveCfg = Debug|Win32
		{9418FCDF-A751-485F-8E94-A288F9FF43B6}.Release|Win32.ActiveCfg = Release|Win32
		{9418FCDF-A751-485F-8E94-A288F9FF43B6}.MinSizeRel|Win32.ActiveCfg = MinSizeRel|Win32
		{9418FCDF-A751-485F-8E94-A288F9FF43B6}.RelWithDebInfo|Win32.ActiveCfg = RelWithDebInfo|Win32
		{9418FCDF-A751-485F-8E94-A288F9FF43B6}.Debug|Win32.ActiveCfg = Debug|Win32
		{9418FCDF-A751-485F-8E94-A288F9FF43B6}.Release|Win32.ActiveCfg = Release|Win32
		{9418FCDF-A751-485F-8E94-A288F9FF43B6}.MinSizeRel|Win32.ActiveCfg = MinSizeRel|Win32
		{9418FCDF-A751-485F-8E94-A288F9FF43B6}.RelWithDebInfo|Win32.ActiveCfg = RelWithDebInfo|Win32
		{9418FCDF-A751-485F-8E94-A288F9FF43B6}.Debug|Win32.ActiveCfg = Debug|Win32
		{9418FCDF-A751-485F-8E94-A288F9FF43B6}.Release|Win32.ActiveCfg = Release|Win32
		{9418FCDF-A751-485F-8E94-A288F9FF43B6}.MinSizeRel|Win32.ActiveCfg = MinSizeRel|Win32
		{9418FCDF-A751-485F-8E94-A288F9FF43B6}.RelWithDebInfo|Win32.ActiveCfg = RelWithDebInfo|Win32
		{9418FCDF-A751-485F-8E94-A288F9FF43B6}.Debug|Win32.ActiveCfg = Debug|Win32
		{9418FCDF-A751-485F-8E94-A288F9FF43B6}.Release|Win32.ActiveCfg = Release|Win32
		{9418FCDF-A751-485F-8E94-A288F9FF43B6}.MinSizeRel|Win32.ActiveCfg = MinSizeRel|Win32
		{9418FCDF-A751-485F-8E94-A288F9FF43B6}.RelWithDebInfo|Win32.ActiveCfg = RelWithDebInfo|Win32
		{9418FCDF-A751-485F-8E94-A288F9FF43B6}.Debug|Win32.ActiveCfg = Debug|Win32
		{9418FCDF-A751-485F-8E94-A288F9FF43B6}.Release|Win32.ActiveCfg = Release|Win32
		{9418FCDF-A751-485F-8E94-A288F9FF43B6}.MinSizeRel|Win32.ActiveCfg = MinSizeRel|Win32
		{9418FCDF-A751-485F-8E94-A288F9FF43B6}.RelWithDebInfo|Win32.ActiveCfg = RelWithDebInfo|Win32
		{9418FCDF-A751-485F-8E94-A288F9FF43B6}.Debug|Win32.ActiveCfg = Debug|Win32
		{9418FCDF-A751-485F-8E94-A288F9FF43B6}.Release|Win32.ActiveCfg = Release|Win32
		{9418FCDF-A751-485F-8E94-A288F9FF43B6}.MinSizeRel|Win32.ActiveCfg = MinSizeRel|Win32
		{9418FCDF-A751-485F-8E94-A288F9FF43B6}.RelWithDebInfo|Win32.ActiveCfg = RelWithDebInfo|Win32
		{9418FCDF-A751-485F-8E94-A288F9FF43B6}.Debug|Win32.ActiveCfg = Debug|Win32
		{9418FCDF-A751-485F-8E94-A288F9FF43B6}.Release|Win32.ActiveCfg = Release|Win32
		{9418FCDF-A751-485F-8E94-A288F9FF43B6}.MinSizeRel|Win32.ActiveCfg = MinSizeRel|Win32
		{9418FCDF-A751-485F-8E94-A288F9FF43B6}.RelWithDebInfo|Win32.ActiveCfg = RelWithDebInfo|Win32
		{9418FCDF-A751-485F-8E94-A288F9FF43B6}.Debug|Win32.ActiveCfg = Debug|Win32
		{9418FCDF-A751-485F-8E94-A288F9FF43B6}.Release|Win32.ActiveCfg = Release|Win32
		{9418FCDF-A751-485F-8E94-A288F9FF43B6}.MinSizeRel|Win32.ActiveCfg = MinSizeRel|Win32
		{9418FCDF-A751-485F-8E94-A288F9FF43B6}.RelWithDebInfo|Win32.ActiveCfg = RelWithDebInfo|Win32
		{9418FCDF-A751-485F-8E94-A288F9FF43B6}.Debug|Win32.ActiveCfg = Debug|Win32
		{9418FCDF-A751-485F-8E94-A288F9FF43B6}.Release|Win32.ActiveCfg = Release|Win32
		{9418FCDF-A751-485F-8E94-A288F9FF43B6}.MinSizeRel|Win32.ActiveCfg = MinSizeRel|Win32
		{9418FCDF-A751-485F-8E94-A288F9FF43B6}.RelWithDebInfo|Win32.ActiveCfg = RelWithDebInfo|Win32
		{9418FCDF-A751-485F-8E94-A288F9FF43B6}.Debug|Win32.ActiveCfg = Debug|Win32
		{9418FCDF-A751-485F-8E94-A288F9FF43B6}.Release|Win32.ActiveCfg = Release|Win32
		{9418FCDF-A751-485F-8E94-A288F9FF43B6}.MinSizeRel|Win32.ActiveCfg = MinSizeRel|Win32
		{9418FCDF-A751-485F-8E94-A288F9FF43B6}.RelWithDebInfo|Win32.ActiveCfg = RelWithDebInfo|Win32
		{9418FCDF-A751-485F-8E94-A288F9FF43B6}.Debug|Win32.ActiveCfg = Debug|Win32
		{9418FCDF-A751-485F-8E94-A288F9FF43B6}.Release|Win32.ActiveCfg = Release|Win32
		{9418FCDF-A751-485F-8E94-A288F9FF43B6}.MinSizeRel|Win32.ActiveCfg = MinSizeRel|Win32
		{9418FCDF-A751-485F-8E94-A288F9FF43B6}.RelWithDebInfo|Win32.ActiveCfg = RelWithDebInfo|Win32
		{9418FCDF-A751-485F-8E94-A288F9FF43B6}.Debug|Win32.ActiveCfg = Debug|Win32
		{9418FCDF-A751-485F-8E94-A288F9FF43B6}.Release|Win32.ActiveCfg = Release|Win32
		{9418FCDF-A751-485F-8E94-A288F9FF43B6}.MinSizeRel|Win32.ActiveCfg = MinSizeRel|Win32
		{9418FCDF-A751-485F-8E94-A288F9FF43B6}.RelWithDebInfo|Win32.ActiveCfg = RelWithDebInfo|Win32
		{9418FCDF-A751-485F-8E94-A288F9FF43B6}.Debug|Win32.ActiveCfg = Debug|Win32
		{9418FCDF-A751-485F-8E94-A288F9FF43B6}.Release|Win32.ActiveCfg = Release|Win32
		{9418FCDF-A751-485F-8E94-A288F9FF43B6}.MinSizeRel|Win32.ActiveCfg = MinSizeRel|Win32
		{9418FCDF-A751-485F-8E94-A288F9FF43B6}.RelWithDebInfo|Win32.ActiveCfg = RelWithDebInfo|Win32
		{9418FCDF-A751-485F-8E94-A288F9FF43B6}.Debug|Win32.ActiveCfg = Debug|Win32
		{9418FCDF-A751-485F-8E94-A288F9FF43B6}.Release|Win32.ActiveCfg = Release|Win32
		{9418FCDF-A751-485F-8E94-A288F9FF43B6}.MinSizeRel|Win32.ActiveCfg = MinSizeRel|Win32
		{9418FCDF-A751-485F-8E94-A288F9FF43B6}.RelWithDebInfo|Win32.ActiveCfg = RelWithDebInfo|Win32
		{9418FCDF-A751-485F-8E94-A288F9FF43B6}.Debug|Win32.ActiveCfg = Debug|Win32
		{9418FCDF-A751-485F-8E94-A288F9FF43B6}.Release|Win32.ActiveCfg = Release|Win32
		{9418FCDF-A751-485F-8E94-A288F9FF43B6}.MinSizeRel|Win32.ActiveCfg = MinSizeRel|Win32
		{9418FCDF-A751-485F-8E94-A288F9FF43B6}.RelWithDebInfo|Win32.ActiveCfg = RelWithDebInfo|Win32
		{9418FCDF-A751-485F-8E94-A288F9FF43B6}.Debug|Win32.ActiveCfg = Debug|Win32
		{9418FCDF-A751-485F-8E94-A288F9FF43B6}.Release|Win32.ActiveCfg = Release|Win32
		{9418FCDF-A751-485F-8E94-A288F9FF43B6}.MinSizeRel|Win32.ActiveCfg = MinSizeRel|Win32
		{9418FCDF-A751-485F-8E94-A288F9FF43B6}.RelWithDebInfo|Win32.ActiveCfg = RelWithDebInfo|Win32
		{9418FCDF-A751-485F-8E94-A288F9FF43B6}.Debug|Win32.ActiveCfg = Debug|Win32
		{9418FCDF-A751-485F-8E94-A288F9FF43B6}.Release|Win32.ActiveCfg = Release|Win32
		{9418FCDF-A751-485F-8E94-A288F9FF43B6}.MinSizeRel|Win32.ActiveCfg = MinSizeRel|Win32
		{9418FCDF-A751-485F-8E94-A288F9FF43B6}.RelWithDebInfo|Win32.ActiveCfg = RelWithDebInfo|Win32
		{9418FCDF-A751-485F-8E94-A288F9FF43B6}.Debug|Win32.ActiveCfg = Debug|Win32
		{9418FCDF-A751-485F-8E94-A288F9FF43B6}.Release|Win32.ActiveCfg = Release|Win32
		{9418FCDF-A751-485F-8E94-A288F9FF43B6}.MinSizeRel|Win32.ActiveCfg = MinSizeRel|Win32
		{9418FCDF-A751-485F-8E94-A288F9FF43B6}.RelWithDebInfo|Win32.ActiveCfg = RelWithDebInfo|Win32
		{9418FCDF-A751-485F-8E94-A288F9FF43B6}.Debug|Win32.ActiveCfg = Debug|Win32
		{9418FCDF-A751-485F-8E94-A288F9FF43B6}.Release|Win32.ActiveCfg = Release|Win32
		{9418FCDF-A751-485F-8E94-A288F9FF43B6}.MinSizeRel|Win32.ActiveCfg = MinSizeRel|Win32
		{9418FCDF-A751-485F-8E94-A288F9FF43B6}.RelWithDebInfo|Win32.ActiveCfg = RelWithDebInfo|Win32
		{9418FCDF-A751-485F-8E94-A288F9FF43B6}.Debug|Win32.ActiveCfg = Debug|Win32
		{9418FCDF-A751-485F-8E94-A288F9FF43B6}.Release|Win32.ActiveCfg = Release|Win32
		{9418FCDF-A751-485F-8E94-A288F9FF43B6}.MinSizeRel|Win32.ActiveCfg = MinSizeRel|Win32
		{9418FCDF-A751-485F-8E94-A288F9FF43B6}.RelWithDebInfo|Win32.ActiveCfg = RelWithDebInfo|Win32
		{9418FCDF-A751-485F-8E94-A288F9FF43B6}.Debug|Win32.ActiveCfg = Debug|Win32
		{9418FCDF-A751-485F-8E94-A288F9FF43B6}.Release|Win32.ActiveCfg = Release|Win32
		{9418FCDF-A751-485F-8E94-A288F9FF43B6}.MinSizeRel|Win32.ActiveCfg = MinSizeRel|Win32
		{9418FCDF-A751-485F-8E94-A288F9FF43B6}.RelWithDebInfo|Win32.ActiveCfg = RelWithDebInfo|Win32
		{9418FCDF-A751-485F-8E94-A288F9FF43B6}.Debug|Win32.ActiveCfg = Debug|Win32
		{9418FCDF-A751-485F-8E94-A288F9FF43B6}.Release|Win32.ActiveCfg = Release|Win32
		{9418FCDF-A751-485F-8E94-A288F9FF43B6}.MinSizeRel|Win32.ActiveCfg = MinSizeRel|Win32
		{9418FCDF-A751-485F-8E94-A288F9FF43B6}.RelWithDebInfo|Win32.ActiveCfg = RelWithDebInfo|Win32
		{9418FCDF-A751-485F-8E94-A288F9FF43B6}.Debug|Win32.ActiveCfg = Debug|Win32
		{9418FCDF-A751-485F-8E94-A288F9FF43B6}.Release|Win32.ActiveCfg = Release|Win32
		{9418FCDF-A751-485F-8E94-A288F9FF43B6}.MinSizeRel|Win32.ActiveCfg = MinSizeRel|Win32
		{9418FCDF-A751-485F-8E94-A288F9FF43B6}.RelWithDebInfo|Win32.ActiveCfg = RelWithDebInfo|Win32
		{9418FCDF-A751-485F-8E94-A288F9FF43B6}.Debug|Win32.ActiveCfg = Debug|Win32
		{9418FCDF-A751-485F-8E94-A288F9FF43B6}.Release|Win32.ActiveCfg = Release|Win32
		{9418FCDF-A751-485F-8E94-A288F9FF43B6}.MinSizeRel|Win32.ActiveCfg = MinSizeRel|Win32
		{9418FCDF-A751-485F-8E94-A288F9FF43B6}.RelWithDebInfo|Win32.ActiveCfg = RelWithDebInfo|Win32
		{9418FCDF-A751-485F-8E94-A288F9FF43B6}.Debug|Win32.ActiveCfg = Debug|Win32
		{9418FCDF-A751-485F-8E94-A288F9FF43B6}.Release|Win32.ActiveCfg = Release|Win32
		{9418FCDF-A751-485F-8E94-A288F9FF43B6}.MinSizeRel|Win32.ActiveCfg = MinSizeRel|Win32
		{9418FCDF-A751-485F-8E94-A288F9FF43B6}.RelWithDebInfo|Win32.ActiveCfg = RelWithDebInfo|Win32
		{9418FCDF-A751-485F-8E94-A288F9FF43B6}.Debug|Win32.ActiveCfg = Debug|Win32
		{9418FCDF-A751-485F-8E94-A288F9FF43B6}.Release|Win32.ActiveCfg = Release|Win32
		{9418FCDF-A751-485F-8E94-A288F9FF43B6}.MinSizeRel|Win32.ActiveCfg = MinSizeRel|Win32
		{9418FCDF-A751-485F-8E94-A288F9FF43B6}.RelWithDebInfo|Win32.ActiveCfg = RelWithDebInfo|Win32
		{9418FCDF-A751-485F-8E94-A288F9FF43B6}.Debug|Win32.ActiveCfg = Debug|Win32
		{9418FCDF-A751-485F-8E94-A288F9FF43B6}.Release|Win32.ActiveCfg = Release|Win32
		{9418FCDF-A751-485F-8E94-A288F9FF43B6}.MinSizeRel|Win32.ActiveCfg = MinSizeRel|Win32
		{9418FCDF-A751-485F-8E94-A288F9FF43B6}.RelWithDebInfo|Win32.ActiveCfg = RelWithDebInfo|Win32
		{9418FCDF-A751-485F-8E94-A288F9FF43B6}.Debug|Win32.ActiveCfg = Debug|Win32
		{9418FCDF-A751-485F-8E94-A288F9FF43B6}.Release|Win32.ActiveCfg = Release|Win32
		{9418FCDF-A751-485F-8E94-A288F9FF43B6}.MinSizeRel|Win32.ActiveCfg = MinSizeRel|Win32
		{9418FCDF-A751-485F-8E94-A288F9FF43B6}.RelWithDebInfo|Win32.ActiveCfg = RelWithDebInfo|Win32
		{9418FCDF-A751-485F-8E94-A288F9FF43B6}.Debug|Win32.ActiveCfg = Debug|Win32
		{9418FCDF-A751-485F-8E94-A288F9FF43B6}.Release|Win32.ActiveCfg = Release|Win32
		{9418FCDF-A751-485F-8E94-A288F9FF43B6}.MinSizeRel|Win32.ActiveCfg = MinSizeRel|Win32
		{9418FCDF-A751-485F-8E94-A288F9FF43B6}.RelWithDebInfo|Win32.ActiveCfg = RelWithDebInfo|Win32
		{C36CEBBC-B37C-4136-8207-68AE3969D034}.Debug|Win32.ActiveCfg = Debug|Win32
		{C36CEBBC-B37C-4136-8207-68AE3969D034}.Debug|Win32.Build.0 = Debug|Win32
		{C36CEBBC-B37C-4136-8207-68AE3969D034}.Release|Win32.ActiveCfg = Release|Win32
		{C36CEBBC-B37C-4136-8207-68AE3969D034}.Release|Win32.Build.0 = Release|Win32
		{C36CEBBC-B37C-4136-8207-68AE3969D034}.MinSizeRel|Win32.ActiveCfg = MinSizeRel|Win32
		{C36CEBBC-B37C-4136-8207-68AE3969D034}.MinSizeRel|Win32.Build.0 = MinSizeRel|Win32
		{C36CEBBC-B37C-4136-8207-68AE3969D034}.RelWithDebInfo|Win32.ActiveCfg = RelWithDebInfo|Win32
		{C36CEBBC-B37C-4136-8207-68AE3969D034}.RelWithDebInfo|Win32.Build.0 = RelWithDebInfo|Win32
		{53DB6635-34B9-46C2-97C1-D9EDCB8CBD1E}.Debug|Win32.ActiveCfg = Debug|Win32
		{53DB6635-34B9-46C2-97C1-D9EDCB8CBD1E}.Debug|Win32.Build.0 = Debug|Win32
		{53DB6635-34B9-46C2-97C1-D9EDCB8CBD1E}.Release|Win32.ActiveCfg = Release|Win32
		{53DB6635-34B9-46C2-97C1-D9EDCB8CBD1E}.Release|Win32.Build.0 = Release|Win32
		{53DB6635-34B9-46C2-97C1-D9EDCB8CBD1E}.MinSizeRel|Win32.ActiveCfg = MinSizeRel|Win32
		{53DB6635-34B9-46C2-97C1-D9EDCB8CBD1E}.MinSizeRel|Win32.Build.0 = MinSizeRel|Win32
		{53DB6635-34B9-46C2-97C1-D9EDCB8CBD1E}.RelWithDebInfo|Win32.ActiveCfg = RelWithDebInfo|Win32
		{53DB6635-34B9-46C2-97C1-D9EDCB8CBD1E}.RelWithDebInfo|Win32.Build.0 = RelWithDebInfo|Win32
		{DBEECCAA-283B-45C9-B631-B401880A2CFD}.Debug|Win32.ActiveCfg = Debug|Win32
		{DBEECCAA-283B-45C9-B631-B401880A2CFD}.Debug|Win32.Build.0 = Debug|Win32
		{DBEECCAA-283B-45C9-B631-B401880A2CFD}.Release|Win32.ActiveCfg = Release|Win32
		{DBEECCAA-283B-45C9-B631-B401880A2CFD}.Release|Win32.Build.0 = Release|Win32
		{DBEECCAA-283B-45C9-B631-B401880A2CFD}.MinSizeRel|Win32.ActiveCfg = MinSizeRel|Win32
		{DBEECCAA-283B-45C9-B631-B401880A2CFD}.MinSizeRel|Win32.Build.0 = MinSizeRel|Win32
		{DBEECCAA-283B-45C9-B631-B401880A2CFD}.RelWithDebInfo|Win32.ActiveCfg = RelWithDebInfo|Win32
		{DBEECCAA-283B-45C9-B631-B401880A2CFD}.RelWithDebInfo|Win32.Build.0 = RelWithDebInfo|Win32
		{1EDBA690-D2C2-4E03-9B27-9EB19D12DDCC}.Debug|Win32.ActiveCfg = Debug|Win32
		{1EDBA690-D2C2-4E03-9B27-9EB19D12DDCC}.Debug|Win32.Build.0 = Debug|Win32
		{1EDBA690-D2C2-4E03-9B27-9EB19D12DDCC}.Release|Win32.ActiveCfg = Release|Win32
		{1EDBA690-D2C2-4E03-9B27-9EB19D12DDCC}.Release|Win32.Build.0 = Release|Win32
		{1EDBA690-D2C2-4E03-9B27-9EB19D12DDCC}.MinSizeRel|Win32.ActiveCfg = MinSizeRel|Win32
		{1EDBA690-D2C2-4E03-9B27-9EB19D12DDCC}.MinSizeRel|Win32.Build.0 = MinSizeRel|Win32
		{1EDBA690-D2C2-4E03-9B27-9EB19D12DDCC}.RelWithDebInfo|Win32.ActiveCfg = RelWithDebInfo|Win32
		{1EDBA690-D2C2-4E03-9B27-9EB19D12DDCC}.RelWithDebInfo|Win32.Build.0 = RelWithDebInfo|Win32
		{09D6DD80-6E7D-405C-A524-90F5D8B218E5}.Debug|Win32.ActiveCfg = Debug|Win32
		{09D6DD80-6E7D-405C-A524-90F5D8B218E5}.Debug|Win32.Build.0 = Debug|Win32
		{09D6DD80-6E7D-405C-A524-90F5D8B218E5}.Release|Win32.ActiveCfg = Release|Win32
		{09D6DD80-6E7D-405C-A524-90F5D8B218E5}.Release|Win32.Build.0 = Release|Win32
		{09D6DD80-6E7D-405C-A524-90F5D8B218E5}.MinSizeRel|Win32.ActiveCfg = MinSizeRel|Win32
		{09D6DD80-6E7D-405C-A524-90F5D8B218E5}.MinSizeRel|Win32.Build.0 = MinSizeRel|Win32
		{09D6DD80-6E7D-405C-A524-90F5D8B218E5}.RelWithDebInfo|Win32.ActiveCfg = RelWithDebInfo|Win32
		{09D6DD80-6E7D-405C-A524-90F5D8B218E5}.RelWithDebInfo|Win32.Build.0 = RelWithDebInfo|Win32
		{CFD7DD0C-F16E-4A96-93DF-39F425F4EAB6}.Debug|Win32.ActiveCfg = Debug|Win32
		{CFD7DD0C-F16E-4A96-93DF-39F425F4EAB6}.Debug|Win32.Build.0 = Debug|Win32
		{CFD7DD0C-F16E-4A96-93DF-39F425F4EAB6}.Release|Win32.ActiveCfg = Release|Win32
		{CFD7DD0C-F16E-4A96-93DF-39F425F4EAB6}.Release|Win32.Build.0 = Release|Win32
		{CFD7DD0C-F16E-4A96-93DF-39F425F4EAB6}.MinSizeRel|Win32.ActiveCfg = MinSizeRel|Win32
		{CFD7DD0C-F16E-4A96-93DF-39F425F4EAB6}.MinSizeRel|Win32.Build.0 = MinSizeRel|Win32
		{CFD7DD0C-F16E-4A96-93DF-39F425F4EAB6}.RelWithDebInfo|Win32.ActiveCfg = RelWithDebInfo|Win32
		{CFD7DD0C-F16E-4A96-93DF-39F425F4EAB6}.RelWithDebInfo|Win32.Build.0 = RelWithDebInfo|Win32
		{0B93C621-030C-4BC0-9CCA-01FC703701FB}.Debug|Win32.ActiveCfg = Debug|Win32
		{0B93C621-030C-4BC0-9CCA-01FC703701FB}.Debug|Win32.Build.0 = Debug|Win32
		{0B93C621-030C-4BC0-9CCA-01FC703701FB}.Release|Win32.ActiveCfg = Release|Win32
		{0B93C621-030C-4BC0-9CCA-01FC703701FB}.Release|Win32.Build.0 = Release|Win32
		{0B93C621-030C-4BC0-9CCA-01FC703701FB}.MinSizeRel|Win32.ActiveCfg = MinSizeRel|Win32
		{0B93C621-030C-4BC0-9CCA-01FC703701FB}.MinSizeRel|Win32.Build.0 = MinSizeRel|Win32
		{0B93C621-030C-4BC0-9CCA-01FC703701FB}.RelWithDebInfo|Win32.ActiveCfg = RelWithDebInfo|Win32
		{0B93C621-030C-4BC0-9CCA-01FC703701FB}.RelWithDebInfo|Win32.Build.0 = RelWithDebInfo|Win32
		{5BF09925-9783-49E8-824A-526B52F22895}.Debug|Win32.ActiveCfg = Debug|Win32
		{5BF09925-9783-49E8-824A-526B52F22895}.Debug|Win32.Build.0 = Debug|Win32
		{5BF09925-9783-49E8-824A-526B52F22895}.Release|Win32.ActiveCfg = Release|Win32
		{5BF09925-9783-49E8-824A-526B52F22895}.Release|Win32.Build.0 = Release|Win32
		{5BF09925-9783-49E8-824A-526B52F22895}.MinSizeRel|Win32.ActiveCfg = MinSizeRel|Win32
		{5BF09925-9783-49E8-824A-526B52F22895}.MinSizeRel|Win32.Build.0 = MinSizeRel|Win32
		{5BF09925-9783-49E8-824A-526B52F22895}.RelWithDebInfo|Win32.ActiveCfg = RelWithDebInfo|Win32
		{5BF09925-9783-49E8-824A-526B52F22895}.RelWithDebInfo|Win32.Build.0 = RelWithDebInfo|Win32
		{64EBC803-1444-4864-A6FF-CF00E09E870B}.Debug|Win32.ActiveCfg = Debug|Win32
		{64EBC803-1444-4864-A6FF-CF00E09E870B}.Debug|Win32.Build.0 = Debug|Win32
		{64EBC803-1444-4864-A6FF-CF00E09E870B}.Release|Win32.ActiveCfg = Release|Win32
		{64EBC803-1444-4864-A6FF-CF00E09E870B}.Release|Win32.Build.0 = Release|Win32
		{64EBC803-1444-4864-A6FF-CF00E09E870B}.MinSizeRel|Win32.ActiveCfg = MinSizeRel|Win32
		{64EBC803-1444-4864-A6FF-CF00E09E870B}.MinSizeRel|Win32.Build.0 = MinSizeRel|Win32
		{64EBC803-1444-4864-A6FF-CF00E09E870B}.RelWithDebInfo|Win32.ActiveCfg = RelWithDebInfo|Win32
		{64EBC803-1444-4864-A6FF-CF00E09E870B}.RelWithDebInfo|Win32.Build.0 = RelWithDebInfo|Win32
		{39DB46F1-4463-4221-8ACF-24E3EF54DC62}.Debug|Win32.ActiveCfg = Debug|Win32
		{39DB46F1-4463-4221-8ACF-24E3EF54DC62}.Debug|Win32.Build.0 = Debug|Win32
		{39DB46F1-4463-4221-8ACF-24E3EF54DC62}.Release|Win32.ActiveCfg = Release|Win32
		{39DB46F1-4463-4221-8ACF-24E3EF54DC62}.Release|Win32.Build.0 = Release|Win32
		{39DB46F1-4463-4221-8ACF-24E3EF54DC62}.MinSizeRel|Win32.ActiveCfg = MinSizeRel|Win32
		{39DB46F1-4463-4221-8ACF-24E3EF54DC62}.MinSizeRel|Win32.Build.0 = MinSizeRel|Win32
		{39DB46F1-4463-4221-8ACF-24E3EF54DC62}.RelWithDebInfo|Win32.ActiveCfg = RelWithDebInfo|Win32
		{39DB46F1-4463-4221-8ACF-24E3EF54DC62}.RelWithDebInfo|Win32.Build.0 = RelWithDebInfo|Win32
		{9BAEDA76-AFA7-4F27-9428-A8E64C34084E}.Debug|Win32.ActiveCfg = Debug|Win32
		{9BAEDA76-AFA7-4F27-9428-A8E64C34084E}.Debug|Win32.Build.0 = Debug|Win32
		{9BAEDA76-AFA7-4F27-9428-A8E64C34084E}.Release|Win32.ActiveCfg = Release|Win32
		{9BAEDA76-AFA7-4F27-9428-A8E64C34084E}.Release|Win32.Build.0 = Release|Win32
		{9BAEDA76-AFA7-4F27-9428-A8E64C34084E}.MinSizeRel|Win32.ActiveCfg = MinSizeRel|Win32
		{9BAEDA76-AFA7-4F27-9428-A8E64C34084E}.MinSizeRel|Win32.Build.0 = MinSizeRel|Win32
		{9BAEDA76-AFA7-4F27-9428-A8E64C34084E}.RelWithDebInfo|Win32.ActiveCfg = RelWithDebInfo|Win32
		{9BAEDA76-AFA7-4F27-9428-A8E64C34084E}.RelWithDebInfo|Win32.Build.0 = RelWithDebInfo|Win32
		{8879EB85-1105-46C1-B047-DD0B30BA2684}.Debug|Win32.ActiveCfg = Debug|Win32
		{8879EB85-1105-46C1-B047-DD0B30BA2684}.Debug|Win32.Build.0 = Debug|Win32
		{8879EB85-1105-46C1-B047-DD0B30BA2684}.Release|Win32.ActiveCfg = Release|Win32
		{8879EB85-1105-46C1-B047-DD0B30BA2684}.Release|Win32.Build.0 = Release|Win32
		{8879EB85-1105-46C1-B047-DD0B30BA2684}.MinSizeRel|Win32.ActiveCfg = MinSizeRel|Win32
		{8879EB85-1105-46C1-B047-DD0B30BA2684}.MinSizeRel|Win32.Build.0 = MinSizeRel|Win32
		{8879EB85-1105-46C1-B047-DD0B30BA2684}.RelWithDebInfo|Win32.ActiveCfg = RelWithDebInfo|Win32
		{8879EB85-1105-46C1-B047-DD0B30BA2684}.RelWithDebInfo|Win32.Build.0 = RelWithDebInfo|Win32
		{5F960A4E-51E3-43A7-8E2F-35414AC1A988}.Debug|Win32.ActiveCfg = Debug|Win32
		{5F960A4E-51E3-43A7-8E2F-35414AC1A988}.Debug|Win32.Build.0 = Debug|Win32
		{5F960A4E-51E3-43A7-8E2F-35414AC1A988}.Release|Win32.ActiveCfg = Release|Win32
		{5F960A4E-51E3-43A7-8E2F-35414AC1A988}.Release|Win32.Build.0 = Release|Win32
		{5F960A4E-51E3-43A7-8E2F-35414AC1A988}.MinSizeRel|Win32.ActiveCfg = MinSizeRel|Win32
		{5F960A4E-51E3-43A7-8E2F-35414AC1A988}.MinSizeRel|Win32.Build.0 = MinSizeRel|Win32
		{5F960A4E-51E3-43A7-8E2F-35414AC1A988}.RelWithDebInfo|Win32.ActiveCfg = RelWithDebInfo|Win32
		{5F960A4E-51E3-43A7-8E2F-35414AC1A988}.RelWithDebInfo|Win32.Build.0 = RelWithDebInfo|Win32
	EndGlobalSection
	GlobalSection(ExtensibilityGlobals) = postSolution
	EndGlobalSection
	GlobalSection(ExtensibilityAddIns) = postSolution
	EndGlobalSection
EndGlobal
